// !$*UTF8*$!
{
	archiveVersion = 1;
	classes = {
	};
	objectVersion = 50;
	objects = {

/* Begin PBXBuildFile section */
		913FF2372097857B00193902 /* Prototype_SimpleExample.swift in Sources */ = {isa = PBXBuildFile; fileRef = 913FF2292097857B00193902 /* Prototype_SimpleExample.swift */; };
		913FF2382097857B00193902 /* AuthViewController.swift in Sources */ = {isa = PBXBuildFile; fileRef = 913FF22C2097857B00193902 /* AuthViewController.swift */; };
		913FF2392097857B00193902 /* AuthFactory.swift in Sources */ = {isa = PBXBuildFile; fileRef = 913FF22D2097857B00193902 /* AuthFactory.swift */; };
		913FF23A2097857B00193902 /* FactoryMethodTests_Real.swift in Sources */ = {isa = PBXBuildFile; fileRef = 913FF22E2097857B00193902 /* FactoryMethodTests_Real.swift */; };
		913FF23B2097857B00193902 /* StudentViews.swift in Sources */ = {isa = PBXBuildFile; fileRef = 913FF2302097857B00193902 /* StudentViews.swift */; };
		913FF23C2097857B00193902 /* AuthView.swift in Sources */ = {isa = PBXBuildFile; fileRef = 913FF2312097857B00193902 /* AuthView.swift */; };
		913FF23D2097857B00193902 /* TeacherViews.swift in Sources */ = {isa = PBXBuildFile; fileRef = 913FF2322097857B00193902 /* TeacherViews.swift */; };
		913FF23E2097857B00193902 /* ProjectorFactory.swift in Sources */ = {isa = PBXBuildFile; fileRef = 913FF2342097857B00193902 /* ProjectorFactory.swift */; };
		913FF23F2097857B00193902 /* Projector.swift in Sources */ = {isa = PBXBuildFile; fileRef = 913FF2352097857B00193902 /* Projector.swift */; };
		913FF2402097857B00193902 /* FactoryMethodTests_Simple.swift in Sources */ = {isa = PBXBuildFile; fileRef = 913FF2362097857B00193902 /* FactoryMethodTests_Simple.swift */; };
		913FF243209785D100193902 /* Singleton_SimpleExample.swift in Sources */ = {isa = PBXBuildFile; fileRef = 913FF242209785D100193902 /* Singleton_SimpleExample.swift */; };
		913FF246209C633300193902 /* AF_ClientCode.swift in Sources */ = {isa = PBXBuildFile; fileRef = 913FF245209C633300193902 /* AF_ClientCode.swift */; };
		913FF248209C635400193902 /* AF_Creators.swift in Sources */ = {isa = PBXBuildFile; fileRef = 913FF247209C635400193902 /* AF_Creators.swift */; };
		913FF24A209C64E400193902 /* AF_Products.swift in Sources */ = {isa = PBXBuildFile; fileRef = 913FF249209C64E400193902 /* AF_Products.swift */; };
/* End PBXBuildFile section */

/* Begin PBXFileReference section */
		9139FA8C2088D85F00229150 /* PatternsForRefactoringGuru.xctest */ = {isa = PBXFileReference; explicitFileType = wrapper.cfbundle; includeInIndex = 0; path = PatternsForRefactoringGuru.xctest; sourceTree = BUILT_PRODUCTS_DIR; };
		913FF2262097835E00193902 /* Info.plist */ = {isa = PBXFileReference; fileEncoding = 4; lastKnownFileType = text.plist.xml; path = Info.plist; sourceTree = "<group>"; };
		913FF2292097857B00193902 /* Prototype_SimpleExample.swift */ = {isa = PBXFileReference; fileEncoding = 4; lastKnownFileType = sourcecode.swift; path = Prototype_SimpleExample.swift; sourceTree = "<group>"; };
		913FF22C2097857B00193902 /* AuthViewController.swift */ = {isa = PBXFileReference; fileEncoding = 4; lastKnownFileType = sourcecode.swift; path = AuthViewController.swift; sourceTree = "<group>"; };
		913FF22D2097857B00193902 /* AuthFactory.swift */ = {isa = PBXFileReference; fileEncoding = 4; lastKnownFileType = sourcecode.swift; path = AuthFactory.swift; sourceTree = "<group>"; };
		913FF22E2097857B00193902 /* FactoryMethodTests_Real.swift */ = {isa = PBXFileReference; fileEncoding = 4; lastKnownFileType = sourcecode.swift; path = FactoryMethodTests_Real.swift; sourceTree = "<group>"; };
		913FF2302097857B00193902 /* StudentViews.swift */ = {isa = PBXFileReference; fileEncoding = 4; lastKnownFileType = sourcecode.swift; path = StudentViews.swift; sourceTree = "<group>"; };
		913FF2312097857B00193902 /* AuthView.swift */ = {isa = PBXFileReference; fileEncoding = 4; lastKnownFileType = sourcecode.swift; path = AuthView.swift; sourceTree = "<group>"; };
		913FF2322097857B00193902 /* TeacherViews.swift */ = {isa = PBXFileReference; fileEncoding = 4; lastKnownFileType = sourcecode.swift; path = TeacherViews.swift; sourceTree = "<group>"; };
		913FF2342097857B00193902 /* ProjectorFactory.swift */ = {isa = PBXFileReference; fileEncoding = 4; lastKnownFileType = sourcecode.swift; path = ProjectorFactory.swift; sourceTree = "<group>"; };
		913FF2352097857B00193902 /* Projector.swift */ = {isa = PBXFileReference; fileEncoding = 4; lastKnownFileType = sourcecode.swift; path = Projector.swift; sourceTree = "<group>"; };
		913FF2362097857B00193902 /* FactoryMethodTests_Simple.swift */ = {isa = PBXFileReference; fileEncoding = 4; lastKnownFileType = sourcecode.swift; path = FactoryMethodTests_Simple.swift; sourceTree = "<group>"; };
		913FF242209785D100193902 /* Singleton_SimpleExample.swift */ = {isa = PBXFileReference; fileEncoding = 4; lastKnownFileType = sourcecode.swift; path = Singleton_SimpleExample.swift; sourceTree = "<group>"; };
		913FF245209C633300193902 /* AF_ClientCode.swift */ = {isa = PBXFileReference; lastKnownFileType = sourcecode.swift; path = AF_ClientCode.swift; sourceTree = "<group>"; };
		913FF247209C635400193902 /* AF_Creators.swift */ = {isa = PBXFileReference; lastKnownFileType = sourcecode.swift; path = AF_Creators.swift; sourceTree = "<group>"; };
		913FF249209C64E400193902 /* AF_Products.swift */ = {isa = PBXFileReference; lastKnownFileType = sourcecode.swift; path = AF_Products.swift; sourceTree = "<group>"; };
/* End PBXFileReference section */

/* Begin PBXFrameworksBuildPhase section */
		9139FA892088D85F00229150 /* Frameworks */ = {
			isa = PBXFrameworksBuildPhase;
			buildActionMask = 2147483647;
			files = (
			);
			runOnlyForDeploymentPostprocessing = 0;
		};
/* End PBXFrameworksBuildPhase section */

/* Begin PBXGroup section */
		9139FA6F2088D85C00229150 = {
			isa = PBXGroup;
			children = (
				913FF2252097835E00193902 /* ProjectBundle */,
				9139FAA42088D8D700229150 /* Sources */,
				9139FA792088D85C00229150 /* Products */,
			);
			sourceTree = "<group>";
		};
		9139FA792088D85C00229150 /* Products */ = {
			isa = PBXGroup;
			children = (
				9139FA8C2088D85F00229150 /* PatternsForRefactoringGuru.xctest */,
			);
			name = Products;
			sourceTree = "<group>";
		};
		9139FAA42088D8D700229150 /* Sources */ = {
			isa = PBXGroup;
			children = (
				913FF244209C632700193902 /* AbstractFactory */,
				913FF241209785D100193902 /* Singleton */,
				913FF22A2097857B00193902 /* FactoryMethod */,
				913FF2282097857B00193902 /* Prototype */,
			);
			path = Sources;
			sourceTree = "<group>";
		};
		913FF2252097835E00193902 /* ProjectBundle */ = {
			isa = PBXGroup;
			children = (
				913FF2262097835E00193902 /* Info.plist */,
			);
			path = ProjectBundle;
			sourceTree = "<group>";
		};
		913FF2282097857B00193902 /* Prototype */ = {
			isa = PBXGroup;
			children = (
				913FF2292097857B00193902 /* Prototype_SimpleExample.swift */,
			);
			path = Prototype;
			sourceTree = "<group>";
		};
		913FF22A2097857B00193902 /* FactoryMethod */ = {
			isa = PBXGroup;
			children = (
				913FF22B2097857B00193902 /* RealWorldExample */,
				913FF2332097857B00193902 /* StructureExample */,
			);
			path = FactoryMethod;
			sourceTree = "<group>";
		};
		913FF22B2097857B00193902 /* RealWorldExample */ = {
			isa = PBXGroup;
			children = (
				913FF22C2097857B00193902 /* AuthViewController.swift */,
				913FF22D2097857B00193902 /* AuthFactory.swift */,
				913FF22E2097857B00193902 /* FactoryMethodTests_Real.swift */,
				913FF22F2097857B00193902 /* Views */,
			);
			path = RealWorldExample;
			sourceTree = "<group>";
		};
		913FF22F2097857B00193902 /* Views */ = {
			isa = PBXGroup;
			children = (
				913FF2302097857B00193902 /* StudentViews.swift */,
				913FF2312097857B00193902 /* AuthView.swift */,
				913FF2322097857B00193902 /* TeacherViews.swift */,
			);
			path = Views;
			sourceTree = "<group>";
		};
		913FF2332097857B00193902 /* StructureExample */ = {
			isa = PBXGroup;
			children = (
				913FF2342097857B00193902 /* ProjectorFactory.swift */,
				913FF2352097857B00193902 /* Projector.swift */,
				913FF2362097857B00193902 /* FactoryMethodTests_Simple.swift */,
			);
			path = StructureExample;
			sourceTree = "<group>";
		};
		913FF241209785D100193902 /* Singleton */ = {
			isa = PBXGroup;
			children = (
				913FF242209785D100193902 /* Singleton_SimpleExample.swift */,
			);
			path = Singleton;
			sourceTree = "<group>";
		};
		913FF244209C632700193902 /* AbstractFactory */ = {
			isa = PBXGroup;
			children = (
				913FF24B209C6A8F00193902 /* StructureExample */,
			);
			path = AbstractFactory;
			sourceTree = "<group>";
		};
		913FF24B209C6A8F00193902 /* StructureExample */ = {
			isa = PBXGroup;
			children = (
				913FF245209C633300193902 /* AF_ClientCode.swift */,
				913FF247209C635400193902 /* AF_Creators.swift */,
				913FF249209C64E400193902 /* AF_Products.swift */,
			);
			path = StructureExample;
			sourceTree = "<group>";
		};
/* End PBXGroup section */

/* Begin PBXNativeTarget section */
		9139FA8B2088D85F00229150 /* PatternsForRefactoringGuru */ = {
			isa = PBXNativeTarget;
			buildConfigurationList = 9139FA982088D85F00229150 /* Build configuration list for PBXNativeTarget "PatternsForRefactoringGuru" */;
			buildPhases = (
				9139FA882088D85F00229150 /* Sources */,
				9139FA892088D85F00229150 /* Frameworks */,
				9139FA8A2088D85F00229150 /* Resources */,
			);
			buildRules = (
			);
			dependencies = (
			);
			name = PatternsForRefactoringGuru;
			productName = PatternsTests;
			productReference = 9139FA8C2088D85F00229150 /* PatternsForRefactoringGuru.xctest */;
			productType = "com.apple.product-type.bundle.unit-test";
		};
/* End PBXNativeTarget section */

/* Begin PBXProject section */
		9139FA702088D85C00229150 /* Project object */ = {
			isa = PBXProject;
			attributes = {
				LastSwiftUpdateCheck = 0930;
				LastUpgradeCheck = 0930;
				ORGANIZATIONNAME = "Eremenko Maxim";
				TargetAttributes = {
					9139FA8B2088D85F00229150 = {
						CreatedOnToolsVersion = 9.3;
						TestTargetID = 9139FA772088D85C00229150;
					};
				};
			};
			buildConfigurationList = 9139FA732088D85C00229150 /* Build configuration list for PBXProject "PatternsForRefactoringGuru" */;
			compatibilityVersion = "Xcode 9.3";
			developmentRegion = en;
			hasScannedForEncodings = 0;
			knownRegions = (
				en,
				Base,
			);
			mainGroup = 9139FA6F2088D85C00229150;
			productRefGroup = 9139FA792088D85C00229150 /* Products */;
			projectDirPath = "";
			projectRoot = "";
			targets = (
				9139FA8B2088D85F00229150 /* PatternsForRefactoringGuru */,
			);
		};
/* End PBXProject section */

/* Begin PBXResourcesBuildPhase section */
		9139FA8A2088D85F00229150 /* Resources */ = {
			isa = PBXResourcesBuildPhase;
			buildActionMask = 2147483647;
			files = (
			);
			runOnlyForDeploymentPostprocessing = 0;
		};
/* End PBXResourcesBuildPhase section */

/* Begin PBXSourcesBuildPhase section */
		9139FA882088D85F00229150 /* Sources */ = {
			isa = PBXSourcesBuildPhase;
			buildActionMask = 2147483647;
			files = (
				913FF23B2097857B00193902 /* StudentViews.swift in Sources */,
				913FF2402097857B00193902 /* FactoryMethodTests_Simple.swift in Sources */,
				913FF246209C633300193902 /* AF_ClientCode.swift in Sources */,
				913FF23E2097857B00193902 /* ProjectorFactory.swift in Sources */,
				913FF23D2097857B00193902 /* TeacherViews.swift in Sources */,
				913FF2392097857B00193902 /* AuthFactory.swift in Sources */,
				913FF24A209C64E400193902 /* AF_Products.swift in Sources */,
				913FF23F2097857B00193902 /* Projector.swift in Sources */,
				913FF23C2097857B00193902 /* AuthView.swift in Sources */,
				913FF2382097857B00193902 /* AuthViewController.swift in Sources */,
				913FF243209785D100193902 /* Singleton_SimpleExample.swift in Sources */,
				913FF2372097857B00193902 /* Prototype_SimpleExample.swift in Sources */,
				913FF248209C635400193902 /* AF_Creators.swift in Sources */,
				913FF23A2097857B00193902 /* FactoryMethodTests_Real.swift in Sources */,
			);
			runOnlyForDeploymentPostprocessing = 0;
		};
/* End PBXSourcesBuildPhase section */

/* Begin XCBuildConfiguration section */
		9139FA932088D85F00229150 /* Debug */ = {
			isa = XCBuildConfiguration;
			buildSettings = {
				ALWAYS_SEARCH_USER_PATHS = NO;
				CLANG_ANALYZER_NONNULL = YES;
				CLANG_ANALYZER_NUMBER_OBJECT_CONVERSION = YES_AGGRESSIVE;
				CLANG_CXX_LANGUAGE_STANDARD = "gnu++14";
				CLANG_CXX_LIBRARY = "libc++";
				CLANG_ENABLE_MODULES = YES;
				CLANG_ENABLE_OBJC_ARC = YES;
				CLANG_ENABLE_OBJC_WEAK = YES;
				CLANG_WARN_BLOCK_CAPTURE_AUTORELEASING = YES;
				CLANG_WARN_BOOL_CONVERSION = YES;
				CLANG_WARN_COMMA = YES;
				CLANG_WARN_CONSTANT_CONVERSION = YES;
				CLANG_WARN_DEPRECATED_OBJC_IMPLEMENTATIONS = YES;
				CLANG_WARN_DIRECT_OBJC_ISA_USAGE = YES_ERROR;
				CLANG_WARN_DOCUMENTATION_COMMENTS = YES;
				CLANG_WARN_EMPTY_BODY = YES;
				CLANG_WARN_ENUM_CONVERSION = YES;
				CLANG_WARN_INFINITE_RECURSION = YES;
				CLANG_WARN_INT_CONVERSION = YES;
				CLANG_WARN_NON_LITERAL_NULL_CONVERSION = YES;
				CLANG_WARN_OBJC_IMPLICIT_RETAIN_SELF = YES;
				CLANG_WARN_OBJC_LITERAL_CONVERSION = YES;
				CLANG_WARN_OBJC_ROOT_CLASS = YES_ERROR;
				CLANG_WARN_RANGE_LOOP_ANALYSIS = YES;
				CLANG_WARN_STRICT_PROTOTYPES = YES;
				CLANG_WARN_SUSPICIOUS_MOVE = YES;
				CLANG_WARN_UNGUARDED_AVAILABILITY = YES_AGGRESSIVE;
				CLANG_WARN_UNREACHABLE_CODE = YES;
				CLANG_WARN__DUPLICATE_METHOD_MATCH = YES;
				CODE_SIGN_IDENTITY = "iPhone Developer";
				COPY_PHASE_STRIP = NO;
				DEBUG_INFORMATION_FORMAT = dwarf;
				ENABLE_STRICT_OBJC_MSGSEND = YES;
				ENABLE_TESTABILITY = YES;
				GCC_C_LANGUAGE_STANDARD = gnu11;
				GCC_DYNAMIC_NO_PIC = NO;
				GCC_NO_COMMON_BLOCKS = YES;
				GCC_OPTIMIZATION_LEVEL = 0;
				GCC_PREPROCESSOR_DEFINITIONS = (
					"DEBUG=1",
					"$(inherited)",
				);
				GCC_WARN_64_TO_32_BIT_CONVERSION = YES;
				GCC_WARN_ABOUT_RETURN_TYPE = YES_ERROR;
				GCC_WARN_UNDECLARED_SELECTOR = YES;
				GCC_WARN_UNINITIALIZED_AUTOS = YES_AGGRESSIVE;
				GCC_WARN_UNUSED_FUNCTION = YES;
				GCC_WARN_UNUSED_VARIABLE = YES;
				IPHONEOS_DEPLOYMENT_TARGET = 11.3;
				MTL_ENABLE_DEBUG_INFO = YES;
				ONLY_ACTIVE_ARCH = YES;
				SDKROOT = iphoneos;
				SWIFT_ACTIVE_COMPILATION_CONDITIONS = DEBUG;
				SWIFT_OPTIMIZATION_LEVEL = "-Onone";
			};
			name = Debug;
		};
		9139FA942088D85F00229150 /* Release */ = {
			isa = XCBuildConfiguration;
			buildSettings = {
				ALWAYS_SEARCH_USER_PATHS = NO;
				CLANG_ANALYZER_NONNULL = YES;
				CLANG_ANALYZER_NUMBER_OBJECT_CONVERSION = YES_AGGRESSIVE;
				CLANG_CXX_LANGUAGE_STANDARD = "gnu++14";
				CLANG_CXX_LIBRARY = "libc++";
				CLANG_ENABLE_MODULES = YES;
				CLANG_ENABLE_OBJC_ARC = YES;
				CLANG_ENABLE_OBJC_WEAK = YES;
				CLANG_WARN_BLOCK_CAPTURE_AUTORELEASING = YES;
				CLANG_WARN_BOOL_CONVERSION = YES;
				CLANG_WARN_COMMA = YES;
				CLANG_WARN_CONSTANT_CONVERSION = YES;
				CLANG_WARN_DEPRECATED_OBJC_IMPLEMENTATIONS = YES;
				CLANG_WARN_DIRECT_OBJC_ISA_USAGE = YES_ERROR;
				CLANG_WARN_DOCUMENTATION_COMMENTS = YES;
				CLANG_WARN_EMPTY_BODY = YES;
				CLANG_WARN_ENUM_CONVERSION = YES;
				CLANG_WARN_INFINITE_RECURSION = YES;
				CLANG_WARN_INT_CONVERSION = YES;
				CLANG_WARN_NON_LITERAL_NULL_CONVERSION = YES;
				CLANG_WARN_OBJC_IMPLICIT_RETAIN_SELF = YES;
				CLANG_WARN_OBJC_LITERAL_CONVERSION = YES;
				CLANG_WARN_OBJC_ROOT_CLASS = YES_ERROR;
				CLANG_WARN_RANGE_LOOP_ANALYSIS = YES;
				CLANG_WARN_STRICT_PROTOTYPES = YES;
				CLANG_WARN_SUSPICIOUS_MOVE = YES;
				CLANG_WARN_UNGUARDED_AVAILABILITY = YES_AGGRESSIVE;
				CLANG_WARN_UNREACHABLE_CODE = YES;
				CLANG_WARN__DUPLICATE_METHOD_MATCH = YES;
				CODE_SIGN_IDENTITY = "iPhone Developer";
				COPY_PHASE_STRIP = NO;
				DEBUG_INFORMATION_FORMAT = "dwarf-with-dsym";
				ENABLE_NS_ASSERTIONS = NO;
				ENABLE_STRICT_OBJC_MSGSEND = YES;
				GCC_C_LANGUAGE_STANDARD = gnu11;
				GCC_NO_COMMON_BLOCKS = YES;
				GCC_WARN_64_TO_32_BIT_CONVERSION = YES;
				GCC_WARN_ABOUT_RETURN_TYPE = YES_ERROR;
				GCC_WARN_UNDECLARED_SELECTOR = YES;
				GCC_WARN_UNINITIALIZED_AUTOS = YES_AGGRESSIVE;
				GCC_WARN_UNUSED_FUNCTION = YES;
				GCC_WARN_UNUSED_VARIABLE = YES;
				IPHONEOS_DEPLOYMENT_TARGET = 11.3;
				MTL_ENABLE_DEBUG_INFO = NO;
				SDKROOT = iphoneos;
				SWIFT_COMPILATION_MODE = wholemodule;
				SWIFT_OPTIMIZATION_LEVEL = "-O";
				VALIDATE_PRODUCT = YES;
			};
			name = Release;
		};
		9139FA992088D85F00229150 /* Debug */ = {
			isa = XCBuildConfiguration;
			buildSettings = {
				ALWAYS_EMBED_SWIFT_STANDARD_LIBRARIES = YES;
				BUNDLE_LOADER = "$(TEST_HOST)";
				CODE_SIGN_STYLE = Automatic;
				INFOPLIST_FILE = ProjectBundle/Info.plist;
				LD_RUNPATH_SEARCH_PATHS = (
					"$(inherited)",
					"@executable_path/Frameworks",
					"@loader_path/Frameworks",
				);
				OTHER_LDFLAGS = "";
				PRODUCT_BUNDLE_IDENTIFIER = com.maxim.eremenko.PatternsTests;
				PRODUCT_NAME = "$(TARGET_NAME)";
				SWIFT_VERSION = 4.0;
				TARGETED_DEVICE_FAMILY = "1,2";
				TEST_HOST = "";
			};
			name = Debug;
		};
		9139FA9A2088D85F00229150 /* Release */ = {
			isa = XCBuildConfiguration;
			buildSettings = {
				ALWAYS_EMBED_SWIFT_STANDARD_LIBRARIES = YES;
				BUNDLE_LOADER = "$(TEST_HOST)";
				CODE_SIGN_STYLE = Automatic;
				INFOPLIST_FILE = ProjectBundle/Info.plist;
				LD_RUNPATH_SEARCH_PATHS = (
					"$(inherited)",
					"@executable_path/Frameworks",
					"@loader_path/Frameworks",
				);
				OTHER_LDFLAGS = "";
				PRODUCT_BUNDLE_IDENTIFIER = com.maxim.eremenko.PatternsTests;
				PRODUCT_NAME = "$(TARGET_NAME)";
				SWIFT_VERSION = 4.0;
				TARGETED_DEVICE_FAMILY = "1,2";
				TEST_HOST = "";
			};
			name = Release;
		};
/* End XCBuildConfiguration section */

/* Begin XCConfigurationList section */
		9139FA732088D85C00229150 /* Build configuration list for PBXProject "PatternsForRefactoringGuru" */ = {
			isa = XCConfigurationList;
			buildConfigurations = (
				9139FA932088D85F00229150 /* Debug */,
				9139FA942088D85F00229150 /* Release */,
			);
			defaultConfigurationIsVisible = 0;
			defaultConfigurationName = Release;
		};
		9139FA982088D85F00229150 /* Build configuration list for PBXNativeTarget "PatternsForRefactoringGuru" */ = {
			isa = XCConfigurationList;
			buildConfigurations = (
				9139FA992088D85F00229150 /* Debug */,
				9139FA9A2088D85F00229150 /* Release */,
			);
			defaultConfigurationIsVisible = 0;
			defaultConfigurationName = Release;
		};
/* End XCConfigurationList section */
	};
	rootObject = 9139FA702088D85C00229150 /* Project object */;
}
