// !$*UTF8*$!
{
	archiveVersion = 1;
	classes = {
	};
	objectVersion = 48;
	objects = {

/* Begin PBXBuildFile section */
		916B889320BC4DA400BA92DF /* CompositeStructuralExample.swift in Sources */ = {isa = PBXBuildFile; fileRef = 916B889220BC4DA400BA92DF /* CompositeStructuralExample.swift */; };
		916B889B20BC587D00BA92DF /* DecoratorStructuralExample.swift in Sources */ = {isa = PBXBuildFile; fileRef = 916B889A20BC587D00BA92DF /* DecoratorStructuralExample.swift */; };
		916B88A020BC6E6800BA92DF /* FacadeStructuralExample.swift in Sources */ = {isa = PBXBuildFile; fileRef = 916B889F20BC6E6800BA92DF /* FacadeStructuralExample.swift */; };
		916B88A620BD468100BA92DF /* FacadeRealExample.swift in Sources */ = {isa = PBXBuildFile; fileRef = 916B88A520BD468100BA92DF /* FacadeRealExample.swift */; };
		9187BFF020B5D0A700266EF8 /* AbstractFactoryRealControllers.swift in Sources */ = {isa = PBXBuildFile; fileRef = 9187BFAC20B5D0A600266EF8 /* AbstractFactoryRealControllers.swift */; };
		9187BFF120B5D0A700266EF8 /* AbstractFactoryRealFactories.swift in Sources */ = {isa = PBXBuildFile; fileRef = 9187BFAD20B5D0A600266EF8 /* AbstractFactoryRealFactories.swift */; };
		9187BFF220B5D0A700266EF8 /* AbstractFactoryRealStudentViews.swift in Sources */ = {isa = PBXBuildFile; fileRef = 9187BFAF20B5D0A600266EF8 /* AbstractFactoryRealStudentViews.swift */; };
		9187BFF320B5D0A700266EF8 /* AbstractFactoryRealTeacherViews.swift in Sources */ = {isa = PBXBuildFile; fileRef = 9187BFB020B5D0A600266EF8 /* AbstractFactoryRealTeacherViews.swift */; };
		9187BFF420B5D0A700266EF8 /* AbstractFactoryRealAuthView.swift in Sources */ = {isa = PBXBuildFile; fileRef = 9187BFB120B5D0A600266EF8 /* AbstractFactoryRealAuthView.swift */; };
		9187BFF520B5D0A700266EF8 /* AbstractFactoryRealExample.swift in Sources */ = {isa = PBXBuildFile; fileRef = 9187BFB220B5D0A600266EF8 /* AbstractFactoryRealExample.swift */; };
		9187BFF820B5D0A700266EF8 /* AbstractFactoryStructuralExample.swift in Sources */ = {isa = PBXBuildFile; fileRef = 9187BFB620B5D0A600266EF8 /* AbstractFactoryStructuralExample.swift */; };
		9187BFFB20B5D0A700266EF8 /* FactoryMethodRealExample.swift in Sources */ = {isa = PBXBuildFile; fileRef = 9187BFBB20B5D0A600266EF8 /* FactoryMethodRealExample.swift */; };
		9187BFFE20B5D0A700266EF8 /* FactoryMethodStructuralExample.swift in Sources */ = {isa = PBXBuildFile; fileRef = 9187BFBF20B5D0A600266EF8 /* FactoryMethodStructuralExample.swift */; };
		9187C00620B5D0A700266EF8 /* SingletonRealExample.swift in Sources */ = {isa = PBXBuildFile; fileRef = 9187BFC920B5D0A700266EF8 /* SingletonRealExample.swift */; };
		9187C00820B5D0A700266EF8 /* SingletonStructuralExample.swift in Sources */ = {isa = PBXBuildFile; fileRef = 9187BFCC20B5D0A700266EF8 /* SingletonStructuralExample.swift */; };
		9187C00920B5D0A700266EF8 /* BuilderRealDataProviders.swift in Sources */ = {isa = PBXBuildFile; fileRef = 9187BFCF20B5D0A700266EF8 /* BuilderRealDataProviders.swift */; };
		9187C00A20B5D0A700266EF8 /* BuilderRealBuilders.swift in Sources */ = {isa = PBXBuildFile; fileRef = 9187BFD020B5D0A700266EF8 /* BuilderRealBuilders.swift */; };
		9187C00B20B5D0A700266EF8 /* BuilderRealQuery.swift in Sources */ = {isa = PBXBuildFile; fileRef = 9187BFD120B5D0A700266EF8 /* BuilderRealQuery.swift */; };
		9187C00C20B5D0A700266EF8 /* BuilderRealExample.swift in Sources */ = {isa = PBXBuildFile; fileRef = 9187BFD220B5D0A700266EF8 /* BuilderRealExample.swift */; };
		9187C00E20B5D0A700266EF8 /* BuilderStructuralExample.swift in Sources */ = {isa = PBXBuildFile; fileRef = 9187BFD520B5D0A700266EF8 /* BuilderStructuralExample.swift */; };
		9187C01320B5D0A700266EF8 /* BridgeRealExample.swift in Sources */ = {isa = PBXBuildFile; fileRef = 9187BFDC20B5D0A700266EF8 /* BridgeRealExample.swift */; };
		9187C01520B5D0A700266EF8 /* BridgeStructuralExample.swift in Sources */ = {isa = PBXBuildFile; fileRef = 9187BFDF20B5D0A700266EF8 /* BridgeStructuralExample.swift */; };
		9187C01720B5D0A700266EF8 /* AdapterRealExample.swift in Sources */ = {isa = PBXBuildFile; fileRef = 9187BFE320B5D0A700266EF8 /* AdapterRealExample.swift */; };
		9187C01820B5D0A700266EF8 /* AdapterStructuralExample.swift in Sources */ = {isa = PBXBuildFile; fileRef = 9187BFE520B5D0A700266EF8 /* AdapterStructuralExample.swift */; };
		9187C01B20B5D0A700266EF8 /* PrototypeRealExample.swift in Sources */ = {isa = PBXBuildFile; fileRef = 9187BFEA20B5D0A700266EF8 /* PrototypeRealExample.swift */; };
		9187C01E20B5D0A700266EF8 /* PrototypeStructuralExample.swift in Sources */ = {isa = PBXBuildFile; fileRef = 9187BFEE20B5D0A700266EF8 /* PrototypeStructuralExample.swift */; };
/* End PBXBuildFile section */

/* Begin PBXFileReference section */
		9139FA8C2088D85F00229150 /* RefactoringGuru.Patterns.xctest */ = {isa = PBXFileReference; explicitFileType = wrapper.cfbundle; includeInIndex = 0; path = RefactoringGuru.Patterns.xctest; sourceTree = BUILT_PRODUCTS_DIR; };
		913FF2262097835E00193902 /* Info.plist */ = {isa = PBXFileReference; fileEncoding = 4; lastKnownFileType = text.plist.xml; path = Info.plist; sourceTree = "<group>"; };
		916B888F20BC4B1900BA92DF /* Output.txt */ = {isa = PBXFileReference; lastKnownFileType = text; path = Output.txt; sourceTree = "<group>"; };
		916B889220BC4DA400BA92DF /* CompositeStructuralExample.swift */ = {isa = PBXFileReference; lastKnownFileType = sourcecode.swift; path = CompositeStructuralExample.swift; sourceTree = "<group>"; };
		916B889420BC56FD00BA92DF /* Output.txt */ = {isa = PBXFileReference; lastKnownFileType = text; path = Output.txt; sourceTree = "<group>"; };
		916B889A20BC587D00BA92DF /* DecoratorStructuralExample.swift */ = {isa = PBXFileReference; lastKnownFileType = sourcecode.swift; path = DecoratorStructuralExample.swift; sourceTree = "<group>"; };
		916B889C20BC5B7600BA92DF /* Output.txt */ = {isa = PBXFileReference; lastKnownFileType = text; path = Output.txt; sourceTree = "<group>"; };
		916B889F20BC6E6800BA92DF /* FacadeStructuralExample.swift */ = {isa = PBXFileReference; lastKnownFileType = sourcecode.swift; path = FacadeStructuralExample.swift; sourceTree = "<group>"; };
		916B88A120BC717400BA92DF /* Output.txt */ = {isa = PBXFileReference; lastKnownFileType = text; path = Output.txt; sourceTree = "<group>"; };
		916B88A520BD468100BA92DF /* FacadeRealExample.swift */ = {isa = PBXFileReference; lastKnownFileType = sourcecode.swift; path = FacadeRealExample.swift; sourceTree = "<group>"; };
		916B88A720BD537300BA92DF /* Output.txt */ = {isa = PBXFileReference; lastKnownFileType = text; path = Output.txt; sourceTree = "<group>"; };
		9187BFAB20B5D0A600266EF8 /* Output.txt */ = {isa = PBXFileReference; fileEncoding = 4; lastKnownFileType = text; path = Output.txt; sourceTree = "<group>"; };
		9187BFAC20B5D0A600266EF8 /* AbstractFactoryRealControllers.swift */ = {isa = PBXFileReference; fileEncoding = 4; lastKnownFileType = sourcecode.swift; path = AbstractFactoryRealControllers.swift; sourceTree = "<group>"; };
		9187BFAD20B5D0A600266EF8 /* AbstractFactoryRealFactories.swift */ = {isa = PBXFileReference; fileEncoding = 4; lastKnownFileType = sourcecode.swift; path = AbstractFactoryRealFactories.swift; sourceTree = "<group>"; };
		9187BFAF20B5D0A600266EF8 /* AbstractFactoryRealStudentViews.swift */ = {isa = PBXFileReference; fileEncoding = 4; lastKnownFileType = sourcecode.swift; path = AbstractFactoryRealStudentViews.swift; sourceTree = "<group>"; };
		9187BFB020B5D0A600266EF8 /* AbstractFactoryRealTeacherViews.swift */ = {isa = PBXFileReference; fileEncoding = 4; lastKnownFileType = sourcecode.swift; path = AbstractFactoryRealTeacherViews.swift; sourceTree = "<group>"; };
		9187BFB120B5D0A600266EF8 /* AbstractFactoryRealAuthView.swift */ = {isa = PBXFileReference; fileEncoding = 4; lastKnownFileType = sourcecode.swift; path = AbstractFactoryRealAuthView.swift; sourceTree = "<group>"; };
		9187BFB220B5D0A600266EF8 /* AbstractFactoryRealExample.swift */ = {isa = PBXFileReference; fileEncoding = 4; lastKnownFileType = sourcecode.swift; path = AbstractFactoryRealExample.swift; sourceTree = "<group>"; };
		9187BFB420B5D0A600266EF8 /* Output.txt */ = {isa = PBXFileReference; fileEncoding = 4; lastKnownFileType = text; path = Output.txt; sourceTree = "<group>"; };
		9187BFB620B5D0A600266EF8 /* AbstractFactoryStructuralExample.swift */ = {isa = PBXFileReference; fileEncoding = 4; lastKnownFileType = sourcecode.swift; path = AbstractFactoryStructuralExample.swift; sourceTree = "<group>"; };
		9187BFBB20B5D0A600266EF8 /* FactoryMethodRealExample.swift */ = {isa = PBXFileReference; fileEncoding = 4; lastKnownFileType = sourcecode.swift; path = FactoryMethodRealExample.swift; sourceTree = "<group>"; };
		9187BFBC20B5D0A600266EF8 /* Output.txt */ = {isa = PBXFileReference; fileEncoding = 4; lastKnownFileType = text; path = Output.txt; sourceTree = "<group>"; };
		9187BFBF20B5D0A600266EF8 /* FactoryMethodStructuralExample.swift */ = {isa = PBXFileReference; fileEncoding = 4; lastKnownFileType = sourcecode.swift; path = FactoryMethodStructuralExample.swift; sourceTree = "<group>"; };
		9187BFC220B5D0A600266EF8 /* Output.txt */ = {isa = PBXFileReference; fileEncoding = 4; lastKnownFileType = text; path = Output.txt; sourceTree = "<group>"; };
		9187BFC820B5D0A700266EF8 /* Output.txt */ = {isa = PBXFileReference; fileEncoding = 4; lastKnownFileType = text; path = Output.txt; sourceTree = "<group>"; };
		9187BFC920B5D0A700266EF8 /* SingletonRealExample.swift */ = {isa = PBXFileReference; fileEncoding = 4; lastKnownFileType = sourcecode.swift; path = SingletonRealExample.swift; sourceTree = "<group>"; };
		9187BFCB20B5D0A700266EF8 /* Output.txt */ = {isa = PBXFileReference; fileEncoding = 4; lastKnownFileType = text; path = Output.txt; sourceTree = "<group>"; };
		9187BFCC20B5D0A700266EF8 /* SingletonStructuralExample.swift */ = {isa = PBXFileReference; fileEncoding = 4; lastKnownFileType = sourcecode.swift; path = SingletonStructuralExample.swift; sourceTree = "<group>"; };
		9187BFCF20B5D0A700266EF8 /* BuilderRealDataProviders.swift */ = {isa = PBXFileReference; fileEncoding = 4; lastKnownFileType = sourcecode.swift; path = BuilderRealDataProviders.swift; sourceTree = "<group>"; };
		9187BFD020B5D0A700266EF8 /* BuilderRealBuilders.swift */ = {isa = PBXFileReference; fileEncoding = 4; lastKnownFileType = sourcecode.swift; path = BuilderRealBuilders.swift; sourceTree = "<group>"; };
		9187BFD120B5D0A700266EF8 /* BuilderRealQuery.swift */ = {isa = PBXFileReference; fileEncoding = 4; lastKnownFileType = sourcecode.swift; path = BuilderRealQuery.swift; sourceTree = "<group>"; };
		9187BFD220B5D0A700266EF8 /* BuilderRealExample.swift */ = {isa = PBXFileReference; fileEncoding = 4; lastKnownFileType = sourcecode.swift; path = BuilderRealExample.swift; sourceTree = "<group>"; };
		9187BFD320B5D0A700266EF8 /* Output.txt */ = {isa = PBXFileReference; fileEncoding = 4; lastKnownFileType = text; path = Output.txt; sourceTree = "<group>"; };
		9187BFD520B5D0A700266EF8 /* BuilderStructuralExample.swift */ = {isa = PBXFileReference; fileEncoding = 4; lastKnownFileType = sourcecode.swift; path = BuilderStructuralExample.swift; sourceTree = "<group>"; };
		9187BFD820B5D0A700266EF8 /* Output.txt */ = {isa = PBXFileReference; fileEncoding = 4; lastKnownFileType = text; path = Output.txt; sourceTree = "<group>"; };
		9187BFDC20B5D0A700266EF8 /* BridgeRealExample.swift */ = {isa = PBXFileReference; fileEncoding = 4; lastKnownFileType = sourcecode.swift; path = BridgeRealExample.swift; sourceTree = "<group>"; };
		9187BFDE20B5D0A700266EF8 /* Output.txt */ = {isa = PBXFileReference; fileEncoding = 4; lastKnownFileType = text; path = Output.txt; sourceTree = "<group>"; };
		9187BFDF20B5D0A700266EF8 /* BridgeStructuralExample.swift */ = {isa = PBXFileReference; fileEncoding = 4; lastKnownFileType = sourcecode.swift; path = BridgeStructuralExample.swift; sourceTree = "<group>"; };
		9187BFE220B5D0A700266EF8 /* Output.txt */ = {isa = PBXFileReference; fileEncoding = 4; lastKnownFileType = text; path = Output.txt; sourceTree = "<group>"; };
		9187BFE320B5D0A700266EF8 /* AdapterRealExample.swift */ = {isa = PBXFileReference; fileEncoding = 4; lastKnownFileType = sourcecode.swift; path = AdapterRealExample.swift; sourceTree = "<group>"; };
		9187BFE520B5D0A700266EF8 /* AdapterStructuralExample.swift */ = {isa = PBXFileReference; fileEncoding = 4; lastKnownFileType = sourcecode.swift; path = AdapterStructuralExample.swift; sourceTree = "<group>"; };
		9187BFE620B5D0A700266EF8 /* Output.txt */ = {isa = PBXFileReference; fileEncoding = 4; lastKnownFileType = text; path = Output.txt; sourceTree = "<group>"; };
		9187BFE920B5D0A700266EF8 /* Output.txt */ = {isa = PBXFileReference; fileEncoding = 4; lastKnownFileType = text; path = Output.txt; sourceTree = "<group>"; };
		9187BFEA20B5D0A700266EF8 /* PrototypeRealExample.swift */ = {isa = PBXFileReference; fileEncoding = 4; lastKnownFileType = sourcecode.swift; path = PrototypeRealExample.swift; sourceTree = "<group>"; };
		9187BFEC20B5D0A700266EF8 /* Output.txt */ = {isa = PBXFileReference; fileEncoding = 4; lastKnownFileType = text; path = Output.txt; sourceTree = "<group>"; };
		9187BFEE20B5D0A700266EF8 /* PrototypeStructuralExample.swift */ = {isa = PBXFileReference; fileEncoding = 4; lastKnownFileType = sourcecode.swift; path = PrototypeStructuralExample.swift; sourceTree = "<group>"; };
/* End PBXFileReference section */

/* Begin PBXFrameworksBuildPhase section */
		9139FA892088D85F00229150 /* Frameworks */ = {
			isa = PBXFrameworksBuildPhase;
			buildActionMask = 2147483647;
			files = (
			);
			runOnlyForDeploymentPostprocessing = 0;
		};
/* End PBXFrameworksBuildPhase section */

/* Begin PBXGroup section */
		9139FA6F2088D85C00229150 = {
			isa = PBXGroup;
			children = (
				913FF2252097835E00193902 /* ProjectBundle */,
				914ADA0420B2D4D200E0A74F /* Sources */,
				9139FA792088D85C00229150 /* Products */,
			);
			sourceTree = "<group>";
		};
		9139FA792088D85C00229150 /* Products */ = {
			isa = PBXGroup;
			children = (
				9139FA8C2088D85F00229150 /* RefactoringGuru.Patterns.xctest */,
			);
			name = Products;
			sourceTree = "<group>";
		};
		913FF2252097835E00193902 /* ProjectBundle */ = {
			isa = PBXGroup;
			children = (
				913FF2262097835E00193902 /* Info.plist */,
			);
			path = ProjectBundle;
			sourceTree = "<group>";
		};
		914ADA0420B2D4D200E0A74F /* Sources */ = {
			isa = PBXGroup;
			children = (
				916B889E20BC5C5800BA92DF /* Facade */,
				9187BFA920B5D0A600266EF8 /* AbstractFactory */,
				9187BFDA20B5D0A700266EF8 /* Bridge */,
				9187BFE020B5D0A700266EF8 /* Adapter */,
				9187BFCD20B5D0A700266EF8 /* Builder */,
				916B889120BC4D8100BA92DF /* Composite */,
				916B889620BC582D00BA92DF /* Decorator */,
				9187BFB820B5D0A600266EF8 /* FactoryMethod */,
				9187BFE720B5D0A700266EF8 /* Prototype */,
				9187BFC320B5D0A700266EF8 /* Singleton */,
			);
			path = Sources;
			sourceTree = "<group>";
		};
		916B889120BC4D8100BA92DF /* Composite */ = {
			isa = PBXGroup;
			children = (
				916B889720BC584300BA92DF /* StructuralExample */,
			);
			path = Composite;
			sourceTree = "<group>";
		};
		916B889620BC582D00BA92DF /* Decorator */ = {
			isa = PBXGroup;
			children = (
				916B889920BC585E00BA92DF /* StructuralExample */,
			);
			path = Decorator;
			sourceTree = "<group>";
		};
		916B889720BC584300BA92DF /* StructuralExample */ = {
			isa = PBXGroup;
			children = (
				916B889220BC4DA400BA92DF /* CompositeStructuralExample.swift */,
				916B889420BC56FD00BA92DF /* Output.txt */,
			);
			path = StructuralExample;
			sourceTree = "<group>";
		};
		916B889920BC585E00BA92DF /* StructuralExample */ = {
			isa = PBXGroup;
			children = (
				916B889A20BC587D00BA92DF /* DecoratorStructuralExample.swift */,
				916B889C20BC5B7600BA92DF /* Output.txt */,
			);
			path = StructuralExample;
			sourceTree = "<group>";
		};
		916B889E20BC5C5800BA92DF /* Facade */ = {
			isa = PBXGroup;
			children = (
				916B88A320BD463D00BA92DF /* StructuralExample */,
				916B88A420BD465700BA92DF /* RealWorldExample */,
			);
			path = Facade;
			sourceTree = "<group>";
		};
		916B88A320BD463D00BA92DF /* StructuralExample */ = {
			isa = PBXGroup;
			children = (
				916B889F20BC6E6800BA92DF /* FacadeStructuralExample.swift */,
				916B88A120BC717400BA92DF /* Output.txt */,
			);
			path = StructuralExample;
			sourceTree = "<group>";
		};
		916B88A420BD465700BA92DF /* RealWorldExample */ = {
			isa = PBXGroup;
			children = (
				916B88A520BD468100BA92DF /* FacadeRealExample.swift */,
				916B88A720BD537300BA92DF /* Output.txt */,
			);
			path = RealWorldExample;
			sourceTree = "<group>";
		};
		9187BFA920B5D0A600266EF8 /* AbstractFactory */ = {
			isa = PBXGroup;
			children = (
				9187BFAA20B5D0A600266EF8 /* RealWorldExample */,
				9187BFB320B5D0A600266EF8 /* StructuralExample */,
			);
			path = AbstractFactory;
			sourceTree = "<group>";
		};
		9187BFAA20B5D0A600266EF8 /* RealWorldExample */ = {
			isa = PBXGroup;
			children = (
				9187BFB220B5D0A600266EF8 /* AbstractFactoryRealExample.swift */,
				9187BFAC20B5D0A600266EF8 /* AbstractFactoryRealControllers.swift */,
				9187BFAD20B5D0A600266EF8 /* AbstractFactoryRealFactories.swift */,
				9187BFAB20B5D0A600266EF8 /* Output.txt */,
				9187BFAE20B5D0A600266EF8 /* Views */,
			);
			path = RealWorldExample;
			sourceTree = "<group>";
		};
		9187BFAE20B5D0A600266EF8 /* Views */ = {
			isa = PBXGroup;
			children = (
				9187BFAF20B5D0A600266EF8 /* AbstractFactoryRealStudentViews.swift */,
				9187BFB020B5D0A600266EF8 /* AbstractFactoryRealTeacherViews.swift */,
				9187BFB120B5D0A600266EF8 /* AbstractFactoryRealAuthView.swift */,
			);
			path = Views;
			sourceTree = "<group>";
		};
		9187BFB320B5D0A600266EF8 /* StructuralExample */ = {
			isa = PBXGroup;
			children = (
				9187BFB420B5D0A600266EF8 /* Output.txt */,
				9187BFB620B5D0A600266EF8 /* AbstractFactoryStructuralExample.swift */,
			);
			path = StructuralExample;
			sourceTree = "<group>";
		};
		9187BFB820B5D0A600266EF8 /* FactoryMethod */ = {
			isa = PBXGroup;
			children = (
				9187BFB920B5D0A600266EF8 /* RealWorldExample */,
				9187BFBE20B5D0A600266EF8 /* StructuralExample */,
			);
			path = FactoryMethod;
			sourceTree = "<group>";
		};
		9187BFB920B5D0A600266EF8 /* RealWorldExample */ = {
			isa = PBXGroup;
			children = (
				9187BFBB20B5D0A600266EF8 /* FactoryMethodRealExample.swift */,
				9187BFBC20B5D0A600266EF8 /* Output.txt */,
			);
			path = RealWorldExample;
			sourceTree = "<group>";
		};
		9187BFBE20B5D0A600266EF8 /* StructuralExample */ = {
			isa = PBXGroup;
			children = (
				9187BFBF20B5D0A600266EF8 /* FactoryMethodStructuralExample.swift */,
				9187BFC220B5D0A600266EF8 /* Output.txt */,
			);
			path = StructuralExample;
			sourceTree = "<group>";
		};
		9187BFC320B5D0A700266EF8 /* Singleton */ = {
			isa = PBXGroup;
			children = (
				9187BFC420B5D0A700266EF8 /* RealWorldExample */,
				9187BFCA20B5D0A700266EF8 /* StructuralExample */,
			);
			path = Singleton;
			sourceTree = "<group>";
		};
		9187BFC420B5D0A700266EF8 /* RealWorldExample */ = {
			isa = PBXGroup;
			children = (
				9187BFC820B5D0A700266EF8 /* Output.txt */,
				9187BFC920B5D0A700266EF8 /* SingletonRealExample.swift */,
			);
			path = RealWorldExample;
			sourceTree = "<group>";
		};
		9187BFCA20B5D0A700266EF8 /* StructuralExample */ = {
			isa = PBXGroup;
			children = (
				9187BFCB20B5D0A700266EF8 /* Output.txt */,
				9187BFCC20B5D0A700266EF8 /* SingletonStructuralExample.swift */,
			);
			path = StructuralExample;
			sourceTree = "<group>";
		};
		9187BFCD20B5D0A700266EF8 /* Builder */ = {
			isa = PBXGroup;
			children = (
				9187BFCE20B5D0A700266EF8 /* RealWorldExample */,
				9187BFD420B5D0A700266EF8 /* StructuralExample */,
			);
			path = Builder;
			sourceTree = "<group>";
		};
		9187BFCE20B5D0A700266EF8 /* RealWorldExample */ = {
			isa = PBXGroup;
			children = (
				9187BFCF20B5D0A700266EF8 /* BuilderRealDataProviders.swift */,
				9187BFD020B5D0A700266EF8 /* BuilderRealBuilders.swift */,
				9187BFD120B5D0A700266EF8 /* BuilderRealQuery.swift */,
				9187BFD220B5D0A700266EF8 /* BuilderRealExample.swift */,
				9187BFD320B5D0A700266EF8 /* Output.txt */,
			);
			path = RealWorldExample;
			sourceTree = "<group>";
		};
		9187BFD420B5D0A700266EF8 /* StructuralExample */ = {
			isa = PBXGroup;
			children = (
				9187BFD520B5D0A700266EF8 /* BuilderStructuralExample.swift */,
				9187BFD820B5D0A700266EF8 /* Output.txt */,
			);
			path = StructuralExample;
			sourceTree = "<group>";
		};
		9187BFDA20B5D0A700266EF8 /* Bridge */ = {
			isa = PBXGroup;
			children = (
				9187BFDD20B5D0A700266EF8 /* StructuralExample */,
				9187BFDB20B5D0A700266EF8 /* RealWorldExample */,
			);
			path = Bridge;
			sourceTree = "<group>";
		};
		9187BFDB20B5D0A700266EF8 /* RealWorldExample */ = {
			isa = PBXGroup;
			children = (
				9187BFDC20B5D0A700266EF8 /* BridgeRealExample.swift */,
				916B888F20BC4B1900BA92DF /* Output.txt */,
			);
			path = RealWorldExample;
			sourceTree = "<group>";
		};
		9187BFDD20B5D0A700266EF8 /* StructuralExample */ = {
			isa = PBXGroup;
			children = (
				9187BFDF20B5D0A700266EF8 /* BridgeStructuralExample.swift */,
				9187BFDE20B5D0A700266EF8 /* Output.txt */,
			);
			path = StructuralExample;
			sourceTree = "<group>";
		};
		9187BFE020B5D0A700266EF8 /* Adapter */ = {
			isa = PBXGroup;
			children = (
				9187BFE120B5D0A700266EF8 /* RealWorldExample */,
				9187BFE420B5D0A700266EF8 /* StructuralExample */,
			);
			path = Adapter;
			sourceTree = "<group>";
		};
		9187BFE120B5D0A700266EF8 /* RealWorldExample */ = {
			isa = PBXGroup;
			children = (
				9187BFE220B5D0A700266EF8 /* Output.txt */,
				9187BFE320B5D0A700266EF8 /* AdapterRealExample.swift */,
			);
			path = RealWorldExample;
			sourceTree = "<group>";
		};
		9187BFE420B5D0A700266EF8 /* StructuralExample */ = {
			isa = PBXGroup;
			children = (
				9187BFE520B5D0A700266EF8 /* AdapterStructuralExample.swift */,
				9187BFE620B5D0A700266EF8 /* Output.txt */,
			);
			path = StructuralExample;
			sourceTree = "<group>";
		};
		9187BFE720B5D0A700266EF8 /* Prototype */ = {
			isa = PBXGroup;
			children = (
				9187BFE820B5D0A700266EF8 /* RealWorldExample */,
				9187BFEB20B5D0A700266EF8 /* StructuralExample */,
			);
			path = Prototype;
			sourceTree = "<group>";
		};
		9187BFE820B5D0A700266EF8 /* RealWorldExample */ = {
			isa = PBXGroup;
			children = (
				9187BFEA20B5D0A700266EF8 /* PrototypeRealExample.swift */,
				9187BFE920B5D0A700266EF8 /* Output.txt */,
			);
			path = RealWorldExample;
			sourceTree = "<group>";
		};
		9187BFEB20B5D0A700266EF8 /* StructuralExample */ = {
			isa = PBXGroup;
			children = (
				9187BFEC20B5D0A700266EF8 /* Output.txt */,
				9187BFEE20B5D0A700266EF8 /* PrototypeStructuralExample.swift */,
			);
			path = StructuralExample;
			sourceTree = "<group>";
		};
/* End PBXGroup section */

/* Begin PBXNativeTarget section */
		9139FA8B2088D85F00229150 /* RefactoringGuru.Patterns */ = {
			isa = PBXNativeTarget;
			buildConfigurationList = 9139FA982088D85F00229150 /* Build configuration list for PBXNativeTarget "RefactoringGuru.Patterns" */;
			buildPhases = (
				9139FA882088D85F00229150 /* Sources */,
				9139FA892088D85F00229150 /* Frameworks */,
				9139FA8A2088D85F00229150 /* Resources */,
			);
			buildRules = (
			);
			dependencies = (
			);
			name = RefactoringGuru.Patterns;
			productName = PatternsTests;
			productReference = 9139FA8C2088D85F00229150 /* RefactoringGuru.Patterns.xctest */;
			productType = "com.apple.product-type.bundle.unit-test";
		};
/* End PBXNativeTarget section */

/* Begin PBXProject section */
		9139FA702088D85C00229150 /* Project object */ = {
			isa = PBXProject;
			attributes = {
				LastSwiftUpdateCheck = 0930;
				LastUpgradeCheck = 0930;
				ORGANIZATIONNAME = "Eremenko Maxim";
				TargetAttributes = {
					9139FA8B2088D85F00229150 = {
						CreatedOnToolsVersion = 9.3;
						ProvisioningStyle = Automatic;
						TestTargetID = 9139FA772088D85C00229150;
					};
				};
			};
			buildConfigurationList = 9139FA732088D85C00229150 /* Build configuration list for PBXProject "RefactoringGuru.Patterns" */;
			compatibilityVersion = "Xcode 8.0";
			developmentRegion = en;
			hasScannedForEncodings = 0;
			knownRegions = (
				en,
				Base,
			);
			mainGroup = 9139FA6F2088D85C00229150;
			productRefGroup = 9139FA792088D85C00229150 /* Products */;
			projectDirPath = "";
			projectRoot = "";
			targets = (
				9139FA8B2088D85F00229150 /* RefactoringGuru.Patterns */,
			);
		};
/* End PBXProject section */

/* Begin PBXResourcesBuildPhase section */
		9139FA8A2088D85F00229150 /* Resources */ = {
			isa = PBXResourcesBuildPhase;
			buildActionMask = 2147483647;
			files = (
			);
			runOnlyForDeploymentPostprocessing = 0;
		};
/* End PBXResourcesBuildPhase section */

/* Begin PBXSourcesBuildPhase section */
		9139FA882088D85F00229150 /* Sources */ = {
			isa = PBXSourcesBuildPhase;
			buildActionMask = 2147483647;
			files = (
				916B889320BC4DA400BA92DF /* CompositeStructuralExample.swift in Sources */,
				9187BFF820B5D0A700266EF8 /* AbstractFactoryStructuralExample.swift in Sources */,
				916B889B20BC587D00BA92DF /* DecoratorStructuralExample.swift in Sources */,
				9187BFF320B5D0A700266EF8 /* AbstractFactoryRealTeacherViews.swift in Sources */,
				9187C00C20B5D0A700266EF8 /* BuilderRealExample.swift in Sources */,
				9187C01820B5D0A700266EF8 /* AdapterStructuralExample.swift in Sources */,
				9187C01320B5D0A700266EF8 /* BridgeRealExample.swift in Sources */,
				9187C01520B5D0A700266EF8 /* BridgeStructuralExample.swift in Sources */,
				9187C00620B5D0A700266EF8 /* SingletonRealExample.swift in Sources */,
				9187C00E20B5D0A700266EF8 /* BuilderStructuralExample.swift in Sources */,
				9187BFF020B5D0A700266EF8 /* AbstractFactoryRealControllers.swift in Sources */,
				9187C00920B5D0A700266EF8 /* BuilderRealDataProviders.swift in Sources */,
				916B88A620BD468100BA92DF /* FacadeRealExample.swift in Sources */,
				9187C01E20B5D0A700266EF8 /* PrototypeStructuralExample.swift in Sources */,
				9187BFFB20B5D0A700266EF8 /* FactoryMethodRealExample.swift in Sources */,
				9187BFF120B5D0A700266EF8 /* AbstractFactoryRealFactories.swift in Sources */,
				916B88A020BC6E6800BA92DF /* FacadeStructuralExample.swift in Sources */,
				9187C00820B5D0A700266EF8 /* SingletonStructuralExample.swift in Sources */,
				9187BFF420B5D0A700266EF8 /* AbstractFactoryRealAuthView.swift in Sources */,
				9187C00A20B5D0A700266EF8 /* BuilderRealBuilders.swift in Sources */,
				9187BFF520B5D0A700266EF8 /* AbstractFactoryRealExample.swift in Sources */,
				9187BFFE20B5D0A700266EF8 /* FactoryMethodStructuralExample.swift in Sources */,
				9187C01720B5D0A700266EF8 /* AdapterRealExample.swift in Sources */,
				9187C00B20B5D0A700266EF8 /* BuilderRealQuery.swift in Sources */,
				9187BFF220B5D0A700266EF8 /* AbstractFactoryRealStudentViews.swift in Sources */,
				9187C01B20B5D0A700266EF8 /* PrototypeRealExample.swift in Sources */,
			);
			runOnlyForDeploymentPostprocessing = 0;
		};
/* End PBXSourcesBuildPhase section */

/* Begin XCBuildConfiguration section */
		9139FA932088D85F00229150 /* Debug */ = {
			isa = XCBuildConfiguration;
			buildSettings = {
				ALWAYS_SEARCH_USER_PATHS = NO;
				CLANG_ANALYZER_NONNULL = YES;
				CLANG_ANALYZER_NUMBER_OBJECT_CONVERSION = YES_AGGRESSIVE;
				CLANG_CXX_LANGUAGE_STANDARD = "gnu++14";
				CLANG_CXX_LIBRARY = "libc++";
				CLANG_ENABLE_MODULES = YES;
				CLANG_ENABLE_OBJC_ARC = YES;
				CLANG_ENABLE_OBJC_WEAK = YES;
				CLANG_WARN_BLOCK_CAPTURE_AUTORELEASING = YES;
				CLANG_WARN_BOOL_CONVERSION = YES;
				CLANG_WARN_COMMA = YES;
				CLANG_WARN_CONSTANT_CONVERSION = YES;
				CLANG_WARN_DEPRECATED_OBJC_IMPLEMENTATIONS = YES;
				CLANG_WARN_DIRECT_OBJC_ISA_USAGE = YES_ERROR;
				CLANG_WARN_DOCUMENTATION_COMMENTS = YES;
				CLANG_WARN_EMPTY_BODY = YES;
				CLANG_WARN_ENUM_CONVERSION = YES;
				CLANG_WARN_INFINITE_RECURSION = YES;
				CLANG_WARN_INT_CONVERSION = YES;
				CLANG_WARN_NON_LITERAL_NULL_CONVERSION = YES;
				CLANG_WARN_OBJC_IMPLICIT_RETAIN_SELF = YES;
				CLANG_WARN_OBJC_LITERAL_CONVERSION = YES;
				CLANG_WARN_OBJC_ROOT_CLASS = YES_ERROR;
				CLANG_WARN_RANGE_LOOP_ANALYSIS = YES;
				CLANG_WARN_STRICT_PROTOTYPES = YES;
				CLANG_WARN_SUSPICIOUS_MOVE = YES;
				CLANG_WARN_UNGUARDED_AVAILABILITY = YES_AGGRESSIVE;
				CLANG_WARN_UNREACHABLE_CODE = YES;
				CLANG_WARN__DUPLICATE_METHOD_MATCH = YES;
				CODE_SIGN_IDENTITY = "iPhone Developer";
				COPY_PHASE_STRIP = NO;
				DEBUG_INFORMATION_FORMAT = dwarf;
				ENABLE_STRICT_OBJC_MSGSEND = YES;
				ENABLE_TESTABILITY = YES;
				GCC_C_LANGUAGE_STANDARD = gnu11;
				GCC_DYNAMIC_NO_PIC = NO;
				GCC_NO_COMMON_BLOCKS = YES;
				GCC_OPTIMIZATION_LEVEL = 0;
				GCC_PREPROCESSOR_DEFINITIONS = (
					"DEBUG=1",
					"$(inherited)",
				);
				GCC_WARN_64_TO_32_BIT_CONVERSION = YES;
				GCC_WARN_ABOUT_RETURN_TYPE = YES_ERROR;
				GCC_WARN_UNDECLARED_SELECTOR = YES;
				GCC_WARN_UNINITIALIZED_AUTOS = YES_AGGRESSIVE;
				GCC_WARN_UNUSED_FUNCTION = YES;
				GCC_WARN_UNUSED_VARIABLE = YES;
				IPHONEOS_DEPLOYMENT_TARGET = 11.3;
				MTL_ENABLE_DEBUG_INFO = YES;
				ONLY_ACTIVE_ARCH = YES;
				SDKROOT = iphoneos;
				SWIFT_ACTIVE_COMPILATION_CONDITIONS = DEBUG;
				SWIFT_OPTIMIZATION_LEVEL = "-Onone";
			};
			name = Debug;
		};
		9139FA942088D85F00229150 /* Release */ = {
			isa = XCBuildConfiguration;
			buildSettings = {
				ALWAYS_SEARCH_USER_PATHS = NO;
				CLANG_ANALYZER_NONNULL = YES;
				CLANG_ANALYZER_NUMBER_OBJECT_CONVERSION = YES_AGGRESSIVE;
				CLANG_CXX_LANGUAGE_STANDARD = "gnu++14";
				CLANG_CXX_LIBRARY = "libc++";
				CLANG_ENABLE_MODULES = YES;
				CLANG_ENABLE_OBJC_ARC = YES;
				CLANG_ENABLE_OBJC_WEAK = YES;
				CLANG_WARN_BLOCK_CAPTURE_AUTORELEASING = YES;
				CLANG_WARN_BOOL_CONVERSION = YES;
				CLANG_WARN_COMMA = YES;
				CLANG_WARN_CONSTANT_CONVERSION = YES;
				CLANG_WARN_DEPRECATED_OBJC_IMPLEMENTATIONS = YES;
				CLANG_WARN_DIRECT_OBJC_ISA_USAGE = YES_ERROR;
				CLANG_WARN_DOCUMENTATION_COMMENTS = YES;
				CLANG_WARN_EMPTY_BODY = YES;
				CLANG_WARN_ENUM_CONVERSION = YES;
				CLANG_WARN_INFINITE_RECURSION = YES;
				CLANG_WARN_INT_CONVERSION = YES;
				CLANG_WARN_NON_LITERAL_NULL_CONVERSION = YES;
				CLANG_WARN_OBJC_IMPLICIT_RETAIN_SELF = YES;
				CLANG_WARN_OBJC_LITERAL_CONVERSION = YES;
				CLANG_WARN_OBJC_ROOT_CLASS = YES_ERROR;
				CLANG_WARN_RANGE_LOOP_ANALYSIS = YES;
				CLANG_WARN_STRICT_PROTOTYPES = YES;
				CLANG_WARN_SUSPICIOUS_MOVE = YES;
				CLANG_WARN_UNGUARDED_AVAILABILITY = YES_AGGRESSIVE;
				CLANG_WARN_UNREACHABLE_CODE = YES;
				CLANG_WARN__DUPLICATE_METHOD_MATCH = YES;
				CODE_SIGN_IDENTITY = "iPhone Developer";
				COPY_PHASE_STRIP = NO;
				DEBUG_INFORMATION_FORMAT = "dwarf-with-dsym";
				ENABLE_NS_ASSERTIONS = NO;
				ENABLE_STRICT_OBJC_MSGSEND = YES;
				GCC_C_LANGUAGE_STANDARD = gnu11;
				GCC_NO_COMMON_BLOCKS = YES;
				GCC_WARN_64_TO_32_BIT_CONVERSION = YES;
				GCC_WARN_ABOUT_RETURN_TYPE = YES_ERROR;
				GCC_WARN_UNDECLARED_SELECTOR = YES;
				GCC_WARN_UNINITIALIZED_AUTOS = YES_AGGRESSIVE;
				GCC_WARN_UNUSED_FUNCTION = YES;
				GCC_WARN_UNUSED_VARIABLE = YES;
				IPHONEOS_DEPLOYMENT_TARGET = 11.3;
				MTL_ENABLE_DEBUG_INFO = NO;
				SDKROOT = iphoneos;
				SWIFT_OPTIMIZATION_LEVEL = "-Owholemodule";
				VALIDATE_PRODUCT = YES;
			};
			name = Release;
		};
		9139FA992088D85F00229150 /* Debug */ = {
			isa = XCBuildConfiguration;
			buildSettings = {
				ALWAYS_EMBED_SWIFT_STANDARD_LIBRARIES = YES;
				BUNDLE_LOADER = "$(TEST_HOST)";
				CODE_SIGN_STYLE = Automatic;
				INFOPLIST_FILE = ProjectBundle/Info.plist;
				IPHONEOS_DEPLOYMENT_TARGET = 11.0;
				LD_RUNPATH_SEARCH_PATHS = "$(inherited) @executable_path/Frameworks @loader_path/Frameworks";
				OTHER_LDFLAGS = "";
				PRODUCT_BUNDLE_IDENTIFIER = com.maxim.eremenko.PatternsTests;
				PRODUCT_NAME = "$(TARGET_NAME)";
				SWIFT_VERSION = 4.0;
				TARGETED_DEVICE_FAMILY = "1,2";
				TEST_HOST = "";
			};
			name = Debug;
		};
		9139FA9A2088D85F00229150 /* Release */ = {
			isa = XCBuildConfiguration;
			buildSettings = {
				ALWAYS_EMBED_SWIFT_STANDARD_LIBRARIES = YES;
				BUNDLE_LOADER = "$(TEST_HOST)";
				CODE_SIGN_STYLE = Automatic;
				INFOPLIST_FILE = ProjectBundle/Info.plist;
				IPHONEOS_DEPLOYMENT_TARGET = 11.0;
				LD_RUNPATH_SEARCH_PATHS = "$(inherited) @executable_path/Frameworks @loader_path/Frameworks";
				OTHER_LDFLAGS = "";
				PRODUCT_BUNDLE_IDENTIFIER = com.maxim.eremenko.PatternsTests;
				PRODUCT_NAME = "$(TARGET_NAME)";
				SWIFT_VERSION = 4.0;
				TARGETED_DEVICE_FAMILY = "1,2";
				TEST_HOST = "";
			};
			name = Release;
		};
/* End XCBuildConfiguration section */

/* Begin XCConfigurationList section */
		9139FA732088D85C00229150 /* Build configuration list for PBXProject "RefactoringGuru.Patterns" */ = {
			isa = XCConfigurationList;
			buildConfigurations = (
				9139FA932088D85F00229150 /* Debug */,
				9139FA942088D85F00229150 /* Release */,
			);
			defaultConfigurationIsVisible = 0;
			defaultConfigurationName = Release;
		};
		9139FA982088D85F00229150 /* Build configuration list for PBXNativeTarget "RefactoringGuru.Patterns" */ = {
			isa = XCConfigurationList;
			buildConfigurations = (
				9139FA992088D85F00229150 /* Debug */,
				9139FA9A2088D85F00229150 /* Release */,
			);
			defaultConfigurationIsVisible = 0;
			defaultConfigurationName = Release;
		};
/* End XCConfigurationList section */
	};
	rootObject = 9139FA702088D85C00229150 /* Project object */;
}
