// !$*UTF8*$!
{
	archiveVersion = 1;
	classes = {
	};
	objectVersion = 48;
	objects = {

/* Begin PBXBuildFile section */
		9187BFEF20B5D0A700266EF8 /* AF_Real_Output.strings in Resources */ = {isa = PBXBuildFile; fileRef = 9187BFAB20B5D0A600266EF8 /* AF_Real_Output.strings */; };
		9187BFF020B5D0A700266EF8 /* AF_Real_AuthController.swift in Sources */ = {isa = PBXBuildFile; fileRef = 9187BFAC20B5D0A600266EF8 /* AF_Real_AuthController.swift */; };
		9187BFF120B5D0A700266EF8 /* AF_Real_AuthFactory.swift in Sources */ = {isa = PBXBuildFile; fileRef = 9187BFAD20B5D0A600266EF8 /* AF_Real_AuthFactory.swift */; };
		9187BFF220B5D0A700266EF8 /* AF_StudentViews.swift in Sources */ = {isa = PBXBuildFile; fileRef = 9187BFAF20B5D0A600266EF8 /* AF_StudentViews.swift */; };
		9187BFF320B5D0A700266EF8 /* AF_TeacherViews.swift in Sources */ = {isa = PBXBuildFile; fileRef = 9187BFB020B5D0A600266EF8 /* AF_TeacherViews.swift */; };
		9187BFF420B5D0A700266EF8 /* AF_AuthView.swift in Sources */ = {isa = PBXBuildFile; fileRef = 9187BFB120B5D0A600266EF8 /* AF_AuthView.swift */; };
		9187BFF520B5D0A700266EF8 /* AF_Real_ClientCode.swift in Sources */ = {isa = PBXBuildFile; fileRef = 9187BFB220B5D0A600266EF8 /* AF_Real_ClientCode.swift */; };
		9187BFF620B5D0A700266EF8 /* AF_Structure_Output.strings in Resources */ = {isa = PBXBuildFile; fileRef = 9187BFB420B5D0A600266EF8 /* AF_Structure_Output.strings */; };
		9187BFF720B5D0A700266EF8 /* AF_Structure_Factories.swift in Sources */ = {isa = PBXBuildFile; fileRef = 9187BFB520B5D0A600266EF8 /* AF_Structure_Factories.swift */; };
		9187BFF820B5D0A700266EF8 /* AF_Structure_ClientCode.swift in Sources */ = {isa = PBXBuildFile; fileRef = 9187BFB620B5D0A600266EF8 /* AF_Structure_ClientCode.swift */; };
		9187BFF920B5D0A700266EF8 /* AF_Structure_Products.swift in Sources */ = {isa = PBXBuildFile; fileRef = 9187BFB720B5D0A600266EF8 /* AF_Structure_Products.swift */; };
		9187BFFA20B5D0A700266EF8 /* FM_Real_Factory.swift in Sources */ = {isa = PBXBuildFile; fileRef = 9187BFBA20B5D0A600266EF8 /* FM_Real_Factory.swift */; };
		9187BFFB20B5D0A700266EF8 /* FM_Real_ClientCode.swift in Sources */ = {isa = PBXBuildFile; fileRef = 9187BFBB20B5D0A600266EF8 /* FM_Real_ClientCode.swift */; };
		9187BFFC20B5D0A700266EF8 /* FM_Real_Output.strings in Resources */ = {isa = PBXBuildFile; fileRef = 9187BFBC20B5D0A600266EF8 /* FM_Real_Output.strings */; };
		9187BFFD20B5D0A700266EF8 /* FM_Real_Projector.swift in Sources */ = {isa = PBXBuildFile; fileRef = 9187BFBD20B5D0A600266EF8 /* FM_Real_Projector.swift */; };
		9187BFFE20B5D0A700266EF8 /* FM_Structure_ClientCode.swift in Sources */ = {isa = PBXBuildFile; fileRef = 9187BFBF20B5D0A600266EF8 /* FM_Structure_ClientCode.swift */; };
		9187BFFF20B5D0A700266EF8 /* FM_Structure_Creators.swift in Sources */ = {isa = PBXBuildFile; fileRef = 9187BFC020B5D0A600266EF8 /* FM_Structure_Creators.swift */; };
		9187C00020B5D0A700266EF8 /* FM_Structure_Products.swift in Sources */ = {isa = PBXBuildFile; fileRef = 9187BFC120B5D0A600266EF8 /* FM_Structure_Products.swift */; };
		9187C00120B5D0A700266EF8 /* FM_Structure_Output.strings in Resources */ = {isa = PBXBuildFile; fileRef = 9187BFC220B5D0A600266EF8 /* FM_Structure_Output.strings */; };
		9187C00220B5D0A700266EF8 /* SG_Real_VC.swift in Sources */ = {isa = PBXBuildFile; fileRef = 9187BFC520B5D0A700266EF8 /* SG_Real_VC.swift */; };
		9187C00320B5D0A700266EF8 /* SG_Real_Service.swift in Sources */ = {isa = PBXBuildFile; fileRef = 9187BFC620B5D0A700266EF8 /* SG_Real_Service.swift */; };
		9187C00420B5D0A700266EF8 /* SG_Real_Service_IO.swift in Sources */ = {isa = PBXBuildFile; fileRef = 9187BFC720B5D0A700266EF8 /* SG_Real_Service_IO.swift */; };
		9187C00520B5D0A700266EF8 /* SG_Real_Output.strings in Resources */ = {isa = PBXBuildFile; fileRef = 9187BFC820B5D0A700266EF8 /* SG_Real_Output.strings */; };
		9187C00620B5D0A700266EF8 /* SG_Real_ClientCode.swift in Sources */ = {isa = PBXBuildFile; fileRef = 9187BFC920B5D0A700266EF8 /* SG_Real_ClientCode.swift */; };
		9187C00720B5D0A700266EF8 /* SG_Structure_Output.strings in Resources */ = {isa = PBXBuildFile; fileRef = 9187BFCB20B5D0A700266EF8 /* SG_Structure_Output.strings */; };
		9187C00820B5D0A700266EF8 /* SG_Structure_ClientCode.swift in Sources */ = {isa = PBXBuildFile; fileRef = 9187BFCC20B5D0A700266EF8 /* SG_Structure_ClientCode.swift */; };
		9187C00920B5D0A700266EF8 /* BL_Real_DataProviders.swift in Sources */ = {isa = PBXBuildFile; fileRef = 9187BFCF20B5D0A700266EF8 /* BL_Real_DataProviders.swift */; };
		9187C00A20B5D0A700266EF8 /* BL_Real_Builders.swift in Sources */ = {isa = PBXBuildFile; fileRef = 9187BFD020B5D0A700266EF8 /* BL_Real_Builders.swift */; };
		9187C00B20B5D0A700266EF8 /* BL_Real_Query.swift in Sources */ = {isa = PBXBuildFile; fileRef = 9187BFD120B5D0A700266EF8 /* BL_Real_Query.swift */; };
		9187C00C20B5D0A700266EF8 /* BL_Real_ClientCode.swift in Sources */ = {isa = PBXBuildFile; fileRef = 9187BFD220B5D0A700266EF8 /* BL_Real_ClientCode.swift */; };
		9187C00D20B5D0A700266EF8 /* BL_Real_Output.strings in Resources */ = {isa = PBXBuildFile; fileRef = 9187BFD320B5D0A700266EF8 /* BL_Real_Output.strings */; };
		9187C00E20B5D0A700266EF8 /* BL_Structure_ClientCode.swift in Sources */ = {isa = PBXBuildFile; fileRef = 9187BFD520B5D0A700266EF8 /* BL_Structure_ClientCode.swift */; };
		9187C00F20B5D0A700266EF8 /* BL_Structure_Builders.swift in Sources */ = {isa = PBXBuildFile; fileRef = 9187BFD620B5D0A700266EF8 /* BL_Structure_Builders.swift */; };
		9187C01020B5D0A700266EF8 /* BL_Structure_Directors.swift in Sources */ = {isa = PBXBuildFile; fileRef = 9187BFD720B5D0A700266EF8 /* BL_Structure_Directors.swift */; };
		9187C01120B5D0A700266EF8 /* BL_Structure_Output.strings in Resources */ = {isa = PBXBuildFile; fileRef = 9187BFD820B5D0A700266EF8 /* BL_Structure_Output.strings */; };
		9187C01220B5D0A700266EF8 /* BL_Structure_Products.swift in Sources */ = {isa = PBXBuildFile; fileRef = 9187BFD920B5D0A700266EF8 /* BL_Structure_Products.swift */; };
		9187C01320B5D0A700266EF8 /* BR_Real_ClientCode.swift in Sources */ = {isa = PBXBuildFile; fileRef = 9187BFDC20B5D0A700266EF8 /* BR_Real_ClientCode.swift */; };
		9187C01420B5D0A700266EF8 /* BR_Structure_Output.strings in Resources */ = {isa = PBXBuildFile; fileRef = 9187BFDE20B5D0A700266EF8 /* BR_Structure_Output.strings */; };
		9187C01520B5D0A700266EF8 /* BR_Structure_ClientCode.swift in Sources */ = {isa = PBXBuildFile; fileRef = 9187BFDF20B5D0A700266EF8 /* BR_Structure_ClientCode.swift */; };
		9187C01620B5D0A700266EF8 /* AD_Real_Output.strings in Resources */ = {isa = PBXBuildFile; fileRef = 9187BFE220B5D0A700266EF8 /* AD_Real_Output.strings */; };
		9187C01720B5D0A700266EF8 /* AD_Real_ClientCode.swift in Sources */ = {isa = PBXBuildFile; fileRef = 9187BFE320B5D0A700266EF8 /* AD_Real_ClientCode.swift */; };
		9187C01820B5D0A700266EF8 /* AD_Structure_ClientCode.swift in Sources */ = {isa = PBXBuildFile; fileRef = 9187BFE520B5D0A700266EF8 /* AD_Structure_ClientCode.swift */; };
		9187C01920B5D0A700266EF8 /* AD_Structure_Output.strings in Resources */ = {isa = PBXBuildFile; fileRef = 9187BFE620B5D0A700266EF8 /* AD_Structure_Output.strings */; };
		9187C01A20B5D0A700266EF8 /* PT_Real_Output.strings in Resources */ = {isa = PBXBuildFile; fileRef = 9187BFE920B5D0A700266EF8 /* PT_Real_Output.strings */; };
		9187C01B20B5D0A700266EF8 /* PT_Real_ClientCode.swift in Sources */ = {isa = PBXBuildFile; fileRef = 9187BFEA20B5D0A700266EF8 /* PT_Real_ClientCode.swift */; };
		9187C01C20B5D0A700266EF8 /* PT_NSCopying_Output.strings in Resources */ = {isa = PBXBuildFile; fileRef = 9187BFEC20B5D0A700266EF8 /* PT_NSCopying_Output.strings */; };
		9187C01D20B5D0A700266EF8 /* PT_NSCopying_Prototype.swift in Sources */ = {isa = PBXBuildFile; fileRef = 9187BFED20B5D0A700266EF8 /* PT_NSCopying_Prototype.swift */; };
		9187C01E20B5D0A700266EF8 /* PT_NSCopying_ClientCode.swift in Sources */ = {isa = PBXBuildFile; fileRef = 9187BFEE20B5D0A700266EF8 /* PT_NSCopying_ClientCode.swift */; };
/* End PBXBuildFile section */

/* Begin PBXFileReference section */
		9139FA8C2088D85F00229150 /* RefactoringGuru.Patterns.xctest */ = {isa = PBXFileReference; explicitFileType = wrapper.cfbundle; includeInIndex = 0; path = RefactoringGuru.Patterns.xctest; sourceTree = BUILT_PRODUCTS_DIR; };
		913FF2262097835E00193902 /* Info.plist */ = {isa = PBXFileReference; fileEncoding = 4; lastKnownFileType = text.plist.xml; path = Info.plist; sourceTree = "<group>"; };
		9187BFAB20B5D0A600266EF8 /* AF_Real_Output.strings */ = {isa = PBXFileReference; fileEncoding = 4; lastKnownFileType = text.plist.strings; path = AF_Real_Output.strings; sourceTree = "<group>"; };
		9187BFAC20B5D0A600266EF8 /* AF_Real_AuthController.swift */ = {isa = PBXFileReference; fileEncoding = 4; lastKnownFileType = sourcecode.swift; path = AF_Real_AuthController.swift; sourceTree = "<group>"; };
		9187BFAD20B5D0A600266EF8 /* AF_Real_AuthFactory.swift */ = {isa = PBXFileReference; fileEncoding = 4; lastKnownFileType = sourcecode.swift; path = AF_Real_AuthFactory.swift; sourceTree = "<group>"; };
		9187BFAF20B5D0A600266EF8 /* AF_StudentViews.swift */ = {isa = PBXFileReference; fileEncoding = 4; lastKnownFileType = sourcecode.swift; path = AF_StudentViews.swift; sourceTree = "<group>"; };
		9187BFB020B5D0A600266EF8 /* AF_TeacherViews.swift */ = {isa = PBXFileReference; fileEncoding = 4; lastKnownFileType = sourcecode.swift; path = AF_TeacherViews.swift; sourceTree = "<group>"; };
		9187BFB120B5D0A600266EF8 /* AF_AuthView.swift */ = {isa = PBXFileReference; fileEncoding = 4; lastKnownFileType = sourcecode.swift; path = AF_AuthView.swift; sourceTree = "<group>"; };
		9187BFB220B5D0A600266EF8 /* AF_Real_ClientCode.swift */ = {isa = PBXFileReference; fileEncoding = 4; lastKnownFileType = sourcecode.swift; path = AF_Real_ClientCode.swift; sourceTree = "<group>"; };
		9187BFB420B5D0A600266EF8 /* AF_Structure_Output.strings */ = {isa = PBXFileReference; fileEncoding = 4; lastKnownFileType = text.plist.strings; path = AF_Structure_Output.strings; sourceTree = "<group>"; };
		9187BFB520B5D0A600266EF8 /* AF_Structure_Factories.swift */ = {isa = PBXFileReference; fileEncoding = 4; lastKnownFileType = sourcecode.swift; path = AF_Structure_Factories.swift; sourceTree = "<group>"; };
		9187BFB620B5D0A600266EF8 /* AF_Structure_ClientCode.swift */ = {isa = PBXFileReference; fileEncoding = 4; lastKnownFileType = sourcecode.swift; path = AF_Structure_ClientCode.swift; sourceTree = "<group>"; };
		9187BFB720B5D0A600266EF8 /* AF_Structure_Products.swift */ = {isa = PBXFileReference; fileEncoding = 4; lastKnownFileType = sourcecode.swift; path = AF_Structure_Products.swift; sourceTree = "<group>"; };
		9187BFBA20B5D0A600266EF8 /* FM_Real_Factory.swift */ = {isa = PBXFileReference; fileEncoding = 4; lastKnownFileType = sourcecode.swift; path = FM_Real_Factory.swift; sourceTree = "<group>"; };
		9187BFBB20B5D0A600266EF8 /* FM_Real_ClientCode.swift */ = {isa = PBXFileReference; fileEncoding = 4; lastKnownFileType = sourcecode.swift; path = FM_Real_ClientCode.swift; sourceTree = "<group>"; };
		9187BFBC20B5D0A600266EF8 /* FM_Real_Output.strings */ = {isa = PBXFileReference; fileEncoding = 4; lastKnownFileType = text.plist.strings; path = FM_Real_Output.strings; sourceTree = "<group>"; };
		9187BFBD20B5D0A600266EF8 /* FM_Real_Projector.swift */ = {isa = PBXFileReference; fileEncoding = 4; lastKnownFileType = sourcecode.swift; path = FM_Real_Projector.swift; sourceTree = "<group>"; };
		9187BFBF20B5D0A600266EF8 /* FM_Structure_ClientCode.swift */ = {isa = PBXFileReference; fileEncoding = 4; lastKnownFileType = sourcecode.swift; path = FM_Structure_ClientCode.swift; sourceTree = "<group>"; };
		9187BFC020B5D0A600266EF8 /* FM_Structure_Creators.swift */ = {isa = PBXFileReference; fileEncoding = 4; lastKnownFileType = sourcecode.swift; path = FM_Structure_Creators.swift; sourceTree = "<group>"; };
		9187BFC120B5D0A600266EF8 /* FM_Structure_Products.swift */ = {isa = PBXFileReference; fileEncoding = 4; lastKnownFileType = sourcecode.swift; path = FM_Structure_Products.swift; sourceTree = "<group>"; };
		9187BFC220B5D0A600266EF8 /* FM_Structure_Output.strings */ = {isa = PBXFileReference; fileEncoding = 4; lastKnownFileType = text.plist.strings; path = FM_Structure_Output.strings; sourceTree = "<group>"; };
		9187BFC520B5D0A700266EF8 /* SG_Real_VC.swift */ = {isa = PBXFileReference; fileEncoding = 4; lastKnownFileType = sourcecode.swift; path = SG_Real_VC.swift; sourceTree = "<group>"; };
		9187BFC620B5D0A700266EF8 /* SG_Real_Service.swift */ = {isa = PBXFileReference; fileEncoding = 4; lastKnownFileType = sourcecode.swift; path = SG_Real_Service.swift; sourceTree = "<group>"; };
		9187BFC720B5D0A700266EF8 /* SG_Real_Service_IO.swift */ = {isa = PBXFileReference; fileEncoding = 4; lastKnownFileType = sourcecode.swift; path = SG_Real_Service_IO.swift; sourceTree = "<group>"; };
		9187BFC820B5D0A700266EF8 /* SG_Real_Output.strings */ = {isa = PBXFileReference; fileEncoding = 4; lastKnownFileType = text.plist.strings; path = SG_Real_Output.strings; sourceTree = "<group>"; };
		9187BFC920B5D0A700266EF8 /* SG_Real_ClientCode.swift */ = {isa = PBXFileReference; fileEncoding = 4; lastKnownFileType = sourcecode.swift; path = SG_Real_ClientCode.swift; sourceTree = "<group>"; };
		9187BFCB20B5D0A700266EF8 /* SG_Structure_Output.strings */ = {isa = PBXFileReference; fileEncoding = 4; lastKnownFileType = text.plist.strings; path = SG_Structure_Output.strings; sourceTree = "<group>"; };
		9187BFCC20B5D0A700266EF8 /* SG_Structure_ClientCode.swift */ = {isa = PBXFileReference; fileEncoding = 4; lastKnownFileType = sourcecode.swift; path = SG_Structure_ClientCode.swift; sourceTree = "<group>"; };
		9187BFCF20B5D0A700266EF8 /* BL_Real_DataProviders.swift */ = {isa = PBXFileReference; fileEncoding = 4; lastKnownFileType = sourcecode.swift; path = BL_Real_DataProviders.swift; sourceTree = "<group>"; };
		9187BFD020B5D0A700266EF8 /* BL_Real_Builders.swift */ = {isa = PBXFileReference; fileEncoding = 4; lastKnownFileType = sourcecode.swift; path = BL_Real_Builders.swift; sourceTree = "<group>"; };
		9187BFD120B5D0A700266EF8 /* BL_Real_Query.swift */ = {isa = PBXFileReference; fileEncoding = 4; lastKnownFileType = sourcecode.swift; path = BL_Real_Query.swift; sourceTree = "<group>"; };
		9187BFD220B5D0A700266EF8 /* BL_Real_ClientCode.swift */ = {isa = PBXFileReference; fileEncoding = 4; lastKnownFileType = sourcecode.swift; path = BL_Real_ClientCode.swift; sourceTree = "<group>"; };
		9187BFD320B5D0A700266EF8 /* BL_Real_Output.strings */ = {isa = PBXFileReference; fileEncoding = 4; lastKnownFileType = text.plist.strings; path = BL_Real_Output.strings; sourceTree = "<group>"; };
		9187BFD520B5D0A700266EF8 /* BL_Structure_ClientCode.swift */ = {isa = PBXFileReference; fileEncoding = 4; lastKnownFileType = sourcecode.swift; path = BL_Structure_ClientCode.swift; sourceTree = "<group>"; };
		9187BFD620B5D0A700266EF8 /* BL_Structure_Builders.swift */ = {isa = PBXFileReference; fileEncoding = 4; lastKnownFileType = sourcecode.swift; path = BL_Structure_Builders.swift; sourceTree = "<group>"; };
		9187BFD720B5D0A700266EF8 /* BL_Structure_Directors.swift */ = {isa = PBXFileReference; fileEncoding = 4; lastKnownFileType = sourcecode.swift; path = BL_Structure_Directors.swift; sourceTree = "<group>"; };
		9187BFD820B5D0A700266EF8 /* BL_Structure_Output.strings */ = {isa = PBXFileReference; fileEncoding = 4; lastKnownFileType = text.plist.strings; path = BL_Structure_Output.strings; sourceTree = "<group>"; };
		9187BFD920B5D0A700266EF8 /* BL_Structure_Products.swift */ = {isa = PBXFileReference; fileEncoding = 4; lastKnownFileType = sourcecode.swift; path = BL_Structure_Products.swift; sourceTree = "<group>"; };
		9187BFDC20B5D0A700266EF8 /* BR_Real_ClientCode.swift */ = {isa = PBXFileReference; fileEncoding = 4; lastKnownFileType = sourcecode.swift; path = BR_Real_ClientCode.swift; sourceTree = "<group>"; };
		9187BFDE20B5D0A700266EF8 /* BR_Structure_Output.strings */ = {isa = PBXFileReference; fileEncoding = 4; lastKnownFileType = text.plist.strings; path = BR_Structure_Output.strings; sourceTree = "<group>"; };
		9187BFDF20B5D0A700266EF8 /* BR_Structure_ClientCode.swift */ = {isa = PBXFileReference; fileEncoding = 4; lastKnownFileType = sourcecode.swift; path = BR_Structure_ClientCode.swift; sourceTree = "<group>"; };
		9187BFE220B5D0A700266EF8 /* AD_Real_Output.strings */ = {isa = PBXFileReference; fileEncoding = 4; lastKnownFileType = text.plist.strings; path = AD_Real_Output.strings; sourceTree = "<group>"; };
		9187BFE320B5D0A700266EF8 /* AD_Real_ClientCode.swift */ = {isa = PBXFileReference; fileEncoding = 4; lastKnownFileType = sourcecode.swift; path = AD_Real_ClientCode.swift; sourceTree = "<group>"; };
		9187BFE520B5D0A700266EF8 /* AD_Structure_ClientCode.swift */ = {isa = PBXFileReference; fileEncoding = 4; lastKnownFileType = sourcecode.swift; path = AD_Structure_ClientCode.swift; sourceTree = "<group>"; };
		9187BFE620B5D0A700266EF8 /* AD_Structure_Output.strings */ = {isa = PBXFileReference; fileEncoding = 4; lastKnownFileType = text.plist.strings; path = AD_Structure_Output.strings; sourceTree = "<group>"; };
		9187BFE920B5D0A700266EF8 /* PT_Real_Output.strings */ = {isa = PBXFileReference; fileEncoding = 4; lastKnownFileType = text.plist.strings; path = PT_Real_Output.strings; sourceTree = "<group>"; };
		9187BFEA20B5D0A700266EF8 /* PT_Real_ClientCode.swift */ = {isa = PBXFileReference; fileEncoding = 4; lastKnownFileType = sourcecode.swift; path = PT_Real_ClientCode.swift; sourceTree = "<group>"; };
		9187BFEC20B5D0A700266EF8 /* PT_NSCopying_Output.strings */ = {isa = PBXFileReference; fileEncoding = 4; lastKnownFileType = text.plist.strings; path = PT_NSCopying_Output.strings; sourceTree = "<group>"; };
		9187BFED20B5D0A700266EF8 /* PT_NSCopying_Prototype.swift */ = {isa = PBXFileReference; fileEncoding = 4; lastKnownFileType = sourcecode.swift; path = PT_NSCopying_Prototype.swift; sourceTree = "<group>"; };
		9187BFEE20B5D0A700266EF8 /* PT_NSCopying_ClientCode.swift */ = {isa = PBXFileReference; fileEncoding = 4; lastKnownFileType = sourcecode.swift; path = PT_NSCopying_ClientCode.swift; sourceTree = "<group>"; };
/* End PBXFileReference section */

/* Begin PBXFrameworksBuildPhase section */
		9139FA892088D85F00229150 /* Frameworks */ = {
			isa = PBXFrameworksBuildPhase;
			buildActionMask = 2147483647;
			files = (
			);
			runOnlyForDeploymentPostprocessing = 0;
		};
/* End PBXFrameworksBuildPhase section */

/* Begin PBXGroup section */
		9139FA6F2088D85C00229150 = {
			isa = PBXGroup;
			children = (
				913FF2252097835E00193902 /* ProjectBundle */,
				914ADA0420B2D4D200E0A74F /* Sources */,
				9139FA792088D85C00229150 /* Products */,
			);
			sourceTree = "<group>";
		};
		9139FA792088D85C00229150 /* Products */ = {
			isa = PBXGroup;
			children = (
				9139FA8C2088D85F00229150 /* RefactoringGuru.Patterns.xctest */,
			);
			name = Products;
			sourceTree = "<group>";
		};
		913FF2252097835E00193902 /* ProjectBundle */ = {
			isa = PBXGroup;
			children = (
				913FF2262097835E00193902 /* Info.plist */,
			);
			path = ProjectBundle;
			sourceTree = "<group>";
		};
		914ADA0420B2D4D200E0A74F /* Sources */ = {
			isa = PBXGroup;
			children = (
				9187BFA920B5D0A600266EF8 /* AbstractFactory */,
				9187BFE020B5D0A700266EF8 /* Adapter */,
				9187BFDA20B5D0A700266EF8 /* Bridge */,
				9187BFCD20B5D0A700266EF8 /* Builder */,
				9187BFB820B5D0A600266EF8 /* FactoryMethod */,
				9187BFE720B5D0A700266EF8 /* Prototype */,
				9187BFC320B5D0A700266EF8 /* Singleton */,
			);
			path = Sources;
			sourceTree = "<group>";
		};
		9187BFA920B5D0A600266EF8 /* AbstractFactory */ = {
			isa = PBXGroup;
			children = (
				9187BFAA20B5D0A600266EF8 /* RealWorldExample */,
				9187BFB320B5D0A600266EF8 /* StructureExample */,
			);
			path = AbstractFactory;
			sourceTree = "<group>";
		};
		9187BFAA20B5D0A600266EF8 /* RealWorldExample */ = {
			isa = PBXGroup;
			children = (
				9187BFAB20B5D0A600266EF8 /* AF_Real_Output.strings */,
				9187BFAC20B5D0A600266EF8 /* AF_Real_AuthController.swift */,
				9187BFAD20B5D0A600266EF8 /* AF_Real_AuthFactory.swift */,
				9187BFAE20B5D0A600266EF8 /* Views */,
				9187BFB220B5D0A600266EF8 /* AF_Real_ClientCode.swift */,
			);
			path = RealWorldExample;
			sourceTree = "<group>";
		};
		9187BFAE20B5D0A600266EF8 /* Views */ = {
			isa = PBXGroup;
			children = (
				9187BFAF20B5D0A600266EF8 /* AF_StudentViews.swift */,
				9187BFB020B5D0A600266EF8 /* AF_TeacherViews.swift */,
				9187BFB120B5D0A600266EF8 /* AF_AuthView.swift */,
			);
			path = Views;
			sourceTree = "<group>";
		};
		9187BFB320B5D0A600266EF8 /* StructureExample */ = {
			isa = PBXGroup;
			children = (
				9187BFB420B5D0A600266EF8 /* AF_Structure_Output.strings */,
				9187BFB520B5D0A600266EF8 /* AF_Structure_Factories.swift */,
				9187BFB620B5D0A600266EF8 /* AF_Structure_ClientCode.swift */,
				9187BFB720B5D0A600266EF8 /* AF_Structure_Products.swift */,
			);
			path = StructureExample;
			sourceTree = "<group>";
		};
		9187BFB820B5D0A600266EF8 /* FactoryMethod */ = {
			isa = PBXGroup;
			children = (
				9187BFB920B5D0A600266EF8 /* RealWorldExample */,
				9187BFBE20B5D0A600266EF8 /* StructureExample */,
			);
			path = FactoryMethod;
			sourceTree = "<group>";
		};
		9187BFB920B5D0A600266EF8 /* RealWorldExample */ = {
			isa = PBXGroup;
			children = (
				9187BFBA20B5D0A600266EF8 /* FM_Real_Factory.swift */,
				9187BFBB20B5D0A600266EF8 /* FM_Real_ClientCode.swift */,
				9187BFBC20B5D0A600266EF8 /* FM_Real_Output.strings */,
				9187BFBD20B5D0A600266EF8 /* FM_Real_Projector.swift */,
			);
			path = RealWorldExample;
			sourceTree = "<group>";
		};
		9187BFBE20B5D0A600266EF8 /* StructureExample */ = {
			isa = PBXGroup;
			children = (
				9187BFBF20B5D0A600266EF8 /* FM_Structure_ClientCode.swift */,
				9187BFC020B5D0A600266EF8 /* FM_Structure_Creators.swift */,
				9187BFC120B5D0A600266EF8 /* FM_Structure_Products.swift */,
				9187BFC220B5D0A600266EF8 /* FM_Structure_Output.strings */,
			);
			path = StructureExample;
			sourceTree = "<group>";
		};
		9187BFC320B5D0A700266EF8 /* Singleton */ = {
			isa = PBXGroup;
			children = (
				9187BFC420B5D0A700266EF8 /* RealWorldExample */,
				9187BFCA20B5D0A700266EF8 /* StructureExample */,
			);
			path = Singleton;
			sourceTree = "<group>";
		};
		9187BFC420B5D0A700266EF8 /* RealWorldExample */ = {
			isa = PBXGroup;
			children = (
				9187BFC520B5D0A700266EF8 /* SG_Real_VC.swift */,
				9187BFC620B5D0A700266EF8 /* SG_Real_Service.swift */,
				9187BFC720B5D0A700266EF8 /* SG_Real_Service_IO.swift */,
				9187BFC820B5D0A700266EF8 /* SG_Real_Output.strings */,
				9187BFC920B5D0A700266EF8 /* SG_Real_ClientCode.swift */,
			);
			path = RealWorldExample;
			sourceTree = "<group>";
		};
		9187BFCA20B5D0A700266EF8 /* StructureExample */ = {
			isa = PBXGroup;
			children = (
				9187BFCB20B5D0A700266EF8 /* SG_Structure_Output.strings */,
				9187BFCC20B5D0A700266EF8 /* SG_Structure_ClientCode.swift */,
			);
			path = StructureExample;
			sourceTree = "<group>";
		};
		9187BFCD20B5D0A700266EF8 /* Builder */ = {
			isa = PBXGroup;
			children = (
				9187BFCE20B5D0A700266EF8 /* RealWorldExample */,
				9187BFD420B5D0A700266EF8 /* StructureExample */,
			);
			path = Builder;
			sourceTree = "<group>";
		};
		9187BFCE20B5D0A700266EF8 /* RealWorldExample */ = {
			isa = PBXGroup;
			children = (
				9187BFCF20B5D0A700266EF8 /* BL_Real_DataProviders.swift */,
				9187BFD020B5D0A700266EF8 /* BL_Real_Builders.swift */,
				9187BFD120B5D0A700266EF8 /* BL_Real_Query.swift */,
				9187BFD220B5D0A700266EF8 /* BL_Real_ClientCode.swift */,
				9187BFD320B5D0A700266EF8 /* BL_Real_Output.strings */,
			);
			path = RealWorldExample;
			sourceTree = "<group>";
		};
		9187BFD420B5D0A700266EF8 /* StructureExample */ = {
			isa = PBXGroup;
			children = (
				9187BFD520B5D0A700266EF8 /* BL_Structure_ClientCode.swift */,
				9187BFD620B5D0A700266EF8 /* BL_Structure_Builders.swift */,
				9187BFD720B5D0A700266EF8 /* BL_Structure_Directors.swift */,
				9187BFD820B5D0A700266EF8 /* BL_Structure_Output.strings */,
				9187BFD920B5D0A700266EF8 /* BL_Structure_Products.swift */,
			);
			path = StructureExample;
			sourceTree = "<group>";
		};
		9187BFDA20B5D0A700266EF8 /* Bridge */ = {
			isa = PBXGroup;
			children = (
				9187BFDB20B5D0A700266EF8 /* RealWorldExample */,
				9187BFDD20B5D0A700266EF8 /* StructureExample */,
			);
			path = Bridge;
			sourceTree = "<group>";
		};
		9187BFDB20B5D0A700266EF8 /* RealWorldExample */ = {
			isa = PBXGroup;
			children = (
				9187BFDC20B5D0A700266EF8 /* BR_Real_ClientCode.swift */,
			);
			path = RealWorldExample;
			sourceTree = "<group>";
		};
		9187BFDD20B5D0A700266EF8 /* StructureExample */ = {
			isa = PBXGroup;
			children = (
				9187BFDE20B5D0A700266EF8 /* BR_Structure_Output.strings */,
				9187BFDF20B5D0A700266EF8 /* BR_Structure_ClientCode.swift */,
			);
			path = StructureExample;
			sourceTree = "<group>";
		};
		9187BFE020B5D0A700266EF8 /* Adapter */ = {
			isa = PBXGroup;
			children = (
				9187BFE120B5D0A700266EF8 /* RealWorldExample */,
				9187BFE420B5D0A700266EF8 /* StructureExample */,
			);
			path = Adapter;
			sourceTree = "<group>";
		};
		9187BFE120B5D0A700266EF8 /* RealWorldExample */ = {
			isa = PBXGroup;
			children = (
				9187BFE220B5D0A700266EF8 /* AD_Real_Output.strings */,
				9187BFE320B5D0A700266EF8 /* AD_Real_ClientCode.swift */,
			);
			path = RealWorldExample;
			sourceTree = "<group>";
		};
		9187BFE420B5D0A700266EF8 /* StructureExample */ = {
			isa = PBXGroup;
			children = (
				9187BFE520B5D0A700266EF8 /* AD_Structure_ClientCode.swift */,
				9187BFE620B5D0A700266EF8 /* AD_Structure_Output.strings */,
			);
			path = StructureExample;
			sourceTree = "<group>";
		};
		9187BFE720B5D0A700266EF8 /* Prototype */ = {
			isa = PBXGroup;
			children = (
				9187BFE820B5D0A700266EF8 /* RealWorldExample */,
				9187BFEB20B5D0A700266EF8 /* StructureExample */,
			);
			path = Prototype;
			sourceTree = "<group>";
		};
		9187BFE820B5D0A700266EF8 /* RealWorldExample */ = {
			isa = PBXGroup;
			children = (
				9187BFE920B5D0A700266EF8 /* PT_Real_Output.strings */,
				9187BFEA20B5D0A700266EF8 /* PT_Real_ClientCode.swift */,
			);
			path = RealWorldExample;
			sourceTree = "<group>";
		};
		9187BFEB20B5D0A700266EF8 /* StructureExample */ = {
			isa = PBXGroup;
			children = (
				9187BFEC20B5D0A700266EF8 /* PT_NSCopying_Output.strings */,
				9187BFED20B5D0A700266EF8 /* PT_NSCopying_Prototype.swift */,
				9187BFEE20B5D0A700266EF8 /* PT_NSCopying_ClientCode.swift */,
			);
			path = StructureExample;
			sourceTree = "<group>";
		};
/* End PBXGroup section */

/* Begin PBXNativeTarget section */
		9139FA8B2088D85F00229150 /* RefactoringGuru.Patterns */ = {
			isa = PBXNativeTarget;
			buildConfigurationList = 9139FA982088D85F00229150 /* Build configuration list for PBXNativeTarget "RefactoringGuru.Patterns" */;
			buildPhases = (
				9139FA882088D85F00229150 /* Sources */,
				9139FA892088D85F00229150 /* Frameworks */,
				9139FA8A2088D85F00229150 /* Resources */,
			);
			buildRules = (
			);
			dependencies = (
			);
			name = RefactoringGuru.Patterns;
			productName = PatternsTests;
			productReference = 9139FA8C2088D85F00229150 /* RefactoringGuru.Patterns.xctest */;
			productType = "com.apple.product-type.bundle.unit-test";
		};
/* End PBXNativeTarget section */

/* Begin PBXProject section */
		9139FA702088D85C00229150 /* Project object */ = {
			isa = PBXProject;
			attributes = {
				LastSwiftUpdateCheck = 0930;
				LastUpgradeCheck = 0930;
				ORGANIZATIONNAME = "Eremenko Maxim";
				TargetAttributes = {
					9139FA8B2088D85F00229150 = {
						CreatedOnToolsVersion = 9.3;
						ProvisioningStyle = Automatic;
						TestTargetID = 9139FA772088D85C00229150;
					};
				};
			};
			buildConfigurationList = 9139FA732088D85C00229150 /* Build configuration list for PBXProject "RefactoringGuru.Patterns" */;
			compatibilityVersion = "Xcode 8.0";
			developmentRegion = en;
			hasScannedForEncodings = 0;
			knownRegions = (
				en,
				Base,
			);
			mainGroup = 9139FA6F2088D85C00229150;
			productRefGroup = 9139FA792088D85C00229150 /* Products */;
			projectDirPath = "";
			projectRoot = "";
			targets = (
				9139FA8B2088D85F00229150 /* RefactoringGuru.Patterns */,
			);
		};
/* End PBXProject section */

/* Begin PBXResourcesBuildPhase section */
		9139FA8A2088D85F00229150 /* Resources */ = {
			isa = PBXResourcesBuildPhase;
			buildActionMask = 2147483647;
			files = (
				9187BFFC20B5D0A700266EF8 /* FM_Real_Output.strings in Resources */,
				9187C01920B5D0A700266EF8 /* AD_Structure_Output.strings in Resources */,
				9187C01120B5D0A700266EF8 /* BL_Structure_Output.strings in Resources */,
				9187BFF620B5D0A700266EF8 /* AF_Structure_Output.strings in Resources */,
				9187C00120B5D0A700266EF8 /* FM_Structure_Output.strings in Resources */,
				9187BFEF20B5D0A700266EF8 /* AF_Real_Output.strings in Resources */,
				9187C00D20B5D0A700266EF8 /* BL_Real_Output.strings in Resources */,
				9187C01620B5D0A700266EF8 /* AD_Real_Output.strings in Resources */,
				9187C01420B5D0A700266EF8 /* BR_Structure_Output.strings in Resources */,
				9187C01A20B5D0A700266EF8 /* PT_Real_Output.strings in Resources */,
				9187C01C20B5D0A700266EF8 /* PT_NSCopying_Output.strings in Resources */,
				9187C00520B5D0A700266EF8 /* SG_Real_Output.strings in Resources */,
				9187C00720B5D0A700266EF8 /* SG_Structure_Output.strings in Resources */,
			);
			runOnlyForDeploymentPostprocessing = 0;
		};
/* End PBXResourcesBuildPhase section */

/* Begin PBXSourcesBuildPhase section */
		9139FA882088D85F00229150 /* Sources */ = {
			isa = PBXSourcesBuildPhase;
			buildActionMask = 2147483647;
			files = (
				9187C00220B5D0A700266EF8 /* SG_Real_VC.swift in Sources */,
				9187BFF920B5D0A700266EF8 /* AF_Structure_Products.swift in Sources */,
				9187BFF820B5D0A700266EF8 /* AF_Structure_ClientCode.swift in Sources */,
				9187BFF320B5D0A700266EF8 /* AF_TeacherViews.swift in Sources */,
				9187BFFD20B5D0A700266EF8 /* FM_Real_Projector.swift in Sources */,
				9187C00C20B5D0A700266EF8 /* BL_Real_ClientCode.swift in Sources */,
				9187C01820B5D0A700266EF8 /* AD_Structure_ClientCode.swift in Sources */,
				9187C01320B5D0A700266EF8 /* BR_Real_ClientCode.swift in Sources */,
				9187C01520B5D0A700266EF8 /* BR_Structure_ClientCode.swift in Sources */,
				9187C00420B5D0A700266EF8 /* SG_Real_Service_IO.swift in Sources */,
				9187C01220B5D0A700266EF8 /* BL_Structure_Products.swift in Sources */,
				9187C01D20B5D0A700266EF8 /* PT_NSCopying_Prototype.swift in Sources */,
				9187C00620B5D0A700266EF8 /* SG_Real_ClientCode.swift in Sources */,
				9187C00E20B5D0A700266EF8 /* BL_Structure_ClientCode.swift in Sources */,
				9187BFF020B5D0A700266EF8 /* AF_Real_AuthController.swift in Sources */,
				9187C00920B5D0A700266EF8 /* BL_Real_DataProviders.swift in Sources */,
				9187C01E20B5D0A700266EF8 /* PT_NSCopying_ClientCode.swift in Sources */,
				9187C00020B5D0A700266EF8 /* FM_Structure_Products.swift in Sources */,
				9187BFFB20B5D0A700266EF8 /* FM_Real_ClientCode.swift in Sources */,
				9187BFF120B5D0A700266EF8 /* AF_Real_AuthFactory.swift in Sources */,
				9187C00820B5D0A700266EF8 /* SG_Structure_ClientCode.swift in Sources */,
				9187BFF420B5D0A700266EF8 /* AF_AuthView.swift in Sources */,
				9187C00320B5D0A700266EF8 /* SG_Real_Service.swift in Sources */,
				9187C00F20B5D0A700266EF8 /* BL_Structure_Builders.swift in Sources */,
				9187C00A20B5D0A700266EF8 /* BL_Real_Builders.swift in Sources */,
				9187BFF520B5D0A700266EF8 /* AF_Real_ClientCode.swift in Sources */,
				9187BFFF20B5D0A700266EF8 /* FM_Structure_Creators.swift in Sources */,
				9187BFFE20B5D0A700266EF8 /* FM_Structure_ClientCode.swift in Sources */,
				9187C01720B5D0A700266EF8 /* AD_Real_ClientCode.swift in Sources */,
				9187C00B20B5D0A700266EF8 /* BL_Real_Query.swift in Sources */,
				9187BFFA20B5D0A700266EF8 /* FM_Real_Factory.swift in Sources */,
				9187C01020B5D0A700266EF8 /* BL_Structure_Directors.swift in Sources */,
				9187BFF720B5D0A700266EF8 /* AF_Structure_Factories.swift in Sources */,
				9187BFF220B5D0A700266EF8 /* AF_StudentViews.swift in Sources */,
				9187C01B20B5D0A700266EF8 /* PT_Real_ClientCode.swift in Sources */,
			);
			runOnlyForDeploymentPostprocessing = 0;
		};
/* End PBXSourcesBuildPhase section */

/* Begin XCBuildConfiguration section */
		9139FA932088D85F00229150 /* Debug */ = {
			isa = XCBuildConfiguration;
			buildSettings = {
				ALWAYS_SEARCH_USER_PATHS = NO;
				CLANG_ANALYZER_NONNULL = YES;
				CLANG_ANALYZER_NUMBER_OBJECT_CONVERSION = YES_AGGRESSIVE;
				CLANG_CXX_LANGUAGE_STANDARD = "gnu++14";
				CLANG_CXX_LIBRARY = "libc++";
				CLANG_ENABLE_MODULES = YES;
				CLANG_ENABLE_OBJC_ARC = YES;
				CLANG_ENABLE_OBJC_WEAK = YES;
				CLANG_WARN_BLOCK_CAPTURE_AUTORELEASING = YES;
				CLANG_WARN_BOOL_CONVERSION = YES;
				CLANG_WARN_COMMA = YES;
				CLANG_WARN_CONSTANT_CONVERSION = YES;
				CLANG_WARN_DEPRECATED_OBJC_IMPLEMENTATIONS = YES;
				CLANG_WARN_DIRECT_OBJC_ISA_USAGE = YES_ERROR;
				CLANG_WARN_DOCUMENTATION_COMMENTS = YES;
				CLANG_WARN_EMPTY_BODY = YES;
				CLANG_WARN_ENUM_CONVERSION = YES;
				CLANG_WARN_INFINITE_RECURSION = YES;
				CLANG_WARN_INT_CONVERSION = YES;
				CLANG_WARN_NON_LITERAL_NULL_CONVERSION = YES;
				CLANG_WARN_OBJC_IMPLICIT_RETAIN_SELF = YES;
				CLANG_WARN_OBJC_LITERAL_CONVERSION = YES;
				CLANG_WARN_OBJC_ROOT_CLASS = YES_ERROR;
				CLANG_WARN_RANGE_LOOP_ANALYSIS = YES;
				CLANG_WARN_STRICT_PROTOTYPES = YES;
				CLANG_WARN_SUSPICIOUS_MOVE = YES;
				CLANG_WARN_UNGUARDED_AVAILABILITY = YES_AGGRESSIVE;
				CLANG_WARN_UNREACHABLE_CODE = YES;
				CLANG_WARN__DUPLICATE_METHOD_MATCH = YES;
				CODE_SIGN_IDENTITY = "iPhone Developer";
				COPY_PHASE_STRIP = NO;
				DEBUG_INFORMATION_FORMAT = dwarf;
				ENABLE_STRICT_OBJC_MSGSEND = YES;
				ENABLE_TESTABILITY = YES;
				GCC_C_LANGUAGE_STANDARD = gnu11;
				GCC_DYNAMIC_NO_PIC = NO;
				GCC_NO_COMMON_BLOCKS = YES;
				GCC_OPTIMIZATION_LEVEL = 0;
				GCC_PREPROCESSOR_DEFINITIONS = (
					"DEBUG=1",
					"$(inherited)",
				);
				GCC_WARN_64_TO_32_BIT_CONVERSION = YES;
				GCC_WARN_ABOUT_RETURN_TYPE = YES_ERROR;
				GCC_WARN_UNDECLARED_SELECTOR = YES;
				GCC_WARN_UNINITIALIZED_AUTOS = YES_AGGRESSIVE;
				GCC_WARN_UNUSED_FUNCTION = YES;
				GCC_WARN_UNUSED_VARIABLE = YES;
				IPHONEOS_DEPLOYMENT_TARGET = 11.3;
				MTL_ENABLE_DEBUG_INFO = YES;
				ONLY_ACTIVE_ARCH = YES;
				SDKROOT = iphoneos;
				SWIFT_ACTIVE_COMPILATION_CONDITIONS = DEBUG;
				SWIFT_OPTIMIZATION_LEVEL = "-Onone";
			};
			name = Debug;
		};
		9139FA942088D85F00229150 /* Release */ = {
			isa = XCBuildConfiguration;
			buildSettings = {
				ALWAYS_SEARCH_USER_PATHS = NO;
				CLANG_ANALYZER_NONNULL = YES;
				CLANG_ANALYZER_NUMBER_OBJECT_CONVERSION = YES_AGGRESSIVE;
				CLANG_CXX_LANGUAGE_STANDARD = "gnu++14";
				CLANG_CXX_LIBRARY = "libc++";
				CLANG_ENABLE_MODULES = YES;
				CLANG_ENABLE_OBJC_ARC = YES;
				CLANG_ENABLE_OBJC_WEAK = YES;
				CLANG_WARN_BLOCK_CAPTURE_AUTORELEASING = YES;
				CLANG_WARN_BOOL_CONVERSION = YES;
				CLANG_WARN_COMMA = YES;
				CLANG_WARN_CONSTANT_CONVERSION = YES;
				CLANG_WARN_DEPRECATED_OBJC_IMPLEMENTATIONS = YES;
				CLANG_WARN_DIRECT_OBJC_ISA_USAGE = YES_ERROR;
				CLANG_WARN_DOCUMENTATION_COMMENTS = YES;
				CLANG_WARN_EMPTY_BODY = YES;
				CLANG_WARN_ENUM_CONVERSION = YES;
				CLANG_WARN_INFINITE_RECURSION = YES;
				CLANG_WARN_INT_CONVERSION = YES;
				CLANG_WARN_NON_LITERAL_NULL_CONVERSION = YES;
				CLANG_WARN_OBJC_IMPLICIT_RETAIN_SELF = YES;
				CLANG_WARN_OBJC_LITERAL_CONVERSION = YES;
				CLANG_WARN_OBJC_ROOT_CLASS = YES_ERROR;
				CLANG_WARN_RANGE_LOOP_ANALYSIS = YES;
				CLANG_WARN_STRICT_PROTOTYPES = YES;
				CLANG_WARN_SUSPICIOUS_MOVE = YES;
				CLANG_WARN_UNGUARDED_AVAILABILITY = YES_AGGRESSIVE;
				CLANG_WARN_UNREACHABLE_CODE = YES;
				CLANG_WARN__DUPLICATE_METHOD_MATCH = YES;
				CODE_SIGN_IDENTITY = "iPhone Developer";
				COPY_PHASE_STRIP = NO;
				DEBUG_INFORMATION_FORMAT = "dwarf-with-dsym";
				ENABLE_NS_ASSERTIONS = NO;
				ENABLE_STRICT_OBJC_MSGSEND = YES;
				GCC_C_LANGUAGE_STANDARD = gnu11;
				GCC_NO_COMMON_BLOCKS = YES;
				GCC_WARN_64_TO_32_BIT_CONVERSION = YES;
				GCC_WARN_ABOUT_RETURN_TYPE = YES_ERROR;
				GCC_WARN_UNDECLARED_SELECTOR = YES;
				GCC_WARN_UNINITIALIZED_AUTOS = YES_AGGRESSIVE;
				GCC_WARN_UNUSED_FUNCTION = YES;
				GCC_WARN_UNUSED_VARIABLE = YES;
				IPHONEOS_DEPLOYMENT_TARGET = 11.3;
				MTL_ENABLE_DEBUG_INFO = NO;
				SDKROOT = iphoneos;
				SWIFT_OPTIMIZATION_LEVEL = "-Owholemodule";
				VALIDATE_PRODUCT = YES;
			};
			name = Release;
		};
		9139FA992088D85F00229150 /* Debug */ = {
			isa = XCBuildConfiguration;
			buildSettings = {
				ALWAYS_EMBED_SWIFT_STANDARD_LIBRARIES = YES;
				BUNDLE_LOADER = "$(TEST_HOST)";
				CODE_SIGN_STYLE = Automatic;
				INFOPLIST_FILE = ProjectBundle/Info.plist;
				IPHONEOS_DEPLOYMENT_TARGET = 11.0;
				LD_RUNPATH_SEARCH_PATHS = "$(inherited) @executable_path/Frameworks @loader_path/Frameworks";
				OTHER_LDFLAGS = "";
				PRODUCT_BUNDLE_IDENTIFIER = com.maxim.eremenko.PatternsTests;
				PRODUCT_NAME = "$(TARGET_NAME)";
				SWIFT_VERSION = 4.0;
				TARGETED_DEVICE_FAMILY = "1,2";
				TEST_HOST = "";
			};
			name = Debug;
		};
		9139FA9A2088D85F00229150 /* Release */ = {
			isa = XCBuildConfiguration;
			buildSettings = {
				ALWAYS_EMBED_SWIFT_STANDARD_LIBRARIES = YES;
				BUNDLE_LOADER = "$(TEST_HOST)";
				CODE_SIGN_STYLE = Automatic;
				INFOPLIST_FILE = ProjectBundle/Info.plist;
				IPHONEOS_DEPLOYMENT_TARGET = 11.0;
				LD_RUNPATH_SEARCH_PATHS = "$(inherited) @executable_path/Frameworks @loader_path/Frameworks";
				OTHER_LDFLAGS = "";
				PRODUCT_BUNDLE_IDENTIFIER = com.maxim.eremenko.PatternsTests;
				PRODUCT_NAME = "$(TARGET_NAME)";
				SWIFT_VERSION = 4.0;
				TARGETED_DEVICE_FAMILY = "1,2";
				TEST_HOST = "";
			};
			name = Release;
		};
/* End XCBuildConfiguration section */

/* Begin XCConfigurationList section */
		9139FA732088D85C00229150 /* Build configuration list for PBXProject "RefactoringGuru.Patterns" */ = {
			isa = XCConfigurationList;
			buildConfigurations = (
				9139FA932088D85F00229150 /* Debug */,
				9139FA942088D85F00229150 /* Release */,
			);
			defaultConfigurationIsVisible = 0;
			defaultConfigurationName = Release;
		};
		9139FA982088D85F00229150 /* Build configuration list for PBXNativeTarget "RefactoringGuru.Patterns" */ = {
			isa = XCConfigurationList;
			buildConfigurations = (
				9139FA992088D85F00229150 /* Debug */,
				9139FA9A2088D85F00229150 /* Release */,
			);
			defaultConfigurationIsVisible = 0;
			defaultConfigurationName = Release;
		};
/* End XCConfigurationList section */
	};
	rootObject = 9139FA702088D85C00229150 /* Project object */;
}
