// !$*UTF8*$!
{
	archiveVersion = 1;
	classes = {
	};
	objectVersion = 48;
	objects = {

/* Begin PBXBuildFile section */
		916B889B20BC587D00BA92DF /* DecoratorStructuralExample.swift in Sources */ = {isa = PBXBuildFile; fileRef = 916B889A20BC587D00BA92DF /* DecoratorStructuralExample.swift */; };
		9187BFFB20B5D0A700266EF8 /* FactoryMethodRealExample.swift in Sources */ = {isa = PBXBuildFile; fileRef = 9187BFBB20B5D0A600266EF8 /* FactoryMethodRealExample.swift */; };
		9187BFFE20B5D0A700266EF8 /* FactoryMethodStructuralExample.swift in Sources */ = {isa = PBXBuildFile; fileRef = 9187BFBF20B5D0A600266EF8 /* FactoryMethodStructuralExample.swift */; };
		9187C00620B5D0A700266EF8 /* SingletonRealExample.swift in Sources */ = {isa = PBXBuildFile; fileRef = 9187BFC920B5D0A700266EF8 /* SingletonRealExample.swift */; };
		9187C00820B5D0A700266EF8 /* SingletonStructuralExample.swift in Sources */ = {isa = PBXBuildFile; fileRef = 9187BFCC20B5D0A700266EF8 /* SingletonStructuralExample.swift */; };
		9187C01B20B5D0A700266EF8 /* PrototypeRealExample.swift in Sources */ = {isa = PBXBuildFile; fileRef = 9187BFEA20B5D0A700266EF8 /* PrototypeRealExample.swift */; };
		9187C01E20B5D0A700266EF8 /* PrototypeStructuralExample.swift in Sources */ = {isa = PBXBuildFile; fileRef = 9187BFEE20B5D0A700266EF8 /* PrototypeStructuralExample.swift */; };
		919C89FA20DD7F03006EE57D /* Example.swift in Sources */ = {isa = PBXBuildFile; fileRef = 9187BFB220B5D0A600266EF8 /* Example.swift */; };
		919C89FB20DD7F03006EE57D /* Controllers.swift in Sources */ = {isa = PBXBuildFile; fileRef = 9187BFAC20B5D0A600266EF8 /* Controllers.swift */; };
		919C89FC20DD7F03006EE57D /* Factories.swift in Sources */ = {isa = PBXBuildFile; fileRef = 9187BFAD20B5D0A600266EF8 /* Factories.swift */; };
		919C89FE20DD7F03006EE57D /* StudentViews.swift in Sources */ = {isa = PBXBuildFile; fileRef = 9187BFAF20B5D0A600266EF8 /* StudentViews.swift */; };
		919C89FF20DD7F03006EE57D /* TeacherViews.swift in Sources */ = {isa = PBXBuildFile; fileRef = 9187BFB020B5D0A600266EF8 /* TeacherViews.swift */; };
		919C8A0020DD7F03006EE57D /* AuthView.swift in Sources */ = {isa = PBXBuildFile; fileRef = 9187BFB120B5D0A600266EF8 /* AuthView.swift */; };
		919C8A0D20DD7F58006EE57D /* Example.swift in Sources */ = {isa = PBXBuildFile; fileRef = 9187BFB620B5D0A600266EF8 /* Example.swift */; };
		919C8A1B20DD81E7006EE57D /* Example.swift in Sources */ = {isa = PBXBuildFile; fileRef = 916B889F20BC6E6800BA92DF /* Example.swift */; };
		919C8A2820DD829C006EE57D /* Example.swift in Sources */ = {isa = PBXBuildFile; fileRef = 916B88A520BD468100BA92DF /* Example.swift */; };
		919C8A4120DD832C006EE57D /* Example.swift in Sources */ = {isa = PBXBuildFile; fileRef = 9187BFDF20B5D0A700266EF8 /* Example.swift */; };
		919C8A4E20DD83AA006EE57D /* Example.swift in Sources */ = {isa = PBXBuildFile; fileRef = 9187BFDC20B5D0A700266EF8 /* Example.swift */; };
		919C8A6720DD84DB006EE57D /* Example.swift in Sources */ = {isa = PBXBuildFile; fileRef = 9187BFE520B5D0A700266EF8 /* Example.swift */; };
		919C8A7520DD85A3006EE57D /* Example.swift in Sources */ = {isa = PBXBuildFile; fileRef = 9187BFE320B5D0A700266EF8 /* Example.swift */; };
		919C8A8220DD8698006EE57D /* Example.swift in Sources */ = {isa = PBXBuildFile; fileRef = 9187BFD520B5D0A700266EF8 /* Example.swift */; };
		919C8A8F20DD86EB006EE57D /* Example.swift in Sources */ = {isa = PBXBuildFile; fileRef = 9187BFD220B5D0A700266EF8 /* Example.swift */; };
		919C8A9020DD86EB006EE57D /* Builders.swift in Sources */ = {isa = PBXBuildFile; fileRef = 9187BFD020B5D0A700266EF8 /* Builders.swift */; };
		919C8A9120DD86EB006EE57D /* DataProviders.swift in Sources */ = {isa = PBXBuildFile; fileRef = 9187BFCF20B5D0A700266EF8 /* DataProviders.swift */; };
		919C8AAA20DD879C006EE57D /* Example.swift in Sources */ = {isa = PBXBuildFile; fileRef = 916B889220BC4DA400BA92DF /* Example.swift */; };
/* End PBXBuildFile section */

/* Begin PBXFileReference section */
		9139FA8C2088D85F00229150 /* RefactoringGuru.Patterns.xctest */ = {isa = PBXFileReference; explicitFileType = wrapper.cfbundle; includeInIndex = 0; path = RefactoringGuru.Patterns.xctest; sourceTree = BUILT_PRODUCTS_DIR; };
		913FF2262097835E00193902 /* Info.plist */ = {isa = PBXFileReference; fileEncoding = 4; lastKnownFileType = text.plist.xml; path = Info.plist; sourceTree = "<group>"; };
		916B888F20BC4B1900BA92DF /* Output.txt */ = {isa = PBXFileReference; lastKnownFileType = text; path = Output.txt; sourceTree = "<group>"; };
		916B889220BC4DA400BA92DF /* Example.swift */ = {isa = PBXFileReference; lastKnownFileType = sourcecode.swift; path = Example.swift; sourceTree = "<group>"; };
		916B889420BC56FD00BA92DF /* Output.txt */ = {isa = PBXFileReference; lastKnownFileType = text; path = Output.txt; sourceTree = "<group>"; };
		916B889A20BC587D00BA92DF /* DecoratorStructuralExample.swift */ = {isa = PBXFileReference; lastKnownFileType = sourcecode.swift; path = DecoratorStructuralExample.swift; sourceTree = "<group>"; };
		916B889C20BC5B7600BA92DF /* Output.txt */ = {isa = PBXFileReference; lastKnownFileType = text; path = Output.txt; sourceTree = "<group>"; };
		916B889F20BC6E6800BA92DF /* Example.swift */ = {isa = PBXFileReference; lastKnownFileType = sourcecode.swift; path = Example.swift; sourceTree = "<group>"; };
		916B88A120BC717400BA92DF /* Output.txt */ = {isa = PBXFileReference; lastKnownFileType = text; path = Output.txt; sourceTree = "<group>"; };
		916B88A520BD468100BA92DF /* Example.swift */ = {isa = PBXFileReference; lastKnownFileType = sourcecode.swift; path = Example.swift; sourceTree = "<group>"; };
		916B88A720BD537300BA92DF /* Output.txt */ = {isa = PBXFileReference; lastKnownFileType = text; path = Output.txt; sourceTree = "<group>"; };
		9187BFAB20B5D0A600266EF8 /* Output.txt */ = {isa = PBXFileReference; fileEncoding = 4; lastKnownFileType = text; path = Output.txt; sourceTree = "<group>"; };
		9187BFAC20B5D0A600266EF8 /* Controllers.swift */ = {isa = PBXFileReference; fileEncoding = 4; lastKnownFileType = sourcecode.swift; path = Controllers.swift; sourceTree = "<group>"; };
		9187BFAD20B5D0A600266EF8 /* Factories.swift */ = {isa = PBXFileReference; fileEncoding = 4; lastKnownFileType = sourcecode.swift; path = Factories.swift; sourceTree = "<group>"; };
		9187BFAF20B5D0A600266EF8 /* StudentViews.swift */ = {isa = PBXFileReference; fileEncoding = 4; lastKnownFileType = sourcecode.swift; path = StudentViews.swift; sourceTree = "<group>"; };
		9187BFB020B5D0A600266EF8 /* TeacherViews.swift */ = {isa = PBXFileReference; fileEncoding = 4; lastKnownFileType = sourcecode.swift; path = TeacherViews.swift; sourceTree = "<group>"; };
		9187BFB120B5D0A600266EF8 /* AuthView.swift */ = {isa = PBXFileReference; fileEncoding = 4; lastKnownFileType = sourcecode.swift; path = AuthView.swift; sourceTree = "<group>"; };
		9187BFB220B5D0A600266EF8 /* Example.swift */ = {isa = PBXFileReference; fileEncoding = 4; lastKnownFileType = sourcecode.swift; path = Example.swift; sourceTree = "<group>"; };
		9187BFB420B5D0A600266EF8 /* Output.txt */ = {isa = PBXFileReference; fileEncoding = 4; lastKnownFileType = text; path = Output.txt; sourceTree = "<group>"; };
		9187BFB620B5D0A600266EF8 /* Example.swift */ = {isa = PBXFileReference; fileEncoding = 4; lastKnownFileType = sourcecode.swift; path = Example.swift; sourceTree = "<group>"; };
		9187BFBB20B5D0A600266EF8 /* FactoryMethodRealExample.swift */ = {isa = PBXFileReference; fileEncoding = 4; lastKnownFileType = sourcecode.swift; path = FactoryMethodRealExample.swift; sourceTree = "<group>"; };
		9187BFBC20B5D0A600266EF8 /* Output.txt */ = {isa = PBXFileReference; fileEncoding = 4; lastKnownFileType = text; path = Output.txt; sourceTree = "<group>"; };
		9187BFBF20B5D0A600266EF8 /* FactoryMethodStructuralExample.swift */ = {isa = PBXFileReference; fileEncoding = 4; lastKnownFileType = sourcecode.swift; path = FactoryMethodStructuralExample.swift; sourceTree = "<group>"; };
		9187BFC220B5D0A600266EF8 /* Output.txt */ = {isa = PBXFileReference; fileEncoding = 4; lastKnownFileType = text; path = Output.txt; sourceTree = "<group>"; };
		9187BFC820B5D0A700266EF8 /* Output.txt */ = {isa = PBXFileReference; fileEncoding = 4; lastKnownFileType = text; path = Output.txt; sourceTree = "<group>"; };
		9187BFC920B5D0A700266EF8 /* SingletonRealExample.swift */ = {isa = PBXFileReference; fileEncoding = 4; lastKnownFileType = sourcecode.swift; path = SingletonRealExample.swift; sourceTree = "<group>"; };
		9187BFCB20B5D0A700266EF8 /* Output.txt */ = {isa = PBXFileReference; fileEncoding = 4; lastKnownFileType = text; path = Output.txt; sourceTree = "<group>"; };
		9187BFCC20B5D0A700266EF8 /* SingletonStructuralExample.swift */ = {isa = PBXFileReference; fileEncoding = 4; lastKnownFileType = sourcecode.swift; path = SingletonStructuralExample.swift; sourceTree = "<group>"; };
		9187BFCF20B5D0A700266EF8 /* DataProviders.swift */ = {isa = PBXFileReference; fileEncoding = 4; lastKnownFileType = sourcecode.swift; path = DataProviders.swift; sourceTree = "<group>"; };
		9187BFD020B5D0A700266EF8 /* Builders.swift */ = {isa = PBXFileReference; fileEncoding = 4; lastKnownFileType = sourcecode.swift; path = Builders.swift; sourceTree = "<group>"; };
		9187BFD220B5D0A700266EF8 /* Example.swift */ = {isa = PBXFileReference; fileEncoding = 4; lastKnownFileType = sourcecode.swift; path = Example.swift; sourceTree = "<group>"; };
		9187BFD320B5D0A700266EF8 /* Output.txt */ = {isa = PBXFileReference; fileEncoding = 4; lastKnownFileType = text; path = Output.txt; sourceTree = "<group>"; };
		9187BFD520B5D0A700266EF8 /* Example.swift */ = {isa = PBXFileReference; fileEncoding = 4; lastKnownFileType = sourcecode.swift; path = Example.swift; sourceTree = "<group>"; };
		9187BFD820B5D0A700266EF8 /* Output.txt */ = {isa = PBXFileReference; fileEncoding = 4; lastKnownFileType = text; path = Output.txt; sourceTree = "<group>"; };
		9187BFDC20B5D0A700266EF8 /* Example.swift */ = {isa = PBXFileReference; fileEncoding = 4; lastKnownFileType = sourcecode.swift; path = Example.swift; sourceTree = "<group>"; };
		9187BFDE20B5D0A700266EF8 /* Output.txt */ = {isa = PBXFileReference; fileEncoding = 4; lastKnownFileType = text; path = Output.txt; sourceTree = "<group>"; };
		9187BFDF20B5D0A700266EF8 /* Example.swift */ = {isa = PBXFileReference; fileEncoding = 4; lastKnownFileType = sourcecode.swift; path = Example.swift; sourceTree = "<group>"; };
		9187BFE220B5D0A700266EF8 /* Output.txt */ = {isa = PBXFileReference; fileEncoding = 4; lastKnownFileType = text; path = Output.txt; sourceTree = "<group>"; };
		9187BFE320B5D0A700266EF8 /* Example.swift */ = {isa = PBXFileReference; fileEncoding = 4; lastKnownFileType = sourcecode.swift; path = Example.swift; sourceTree = "<group>"; };
		9187BFE520B5D0A700266EF8 /* Example.swift */ = {isa = PBXFileReference; fileEncoding = 4; lastKnownFileType = sourcecode.swift; path = Example.swift; sourceTree = "<group>"; };
		9187BFE620B5D0A700266EF8 /* Output.txt */ = {isa = PBXFileReference; fileEncoding = 4; lastKnownFileType = text; path = Output.txt; sourceTree = "<group>"; };
		9187BFE920B5D0A700266EF8 /* Output.txt */ = {isa = PBXFileReference; fileEncoding = 4; lastKnownFileType = text; path = Output.txt; sourceTree = "<group>"; };
		9187BFEA20B5D0A700266EF8 /* PrototypeRealExample.swift */ = {isa = PBXFileReference; fileEncoding = 4; lastKnownFileType = sourcecode.swift; path = PrototypeRealExample.swift; sourceTree = "<group>"; };
		9187BFEC20B5D0A700266EF8 /* Output.txt */ = {isa = PBXFileReference; fileEncoding = 4; lastKnownFileType = text; path = Output.txt; sourceTree = "<group>"; };
		9187BFEE20B5D0A700266EF8 /* PrototypeStructuralExample.swift */ = {isa = PBXFileReference; fileEncoding = 4; lastKnownFileType = sourcecode.swift; path = PrototypeStructuralExample.swift; sourceTree = "<group>"; };
		919C89F120DD7EE4006EE57D /* AbstractFactoryReal.xctest */ = {isa = PBXFileReference; explicitFileType = wrapper.cfbundle; includeInIndex = 0; path = AbstractFactoryReal.xctest; sourceTree = BUILT_PRODUCTS_DIR; };
		919C89F520DD7EE4006EE57D /* Info.plist */ = {isa = PBXFileReference; lastKnownFileType = text.plist.xml; path = Info.plist; sourceTree = "<group>"; };
		919C8A0520DD7F3C006EE57D /* AbstractFactoryStructure.xctest */ = {isa = PBXFileReference; explicitFileType = wrapper.cfbundle; includeInIndex = 0; path = AbstractFactoryStructure.xctest; sourceTree = BUILT_PRODUCTS_DIR; };
		919C8A0920DD7F3C006EE57D /* Info.plist */ = {isa = PBXFileReference; lastKnownFileType = text.plist.xml; path = Info.plist; sourceTree = "<group>"; };
		919C8A1320DD81D0006EE57D /* FacadeStructure.xctest */ = {isa = PBXFileReference; explicitFileType = wrapper.cfbundle; includeInIndex = 0; path = FacadeStructure.xctest; sourceTree = BUILT_PRODUCTS_DIR; };
		919C8A1720DD81D0006EE57D /* Info.plist */ = {isa = PBXFileReference; lastKnownFileType = text.plist.xml; path = Info.plist; sourceTree = "<group>"; };
		919C8A2020DD8261006EE57D /* FacadeReal.xctest */ = {isa = PBXFileReference; explicitFileType = wrapper.cfbundle; includeInIndex = 0; path = FacadeReal.xctest; sourceTree = BUILT_PRODUCTS_DIR; };
		919C8A2420DD8261006EE57D /* Info.plist */ = {isa = PBXFileReference; lastKnownFileType = text.plist.xml; path = Info.plist; sourceTree = "<group>"; };
		919C8A3920DD82F0006EE57D /* BridgeStructure.xctest */ = {isa = PBXFileReference; explicitFileType = wrapper.cfbundle; includeInIndex = 0; path = BridgeStructure.xctest; sourceTree = BUILT_PRODUCTS_DIR; };
		919C8A3D20DD82F0006EE57D /* Info.plist */ = {isa = PBXFileReference; lastKnownFileType = text.plist.xml; path = Info.plist; sourceTree = "<group>"; };
		919C8A4620DD8393006EE57D /* BridgeReal.xctest */ = {isa = PBXFileReference; explicitFileType = wrapper.cfbundle; includeInIndex = 0; path = BridgeReal.xctest; sourceTree = BUILT_PRODUCTS_DIR; };
		919C8A4A20DD8393006EE57D /* Info.plist */ = {isa = PBXFileReference; lastKnownFileType = text.plist.xml; path = Info.plist; sourceTree = "<group>"; };
		919C8A5F20DD849A006EE57D /* AdapterStructure.xctest */ = {isa = PBXFileReference; explicitFileType = wrapper.cfbundle; includeInIndex = 0; path = AdapterStructure.xctest; sourceTree = BUILT_PRODUCTS_DIR; };
		919C8A6320DD849B006EE57D /* Info.plist */ = {isa = PBXFileReference; lastKnownFileType = text.plist.xml; path = Info.plist; sourceTree = "<group>"; };
		919C8A6C20DD858C006EE57D /* AdapterReal.xctest */ = {isa = PBXFileReference; explicitFileType = wrapper.cfbundle; includeInIndex = 0; path = AdapterReal.xctest; sourceTree = BUILT_PRODUCTS_DIR; };
		919C8A7020DD858C006EE57D /* Info.plist */ = {isa = PBXFileReference; lastKnownFileType = text.plist.xml; path = Info.plist; sourceTree = "<group>"; };
		919C8A7A20DD8688006EE57D /* BuilderStructure.xctest */ = {isa = PBXFileReference; explicitFileType = wrapper.cfbundle; includeInIndex = 0; path = BuilderStructure.xctest; sourceTree = BUILT_PRODUCTS_DIR; };
		919C8A7E20DD8688006EE57D /* Info.plist */ = {isa = PBXFileReference; lastKnownFileType = text.plist.xml; path = Info.plist; sourceTree = "<group>"; };
		919C8A8720DD86DC006EE57D /* BuilderReal.xctest */ = {isa = PBXFileReference; explicitFileType = wrapper.cfbundle; includeInIndex = 0; path = BuilderReal.xctest; sourceTree = BUILT_PRODUCTS_DIR; };
		919C8A8B20DD86DC006EE57D /* Info.plist */ = {isa = PBXFileReference; lastKnownFileType = text.plist.xml; path = Info.plist; sourceTree = "<group>"; };
		919C8AA220DD878D006EE57D /* CompositeStructure.xctest */ = {isa = PBXFileReference; explicitFileType = wrapper.cfbundle; includeInIndex = 0; path = CompositeStructure.xctest; sourceTree = BUILT_PRODUCTS_DIR; };
		919C8AA620DD878E006EE57D /* Info.plist */ = {isa = PBXFileReference; lastKnownFileType = text.plist.xml; path = Info.plist; sourceTree = "<group>"; };
/* End PBXFileReference section */

/* Begin PBXFrameworksBuildPhase section */
		9139FA892088D85F00229150 /* Frameworks */ = {
			isa = PBXFrameworksBuildPhase;
			buildActionMask = 2147483647;
			files = (
			);
			runOnlyForDeploymentPostprocessing = 0;
		};
		919C89EE20DD7EE4006EE57D /* Frameworks */ = {
			isa = PBXFrameworksBuildPhase;
			buildActionMask = 2147483647;
			files = (
			);
			runOnlyForDeploymentPostprocessing = 0;
		};
		919C8A0220DD7F3C006EE57D /* Frameworks */ = {
			isa = PBXFrameworksBuildPhase;
			buildActionMask = 2147483647;
			files = (
			);
			runOnlyForDeploymentPostprocessing = 0;
		};
		919C8A1020DD81D0006EE57D /* Frameworks */ = {
			isa = PBXFrameworksBuildPhase;
			buildActionMask = 2147483647;
			files = (
			);
			runOnlyForDeploymentPostprocessing = 0;
		};
		919C8A1D20DD8261006EE57D /* Frameworks */ = {
			isa = PBXFrameworksBuildPhase;
			buildActionMask = 2147483647;
			files = (
			);
			runOnlyForDeploymentPostprocessing = 0;
		};
		919C8A3620DD82F0006EE57D /* Frameworks */ = {
			isa = PBXFrameworksBuildPhase;
			buildActionMask = 2147483647;
			files = (
			);
			runOnlyForDeploymentPostprocessing = 0;
		};
		919C8A4320DD8393006EE57D /* Frameworks */ = {
			isa = PBXFrameworksBuildPhase;
			buildActionMask = 2147483647;
			files = (
			);
			runOnlyForDeploymentPostprocessing = 0;
		};
		919C8A5C20DD849A006EE57D /* Frameworks */ = {
			isa = PBXFrameworksBuildPhase;
			buildActionMask = 2147483647;
			files = (
			);
			runOnlyForDeploymentPostprocessing = 0;
		};
		919C8A6920DD858C006EE57D /* Frameworks */ = {
			isa = PBXFrameworksBuildPhase;
			buildActionMask = 2147483647;
			files = (
			);
			runOnlyForDeploymentPostprocessing = 0;
		};
		919C8A7720DD8688006EE57D /* Frameworks */ = {
			isa = PBXFrameworksBuildPhase;
			buildActionMask = 2147483647;
			files = (
			);
			runOnlyForDeploymentPostprocessing = 0;
		};
		919C8A8420DD86DC006EE57D /* Frameworks */ = {
			isa = PBXFrameworksBuildPhase;
			buildActionMask = 2147483647;
			files = (
			);
			runOnlyForDeploymentPostprocessing = 0;
		};
		919C8A9F20DD878D006EE57D /* Frameworks */ = {
			isa = PBXFrameworksBuildPhase;
			buildActionMask = 2147483647;
			files = (
			);
			runOnlyForDeploymentPostprocessing = 0;
		};
/* End PBXFrameworksBuildPhase section */

/* Begin PBXGroup section */
		9139FA6F2088D85C00229150 = {
			isa = PBXGroup;
			children = (
				913FF2252097835E00193902 /* ProjectBundle */,
				914ADA0420B2D4D200E0A74F /* Sources */,
				9139FA792088D85C00229150 /* Products */,
			);
			sourceTree = "<group>";
		};
		9139FA792088D85C00229150 /* Products */ = {
			isa = PBXGroup;
			children = (
				9139FA8C2088D85F00229150 /* RefactoringGuru.Patterns.xctest */,
				919C89F120DD7EE4006EE57D /* AbstractFactoryReal.xctest */,
				919C8A0520DD7F3C006EE57D /* AbstractFactoryStructure.xctest */,
				919C8A1320DD81D0006EE57D /* FacadeStructure.xctest */,
				919C8A2020DD8261006EE57D /* FacadeReal.xctest */,
				919C8A3920DD82F0006EE57D /* BridgeStructure.xctest */,
				919C8A4620DD8393006EE57D /* BridgeReal.xctest */,
				919C8A5F20DD849A006EE57D /* AdapterStructure.xctest */,
				919C8A6C20DD858C006EE57D /* AdapterReal.xctest */,
				919C8A7A20DD8688006EE57D /* BuilderStructure.xctest */,
				919C8A8720DD86DC006EE57D /* BuilderReal.xctest */,
				919C8AA220DD878D006EE57D /* CompositeStructure.xctest */,
			);
			name = Products;
			sourceTree = "<group>";
		};
		913FF2252097835E00193902 /* ProjectBundle */ = {
			isa = PBXGroup;
			children = (
				913FF2262097835E00193902 /* Info.plist */,
			);
			path = ProjectBundle;
			sourceTree = "<group>";
		};
		914ADA0420B2D4D200E0A74F /* Sources */ = {
			isa = PBXGroup;
			children = (
				919C8A0E20DD7F7B006EE57D /* AbstractFactory */,
				916B889E20BC5C5800BA92DF /* Facade */,
				9187BFDA20B5D0A700266EF8 /* Bridge */,
				9187BFE020B5D0A700266EF8 /* Adapter */,
				9187BFCD20B5D0A700266EF8 /* Builder */,
				916B889120BC4D8100BA92DF /* Composite */,
				916B889620BC582D00BA92DF /* Decorator */,
				9187BFB820B5D0A600266EF8 /* FactoryMethod */,
				9187BFE720B5D0A700266EF8 /* Prototype */,
				9187BFC320B5D0A700266EF8 /* Singleton */,
			);
			path = Sources;
			sourceTree = "<group>";
		};
		916B889120BC4D8100BA92DF /* Composite */ = {
			isa = PBXGroup;
			children = (
				919C8AA320DD878E006EE57D /* Structure */,
			);
			path = Composite;
			sourceTree = "<group>";
		};
		916B889620BC582D00BA92DF /* Decorator */ = {
			isa = PBXGroup;
			children = (
				916B889920BC585E00BA92DF /* StructuralExample */,
			);
			path = Decorator;
			sourceTree = "<group>";
		};
		916B889920BC585E00BA92DF /* StructuralExample */ = {
			isa = PBXGroup;
			children = (
				916B889A20BC587D00BA92DF /* DecoratorStructuralExample.swift */,
				916B889C20BC5B7600BA92DF /* Output.txt */,
			);
			path = StructuralExample;
			sourceTree = "<group>";
		};
		916B889E20BC5C5800BA92DF /* Facade */ = {
			isa = PBXGroup;
			children = (
				919C8A2120DD8261006EE57D /* Real */,
				919C8A1420DD81D0006EE57D /* Structure */,
			);
			path = Facade;
			sourceTree = "<group>";
		};
		9187BFAE20B5D0A600266EF8 /* Views */ = {
			isa = PBXGroup;
			children = (
				9187BFAF20B5D0A600266EF8 /* StudentViews.swift */,
				9187BFB020B5D0A600266EF8 /* TeacherViews.swift */,
				9187BFB120B5D0A600266EF8 /* AuthView.swift */,
			);
			path = Views;
			sourceTree = "<group>";
		};
		9187BFB820B5D0A600266EF8 /* FactoryMethod */ = {
			isa = PBXGroup;
			children = (
				9187BFB920B5D0A600266EF8 /* RealWorldExample */,
				9187BFBE20B5D0A600266EF8 /* StructuralExample */,
			);
			path = FactoryMethod;
			sourceTree = "<group>";
		};
		9187BFB920B5D0A600266EF8 /* RealWorldExample */ = {
			isa = PBXGroup;
			children = (
				9187BFBB20B5D0A600266EF8 /* FactoryMethodRealExample.swift */,
				9187BFBC20B5D0A600266EF8 /* Output.txt */,
			);
			path = RealWorldExample;
			sourceTree = "<group>";
		};
		9187BFBE20B5D0A600266EF8 /* StructuralExample */ = {
			isa = PBXGroup;
			children = (
				9187BFBF20B5D0A600266EF8 /* FactoryMethodStructuralExample.swift */,
				9187BFC220B5D0A600266EF8 /* Output.txt */,
			);
			path = StructuralExample;
			sourceTree = "<group>";
		};
		9187BFC320B5D0A700266EF8 /* Singleton */ = {
			isa = PBXGroup;
			children = (
				9187BFC420B5D0A700266EF8 /* RealWorldExample */,
				9187BFCA20B5D0A700266EF8 /* StructuralExample */,
			);
			path = Singleton;
			sourceTree = "<group>";
		};
		9187BFC420B5D0A700266EF8 /* RealWorldExample */ = {
			isa = PBXGroup;
			children = (
				9187BFC820B5D0A700266EF8 /* Output.txt */,
				9187BFC920B5D0A700266EF8 /* SingletonRealExample.swift */,
			);
			path = RealWorldExample;
			sourceTree = "<group>";
		};
		9187BFCA20B5D0A700266EF8 /* StructuralExample */ = {
			isa = PBXGroup;
			children = (
				9187BFCB20B5D0A700266EF8 /* Output.txt */,
				9187BFCC20B5D0A700266EF8 /* SingletonStructuralExample.swift */,
			);
			path = StructuralExample;
			sourceTree = "<group>";
		};
		9187BFCD20B5D0A700266EF8 /* Builder */ = {
			isa = PBXGroup;
			children = (
				919C8A8820DD86DC006EE57D /* Real */,
				919C8A7B20DD8688006EE57D /* Structure */,
			);
			path = Builder;
			sourceTree = "<group>";
		};
		9187BFDA20B5D0A700266EF8 /* Bridge */ = {
			isa = PBXGroup;
			children = (
				919C8A4720DD8393006EE57D /* Real */,
				919C8A3A20DD82F0006EE57D /* Structure */,
			);
			path = Bridge;
			sourceTree = "<group>";
		};
		9187BFE020B5D0A700266EF8 /* Adapter */ = {
			isa = PBXGroup;
			children = (
				919C8A6D20DD858C006EE57D /* Real */,
				919C8A6020DD849B006EE57D /* Structure */,
			);
			path = Adapter;
			sourceTree = "<group>";
		};
		9187BFE720B5D0A700266EF8 /* Prototype */ = {
			isa = PBXGroup;
			children = (
				9187BFE820B5D0A700266EF8 /* RealWorldExample */,
				9187BFEB20B5D0A700266EF8 /* StructuralExample */,
			);
			path = Prototype;
			sourceTree = "<group>";
		};
		9187BFE820B5D0A700266EF8 /* RealWorldExample */ = {
			isa = PBXGroup;
			children = (
				9187BFEA20B5D0A700266EF8 /* PrototypeRealExample.swift */,
				9187BFE920B5D0A700266EF8 /* Output.txt */,
			);
			path = RealWorldExample;
			sourceTree = "<group>";
		};
		9187BFEB20B5D0A700266EF8 /* StructuralExample */ = {
			isa = PBXGroup;
			children = (
				9187BFEC20B5D0A700266EF8 /* Output.txt */,
				9187BFEE20B5D0A700266EF8 /* PrototypeStructuralExample.swift */,
			);
			path = StructuralExample;
			sourceTree = "<group>";
		};
		919C89F220DD7EE4006EE57D /* Real */ = {
			isa = PBXGroup;
			children = (
				9187BFB220B5D0A600266EF8 /* Example.swift */,
				9187BFAC20B5D0A600266EF8 /* Controllers.swift */,
				9187BFAD20B5D0A600266EF8 /* Factories.swift */,
				9187BFAB20B5D0A600266EF8 /* Output.txt */,
				9187BFAE20B5D0A600266EF8 /* Views */,
				919C89F520DD7EE4006EE57D /* Info.plist */,
			);
			path = Real;
			sourceTree = "<group>";
		};
		919C8A0620DD7F3C006EE57D /* Structure */ = {
			isa = PBXGroup;
			children = (
				9187BFB620B5D0A600266EF8 /* Example.swift */,
				9187BFB420B5D0A600266EF8 /* Output.txt */,
				919C8A0920DD7F3C006EE57D /* Info.plist */,
			);
			path = Structure;
			sourceTree = "<group>";
		};
		919C8A0E20DD7F7B006EE57D /* AbstractFactory */ = {
			isa = PBXGroup;
			children = (
				919C89F220DD7EE4006EE57D /* Real */,
				919C8A0620DD7F3C006EE57D /* Structure */,
			);
			path = AbstractFactory;
			sourceTree = "<group>";
		};
		919C8A1420DD81D0006EE57D /* Structure */ = {
			isa = PBXGroup;
			children = (
				916B889F20BC6E6800BA92DF /* Example.swift */,
				916B88A120BC717400BA92DF /* Output.txt */,
				919C8A1720DD81D0006EE57D /* Info.plist */,
			);
			path = Structure;
			sourceTree = "<group>";
		};
		919C8A2120DD8261006EE57D /* Real */ = {
			isa = PBXGroup;
			children = (
				916B88A520BD468100BA92DF /* Example.swift */,
				916B88A720BD537300BA92DF /* Output.txt */,
				919C8A2420DD8261006EE57D /* Info.plist */,
			);
			path = Real;
			sourceTree = "<group>";
		};
		919C8A3A20DD82F0006EE57D /* Structure */ = {
			isa = PBXGroup;
			children = (
				9187BFDF20B5D0A700266EF8 /* Example.swift */,
				9187BFDE20B5D0A700266EF8 /* Output.txt */,
				919C8A3D20DD82F0006EE57D /* Info.plist */,
			);
			path = Structure;
			sourceTree = "<group>";
		};
		919C8A4720DD8393006EE57D /* Real */ = {
			isa = PBXGroup;
			children = (
				9187BFDC20B5D0A700266EF8 /* Example.swift */,
				916B888F20BC4B1900BA92DF /* Output.txt */,
				919C8A4A20DD8393006EE57D /* Info.plist */,
			);
			path = Real;
			sourceTree = "<group>";
		};
		919C8A6020DD849B006EE57D /* Structure */ = {
			isa = PBXGroup;
			children = (
				9187BFE520B5D0A700266EF8 /* Example.swift */,
				9187BFE620B5D0A700266EF8 /* Output.txt */,
				919C8A6320DD849B006EE57D /* Info.plist */,
			);
			path = Structure;
			sourceTree = "<group>";
		};
		919C8A6D20DD858C006EE57D /* Real */ = {
			isa = PBXGroup;
			children = (
				9187BFE320B5D0A700266EF8 /* Example.swift */,
				9187BFE220B5D0A700266EF8 /* Output.txt */,
				919C8A7020DD858C006EE57D /* Info.plist */,
			);
			path = Real;
			sourceTree = "<group>";
		};
		919C8A7B20DD8688006EE57D /* Structure */ = {
			isa = PBXGroup;
			children = (
				9187BFD520B5D0A700266EF8 /* Example.swift */,
				9187BFD820B5D0A700266EF8 /* Output.txt */,
				919C8A7E20DD8688006EE57D /* Info.plist */,
			);
			path = Structure;
			sourceTree = "<group>";
		};
		919C8A8820DD86DC006EE57D /* Real */ = {
			isa = PBXGroup;
			children = (
				9187BFD220B5D0A700266EF8 /* Example.swift */,
				9187BFCF20B5D0A700266EF8 /* DataProviders.swift */,
				9187BFD020B5D0A700266EF8 /* Builders.swift */,
				9187BFD320B5D0A700266EF8 /* Output.txt */,
				919C8A8B20DD86DC006EE57D /* Info.plist */,
			);
			path = Real;
			sourceTree = "<group>";
		};
		919C8AA320DD878E006EE57D /* Structure */ = {
			isa = PBXGroup;
			children = (
				916B889220BC4DA400BA92DF /* Example.swift */,
				916B889420BC56FD00BA92DF /* Output.txt */,
				919C8AA620DD878E006EE57D /* Info.plist */,
			);
			path = Structure;
			sourceTree = "<group>";
		};
/* End PBXGroup section */

/* Begin PBXNativeTarget section */
		9139FA8B2088D85F00229150 /* RefactoringGuru.Patterns */ = {
			isa = PBXNativeTarget;
			buildConfigurationList = 9139FA982088D85F00229150 /* Build configuration list for PBXNativeTarget "RefactoringGuru.Patterns" */;
			buildPhases = (
				9139FA882088D85F00229150 /* Sources */,
				9139FA892088D85F00229150 /* Frameworks */,
				9139FA8A2088D85F00229150 /* Resources */,
			);
			buildRules = (
			);
			dependencies = (
			);
			name = RefactoringGuru.Patterns;
			productName = PatternsTests;
			productReference = 9139FA8C2088D85F00229150 /* RefactoringGuru.Patterns.xctest */;
			productType = "com.apple.product-type.bundle.unit-test";
		};
		919C89F020DD7EE4006EE57D /* AbstractFactoryReal */ = {
			isa = PBXNativeTarget;
			buildConfigurationList = 919C89F820DD7EE4006EE57D /* Build configuration list for PBXNativeTarget "AbstractFactoryReal" */;
			buildPhases = (
				919C89ED20DD7EE4006EE57D /* Sources */,
				919C89EE20DD7EE4006EE57D /* Frameworks */,
				919C89EF20DD7EE4006EE57D /* Resources */,
			);
			buildRules = (
			);
			dependencies = (
			);
			name = AbstractFactoryReal;
			productName = AbstractFactoryReal;
			productReference = 919C89F120DD7EE4006EE57D /* AbstractFactoryReal.xctest */;
			productType = "com.apple.product-type.bundle.unit-test";
		};
		919C8A0420DD7F3C006EE57D /* AbstractFactoryStructure */ = {
			isa = PBXNativeTarget;
			buildConfigurationList = 919C8A0A20DD7F3C006EE57D /* Build configuration list for PBXNativeTarget "AbstractFactoryStructure" */;
			buildPhases = (
				919C8A0120DD7F3C006EE57D /* Sources */,
				919C8A0220DD7F3C006EE57D /* Frameworks */,
				919C8A0320DD7F3C006EE57D /* Resources */,
			);
			buildRules = (
			);
			dependencies = (
			);
			name = AbstractFactoryStructure;
			productName = AbstractFactoryStructure;
			productReference = 919C8A0520DD7F3C006EE57D /* AbstractFactoryStructure.xctest */;
			productType = "com.apple.product-type.bundle.unit-test";
		};
		919C8A1220DD81D0006EE57D /* FacadeStructure */ = {
			isa = PBXNativeTarget;
			buildConfigurationList = 919C8A1820DD81D0006EE57D /* Build configuration list for PBXNativeTarget "FacadeStructure" */;
			buildPhases = (
				919C8A0F20DD81D0006EE57D /* Sources */,
				919C8A1020DD81D0006EE57D /* Frameworks */,
				919C8A1120DD81D0006EE57D /* Resources */,
			);
			buildRules = (
			);
			dependencies = (
			);
			name = FacadeStructure;
			productName = FacadeStructure;
			productReference = 919C8A1320DD81D0006EE57D /* FacadeStructure.xctest */;
			productType = "com.apple.product-type.bundle.unit-test";
		};
		919C8A1F20DD8261006EE57D /* FacadeReal */ = {
			isa = PBXNativeTarget;
			buildConfigurationList = 919C8A2520DD8261006EE57D /* Build configuration list for PBXNativeTarget "FacadeReal" */;
			buildPhases = (
				919C8A1C20DD8261006EE57D /* Sources */,
				919C8A1D20DD8261006EE57D /* Frameworks */,
				919C8A1E20DD8261006EE57D /* Resources */,
			);
			buildRules = (
			);
			dependencies = (
			);
			name = FacadeReal;
			productName = FacadeReal;
			productReference = 919C8A2020DD8261006EE57D /* FacadeReal.xctest */;
			productType = "com.apple.product-type.bundle.unit-test";
		};
		919C8A3820DD82F0006EE57D /* BridgeStructure */ = {
			isa = PBXNativeTarget;
			buildConfigurationList = 919C8A3E20DD82F0006EE57D /* Build configuration list for PBXNativeTarget "BridgeStructure" */;
			buildPhases = (
				919C8A3520DD82F0006EE57D /* Sources */,
				919C8A3620DD82F0006EE57D /* Frameworks */,
				919C8A3720DD82F0006EE57D /* Resources */,
			);
			buildRules = (
			);
			dependencies = (
			);
			name = BridgeStructure;
			productName = BridgeStructure;
			productReference = 919C8A3920DD82F0006EE57D /* BridgeStructure.xctest */;
			productType = "com.apple.product-type.bundle.unit-test";
		};
		919C8A4520DD8393006EE57D /* BridgeReal */ = {
			isa = PBXNativeTarget;
			buildConfigurationList = 919C8A4B20DD8393006EE57D /* Build configuration list for PBXNativeTarget "BridgeReal" */;
			buildPhases = (
				919C8A4220DD8393006EE57D /* Sources */,
				919C8A4320DD8393006EE57D /* Frameworks */,
				919C8A4420DD8393006EE57D /* Resources */,
			);
			buildRules = (
			);
			dependencies = (
			);
			name = BridgeReal;
			productName = BridgeReal;
			productReference = 919C8A4620DD8393006EE57D /* BridgeReal.xctest */;
			productType = "com.apple.product-type.bundle.unit-test";
		};
		919C8A5E20DD849A006EE57D /* AdapterStructure */ = {
			isa = PBXNativeTarget;
			buildConfigurationList = 919C8A6420DD849B006EE57D /* Build configuration list for PBXNativeTarget "AdapterStructure" */;
			buildPhases = (
				919C8A5B20DD849A006EE57D /* Sources */,
				919C8A5C20DD849A006EE57D /* Frameworks */,
				919C8A5D20DD849A006EE57D /* Resources */,
			);
			buildRules = (
			);
			dependencies = (
			);
			name = AdapterStructure;
			productName = AdapterStructure;
			productReference = 919C8A5F20DD849A006EE57D /* AdapterStructure.xctest */;
			productType = "com.apple.product-type.bundle.unit-test";
		};
		919C8A6B20DD858C006EE57D /* AdapterReal */ = {
			isa = PBXNativeTarget;
			buildConfigurationList = 919C8A7120DD858C006EE57D /* Build configuration list for PBXNativeTarget "AdapterReal" */;
			buildPhases = (
				919C8A6820DD858C006EE57D /* Sources */,
				919C8A6920DD858C006EE57D /* Frameworks */,
				919C8A6A20DD858C006EE57D /* Resources */,
			);
			buildRules = (
			);
			dependencies = (
			);
			name = AdapterReal;
			productName = AdapterReal;
			productReference = 919C8A6C20DD858C006EE57D /* AdapterReal.xctest */;
			productType = "com.apple.product-type.bundle.unit-test";
		};
		919C8A7920DD8688006EE57D /* BuilderStructure */ = {
			isa = PBXNativeTarget;
			buildConfigurationList = 919C8A7F20DD8688006EE57D /* Build configuration list for PBXNativeTarget "BuilderStructure" */;
			buildPhases = (
				919C8A7620DD8688006EE57D /* Sources */,
				919C8A7720DD8688006EE57D /* Frameworks */,
				919C8A7820DD8688006EE57D /* Resources */,
			);
			buildRules = (
			);
			dependencies = (
			);
			name = BuilderStructure;
			productName = BuilderStructure;
			productReference = 919C8A7A20DD8688006EE57D /* BuilderStructure.xctest */;
			productType = "com.apple.product-type.bundle.unit-test";
		};
		919C8A8620DD86DC006EE57D /* BuilderReal */ = {
			isa = PBXNativeTarget;
			buildConfigurationList = 919C8A8C20DD86DC006EE57D /* Build configuration list for PBXNativeTarget "BuilderReal" */;
			buildPhases = (
				919C8A8320DD86DC006EE57D /* Sources */,
				919C8A8420DD86DC006EE57D /* Frameworks */,
				919C8A8520DD86DC006EE57D /* Resources */,
			);
			buildRules = (
			);
			dependencies = (
			);
			name = BuilderReal;
			productName = BuilderReal;
			productReference = 919C8A8720DD86DC006EE57D /* BuilderReal.xctest */;
			productType = "com.apple.product-type.bundle.unit-test";
		};
		919C8AA120DD878D006EE57D /* CompositeStructure */ = {
			isa = PBXNativeTarget;
			buildConfigurationList = 919C8AA720DD878E006EE57D /* Build configuration list for PBXNativeTarget "CompositeStructure" */;
			buildPhases = (
				919C8A9E20DD878D006EE57D /* Sources */,
				919C8A9F20DD878D006EE57D /* Frameworks */,
				919C8AA020DD878D006EE57D /* Resources */,
			);
			buildRules = (
			);
			dependencies = (
			);
			name = CompositeStructure;
			productName = CompositeStructure;
			productReference = 919C8AA220DD878D006EE57D /* CompositeStructure.xctest */;
			productType = "com.apple.product-type.bundle.unit-test";
		};
/* End PBXNativeTarget section */

/* Begin PBXProject section */
		9139FA702088D85C00229150 /* Project object */ = {
			isa = PBXProject;
			attributes = {
				LastSwiftUpdateCheck = 0930;
				LastUpgradeCheck = 0930;
				ORGANIZATIONNAME = "Eremenko Maxim";
				TargetAttributes = {
					9139FA8B2088D85F00229150 = {
						CreatedOnToolsVersion = 9.3;
						ProvisioningStyle = Automatic;
						TestTargetID = 9139FA772088D85C00229150;
					};
					919C89F020DD7EE4006EE57D = {
						CreatedOnToolsVersion = 9.3;
						ProvisioningStyle = Automatic;
					};
					919C8A0420DD7F3C006EE57D = {
						CreatedOnToolsVersion = 9.3;
						ProvisioningStyle = Automatic;
					};
					919C8A1220DD81D0006EE57D = {
						CreatedOnToolsVersion = 9.3;
						ProvisioningStyle = Automatic;
					};
					919C8A1F20DD8261006EE57D = {
						CreatedOnToolsVersion = 9.3;
						ProvisioningStyle = Automatic;
					};
					919C8A3820DD82F0006EE57D = {
						CreatedOnToolsVersion = 9.3;
						ProvisioningStyle = Automatic;
					};
					919C8A4520DD8393006EE57D = {
						CreatedOnToolsVersion = 9.3;
						ProvisioningStyle = Automatic;
					};
					919C8A5E20DD849A006EE57D = {
						CreatedOnToolsVersion = 9.3;
						ProvisioningStyle = Automatic;
					};
					919C8A6B20DD858C006EE57D = {
						CreatedOnToolsVersion = 9.3;
						ProvisioningStyle = Automatic;
					};
					919C8A7920DD8688006EE57D = {
						CreatedOnToolsVersion = 9.3;
						ProvisioningStyle = Automatic;
					};
					919C8A8620DD86DC006EE57D = {
						CreatedOnToolsVersion = 9.3;
						ProvisioningStyle = Automatic;
					};
					919C8AA120DD878D006EE57D = {
						CreatedOnToolsVersion = 9.3;
						ProvisioningStyle = Automatic;
					};
				};
			};
			buildConfigurationList = 9139FA732088D85C00229150 /* Build configuration list for PBXProject "RefactoringGuru.Patterns" */;
			compatibilityVersion = "Xcode 8.0";
			developmentRegion = en;
			hasScannedForEncodings = 0;
			knownRegions = (
				en,
				Base,
			);
			mainGroup = 9139FA6F2088D85C00229150;
			productRefGroup = 9139FA792088D85C00229150 /* Products */;
			projectDirPath = "";
			projectRoot = "";
			targets = (
				9139FA8B2088D85F00229150 /* RefactoringGuru.Patterns */,
				919C89F020DD7EE4006EE57D /* AbstractFactoryReal */,
				919C8A0420DD7F3C006EE57D /* AbstractFactoryStructure */,
				919C8A1220DD81D0006EE57D /* FacadeStructure */,
				919C8A1F20DD8261006EE57D /* FacadeReal */,
				919C8A3820DD82F0006EE57D /* BridgeStructure */,
				919C8A4520DD8393006EE57D /* BridgeReal */,
				919C8A5E20DD849A006EE57D /* AdapterStructure */,
				919C8A6B20DD858C006EE57D /* AdapterReal */,
				919C8A7920DD8688006EE57D /* BuilderStructure */,
				919C8A8620DD86DC006EE57D /* BuilderReal */,
				919C8AA120DD878D006EE57D /* CompositeStructure */,
			);
		};
/* End PBXProject section */

/* Begin PBXResourcesBuildPhase section */
		9139FA8A2088D85F00229150 /* Resources */ = {
			isa = PBXResourcesBuildPhase;
			buildActionMask = 2147483647;
			files = (
			);
			runOnlyForDeploymentPostprocessing = 0;
		};
		919C89EF20DD7EE4006EE57D /* Resources */ = {
			isa = PBXResourcesBuildPhase;
			buildActionMask = 2147483647;
			files = (
			);
			runOnlyForDeploymentPostprocessing = 0;
		};
		919C8A0320DD7F3C006EE57D /* Resources */ = {
			isa = PBXResourcesBuildPhase;
			buildActionMask = 2147483647;
			files = (
			);
			runOnlyForDeploymentPostprocessing = 0;
		};
		919C8A1120DD81D0006EE57D /* Resources */ = {
			isa = PBXResourcesBuildPhase;
			buildActionMask = 2147483647;
			files = (
			);
			runOnlyForDeploymentPostprocessing = 0;
		};
		919C8A1E20DD8261006EE57D /* Resources */ = {
			isa = PBXResourcesBuildPhase;
			buildActionMask = 2147483647;
			files = (
			);
			runOnlyForDeploymentPostprocessing = 0;
		};
		919C8A3720DD82F0006EE57D /* Resources */ = {
			isa = PBXResourcesBuildPhase;
			buildActionMask = 2147483647;
			files = (
			);
			runOnlyForDeploymentPostprocessing = 0;
		};
		919C8A4420DD8393006EE57D /* Resources */ = {
			isa = PBXResourcesBuildPhase;
			buildActionMask = 2147483647;
			files = (
			);
			runOnlyForDeploymentPostprocessing = 0;
		};
		919C8A5D20DD849A006EE57D /* Resources */ = {
			isa = PBXResourcesBuildPhase;
			buildActionMask = 2147483647;
			files = (
			);
			runOnlyForDeploymentPostprocessing = 0;
		};
		919C8A6A20DD858C006EE57D /* Resources */ = {
			isa = PBXResourcesBuildPhase;
			buildActionMask = 2147483647;
			files = (
			);
			runOnlyForDeploymentPostprocessing = 0;
		};
		919C8A7820DD8688006EE57D /* Resources */ = {
			isa = PBXResourcesBuildPhase;
			buildActionMask = 2147483647;
			files = (
			);
			runOnlyForDeploymentPostprocessing = 0;
		};
		919C8A8520DD86DC006EE57D /* Resources */ = {
			isa = PBXResourcesBuildPhase;
			buildActionMask = 2147483647;
			files = (
			);
			runOnlyForDeploymentPostprocessing = 0;
		};
		919C8AA020DD878D006EE57D /* Resources */ = {
			isa = PBXResourcesBuildPhase;
			buildActionMask = 2147483647;
			files = (
			);
			runOnlyForDeploymentPostprocessing = 0;
		};
/* End PBXResourcesBuildPhase section */

/* Begin PBXSourcesBuildPhase section */
		9139FA882088D85F00229150 /* Sources */ = {
			isa = PBXSourcesBuildPhase;
			buildActionMask = 2147483647;
			files = (
				916B889B20BC587D00BA92DF /* DecoratorStructuralExample.swift in Sources */,
				9187C00620B5D0A700266EF8 /* SingletonRealExample.swift in Sources */,
				9187C01E20B5D0A700266EF8 /* PrototypeStructuralExample.swift in Sources */,
				9187BFFB20B5D0A700266EF8 /* FactoryMethodRealExample.swift in Sources */,
				9187C00820B5D0A700266EF8 /* SingletonStructuralExample.swift in Sources */,
				9187BFFE20B5D0A700266EF8 /* FactoryMethodStructuralExample.swift in Sources */,
				9187C01B20B5D0A700266EF8 /* PrototypeRealExample.swift in Sources */,
			);
			runOnlyForDeploymentPostprocessing = 0;
		};
		919C89ED20DD7EE4006EE57D /* Sources */ = {
			isa = PBXSourcesBuildPhase;
			buildActionMask = 2147483647;
			files = (
				919C89FB20DD7F03006EE57D /* Controllers.swift in Sources */,
				919C8A0020DD7F03006EE57D /* AuthView.swift in Sources */,
				919C89FE20DD7F03006EE57D /* StudentViews.swift in Sources */,
				919C89FA20DD7F03006EE57D /* Example.swift in Sources */,
				919C89FC20DD7F03006EE57D /* Factories.swift in Sources */,
				919C89FF20DD7F03006EE57D /* TeacherViews.swift in Sources */,
			);
			runOnlyForDeploymentPostprocessing = 0;
		};
		919C8A0120DD7F3C006EE57D /* Sources */ = {
			isa = PBXSourcesBuildPhase;
			buildActionMask = 2147483647;
			files = (
				919C8A0D20DD7F58006EE57D /* Example.swift in Sources */,
			);
			runOnlyForDeploymentPostprocessing = 0;
		};
		919C8A0F20DD81D0006EE57D /* Sources */ = {
			isa = PBXSourcesBuildPhase;
			buildActionMask = 2147483647;
			files = (
				919C8A1B20DD81E7006EE57D /* Example.swift in Sources */,
			);
			runOnlyForDeploymentPostprocessing = 0;
		};
		919C8A1C20DD8261006EE57D /* Sources */ = {
			isa = PBXSourcesBuildPhase;
			buildActionMask = 2147483647;
			files = (
				919C8A2820DD829C006EE57D /* Example.swift in Sources */,
			);
			runOnlyForDeploymentPostprocessing = 0;
		};
		919C8A3520DD82F0006EE57D /* Sources */ = {
			isa = PBXSourcesBuildPhase;
			buildActionMask = 2147483647;
			files = (
				919C8A4120DD832C006EE57D /* Example.swift in Sources */,
			);
			runOnlyForDeploymentPostprocessing = 0;
		};
		919C8A4220DD8393006EE57D /* Sources */ = {
			isa = PBXSourcesBuildPhase;
			buildActionMask = 2147483647;
			files = (
				919C8A4E20DD83AA006EE57D /* Example.swift in Sources */,
			);
			runOnlyForDeploymentPostprocessing = 0;
		};
		919C8A5B20DD849A006EE57D /* Sources */ = {
			isa = PBXSourcesBuildPhase;
			buildActionMask = 2147483647;
			files = (
				919C8A6720DD84DB006EE57D /* Example.swift in Sources */,
			);
			runOnlyForDeploymentPostprocessing = 0;
		};
		919C8A6820DD858C006EE57D /* Sources */ = {
			isa = PBXSourcesBuildPhase;
			buildActionMask = 2147483647;
			files = (
				919C8A7520DD85A3006EE57D /* Example.swift in Sources */,
			);
			runOnlyForDeploymentPostprocessing = 0;
		};
		919C8A7620DD8688006EE57D /* Sources */ = {
			isa = PBXSourcesBuildPhase;
			buildActionMask = 2147483647;
			files = (
				919C8A8220DD8698006EE57D /* Example.swift in Sources */,
			);
			runOnlyForDeploymentPostprocessing = 0;
		};
		919C8A8320DD86DC006EE57D /* Sources */ = {
			isa = PBXSourcesBuildPhase;
			buildActionMask = 2147483647;
			files = (
				919C8A9120DD86EB006EE57D /* DataProviders.swift in Sources */,
				919C8A8F20DD86EB006EE57D /* Example.swift in Sources */,
				919C8A9020DD86EB006EE57D /* Builders.swift in Sources */,
			);
			runOnlyForDeploymentPostprocessing = 0;
		};
		919C8A9E20DD878D006EE57D /* Sources */ = {
			isa = PBXSourcesBuildPhase;
			buildActionMask = 2147483647;
			files = (
				919C8AAA20DD879C006EE57D /* Example.swift in Sources */,
			);
			runOnlyForDeploymentPostprocessing = 0;
		};
/* End PBXSourcesBuildPhase section */

/* Begin XCBuildConfiguration section */
		9139FA932088D85F00229150 /* Debug */ = {
			isa = XCBuildConfiguration;
			buildSettings = {
				ALWAYS_SEARCH_USER_PATHS = NO;
				CLANG_ANALYZER_NONNULL = YES;
				CLANG_ANALYZER_NUMBER_OBJECT_CONVERSION = YES_AGGRESSIVE;
				CLANG_CXX_LANGUAGE_STANDARD = "gnu++14";
				CLANG_CXX_LIBRARY = "libc++";
				CLANG_ENABLE_MODULES = YES;
				CLANG_ENABLE_OBJC_ARC = YES;
				CLANG_ENABLE_OBJC_WEAK = YES;
				CLANG_WARN_BLOCK_CAPTURE_AUTORELEASING = YES;
				CLANG_WARN_BOOL_CONVERSION = YES;
				CLANG_WARN_COMMA = YES;
				CLANG_WARN_CONSTANT_CONVERSION = YES;
				CLANG_WARN_DEPRECATED_OBJC_IMPLEMENTATIONS = YES;
				CLANG_WARN_DIRECT_OBJC_ISA_USAGE = YES_ERROR;
				CLANG_WARN_DOCUMENTATION_COMMENTS = YES;
				CLANG_WARN_EMPTY_BODY = YES;
				CLANG_WARN_ENUM_CONVERSION = YES;
				CLANG_WARN_INFINITE_RECURSION = YES;
				CLANG_WARN_INT_CONVERSION = YES;
				CLANG_WARN_NON_LITERAL_NULL_CONVERSION = YES;
				CLANG_WARN_OBJC_IMPLICIT_RETAIN_SELF = YES;
				CLANG_WARN_OBJC_LITERAL_CONVERSION = YES;
				CLANG_WARN_OBJC_ROOT_CLASS = YES_ERROR;
				CLANG_WARN_RANGE_LOOP_ANALYSIS = YES;
				CLANG_WARN_STRICT_PROTOTYPES = YES;
				CLANG_WARN_SUSPICIOUS_MOVE = YES;
				CLANG_WARN_UNGUARDED_AVAILABILITY = YES_AGGRESSIVE;
				CLANG_WARN_UNREACHABLE_CODE = YES;
				CLANG_WARN__DUPLICATE_METHOD_MATCH = YES;
				CODE_SIGN_IDENTITY = "iPhone Developer";
				COPY_PHASE_STRIP = NO;
				DEBUG_INFORMATION_FORMAT = dwarf;
				ENABLE_STRICT_OBJC_MSGSEND = YES;
				ENABLE_TESTABILITY = YES;
				GCC_C_LANGUAGE_STANDARD = gnu11;
				GCC_DYNAMIC_NO_PIC = NO;
				GCC_NO_COMMON_BLOCKS = YES;
				GCC_OPTIMIZATION_LEVEL = 0;
				GCC_PREPROCESSOR_DEFINITIONS = (
					"DEBUG=1",
					"$(inherited)",
				);
				GCC_WARN_64_TO_32_BIT_CONVERSION = YES;
				GCC_WARN_ABOUT_RETURN_TYPE = YES_ERROR;
				GCC_WARN_UNDECLARED_SELECTOR = YES;
				GCC_WARN_UNINITIALIZED_AUTOS = YES_AGGRESSIVE;
				GCC_WARN_UNUSED_FUNCTION = YES;
				GCC_WARN_UNUSED_VARIABLE = YES;
				IPHONEOS_DEPLOYMENT_TARGET = 11.3;
				MTL_ENABLE_DEBUG_INFO = YES;
				ONLY_ACTIVE_ARCH = YES;
				SDKROOT = iphoneos;
				SWIFT_ACTIVE_COMPILATION_CONDITIONS = DEBUG;
				SWIFT_OPTIMIZATION_LEVEL = "-Onone";
			};
			name = Debug;
		};
		9139FA942088D85F00229150 /* Release */ = {
			isa = XCBuildConfiguration;
			buildSettings = {
				ALWAYS_SEARCH_USER_PATHS = NO;
				CLANG_ANALYZER_NONNULL = YES;
				CLANG_ANALYZER_NUMBER_OBJECT_CONVERSION = YES_AGGRESSIVE;
				CLANG_CXX_LANGUAGE_STANDARD = "gnu++14";
				CLANG_CXX_LIBRARY = "libc++";
				CLANG_ENABLE_MODULES = YES;
				CLANG_ENABLE_OBJC_ARC = YES;
				CLANG_ENABLE_OBJC_WEAK = YES;
				CLANG_WARN_BLOCK_CAPTURE_AUTORELEASING = YES;
				CLANG_WARN_BOOL_CONVERSION = YES;
				CLANG_WARN_COMMA = YES;
				CLANG_WARN_CONSTANT_CONVERSION = YES;
				CLANG_WARN_DEPRECATED_OBJC_IMPLEMENTATIONS = YES;
				CLANG_WARN_DIRECT_OBJC_ISA_USAGE = YES_ERROR;
				CLANG_WARN_DOCUMENTATION_COMMENTS = YES;
				CLANG_WARN_EMPTY_BODY = YES;
				CLANG_WARN_ENUM_CONVERSION = YES;
				CLANG_WARN_INFINITE_RECURSION = YES;
				CLANG_WARN_INT_CONVERSION = YES;
				CLANG_WARN_NON_LITERAL_NULL_CONVERSION = YES;
				CLANG_WARN_OBJC_IMPLICIT_RETAIN_SELF = YES;
				CLANG_WARN_OBJC_LITERAL_CONVERSION = YES;
				CLANG_WARN_OBJC_ROOT_CLASS = YES_ERROR;
				CLANG_WARN_RANGE_LOOP_ANALYSIS = YES;
				CLANG_WARN_STRICT_PROTOTYPES = YES;
				CLANG_WARN_SUSPICIOUS_MOVE = YES;
				CLANG_WARN_UNGUARDED_AVAILABILITY = YES_AGGRESSIVE;
				CLANG_WARN_UNREACHABLE_CODE = YES;
				CLANG_WARN__DUPLICATE_METHOD_MATCH = YES;
				CODE_SIGN_IDENTITY = "iPhone Developer";
				COPY_PHASE_STRIP = NO;
				DEBUG_INFORMATION_FORMAT = "dwarf-with-dsym";
				ENABLE_NS_ASSERTIONS = NO;
				ENABLE_STRICT_OBJC_MSGSEND = YES;
				GCC_C_LANGUAGE_STANDARD = gnu11;
				GCC_NO_COMMON_BLOCKS = YES;
				GCC_WARN_64_TO_32_BIT_CONVERSION = YES;
				GCC_WARN_ABOUT_RETURN_TYPE = YES_ERROR;
				GCC_WARN_UNDECLARED_SELECTOR = YES;
				GCC_WARN_UNINITIALIZED_AUTOS = YES_AGGRESSIVE;
				GCC_WARN_UNUSED_FUNCTION = YES;
				GCC_WARN_UNUSED_VARIABLE = YES;
				IPHONEOS_DEPLOYMENT_TARGET = 11.3;
				MTL_ENABLE_DEBUG_INFO = NO;
				SDKROOT = iphoneos;
				SWIFT_OPTIMIZATION_LEVEL = "-Owholemodule";
				VALIDATE_PRODUCT = YES;
			};
			name = Release;
		};
		9139FA992088D85F00229150 /* Debug */ = {
			isa = XCBuildConfiguration;
			buildSettings = {
				ALWAYS_EMBED_SWIFT_STANDARD_LIBRARIES = YES;
				BUNDLE_LOADER = "$(TEST_HOST)";
				CODE_SIGN_STYLE = Automatic;
				INFOPLIST_FILE = ProjectBundle/Info.plist;
				IPHONEOS_DEPLOYMENT_TARGET = 11.0;
				LD_RUNPATH_SEARCH_PATHS = "$(inherited) @executable_path/Frameworks @loader_path/Frameworks";
				OTHER_LDFLAGS = "";
				PRODUCT_BUNDLE_IDENTIFIER = com.maxim.eremenko.PatternsTests;
				PRODUCT_NAME = "$(TARGET_NAME)";
				SWIFT_VERSION = 4.0;
				TARGETED_DEVICE_FAMILY = "1,2";
				TEST_HOST = "";
			};
			name = Debug;
		};
		9139FA9A2088D85F00229150 /* Release */ = {
			isa = XCBuildConfiguration;
			buildSettings = {
				ALWAYS_EMBED_SWIFT_STANDARD_LIBRARIES = YES;
				BUNDLE_LOADER = "$(TEST_HOST)";
				CODE_SIGN_STYLE = Automatic;
				INFOPLIST_FILE = ProjectBundle/Info.plist;
				IPHONEOS_DEPLOYMENT_TARGET = 11.0;
				LD_RUNPATH_SEARCH_PATHS = "$(inherited) @executable_path/Frameworks @loader_path/Frameworks";
				OTHER_LDFLAGS = "";
				PRODUCT_BUNDLE_IDENTIFIER = com.maxim.eremenko.PatternsTests;
				PRODUCT_NAME = "$(TARGET_NAME)";
				SWIFT_VERSION = 4.0;
				TARGETED_DEVICE_FAMILY = "1,2";
				TEST_HOST = "";
			};
			name = Release;
		};
		919C89F620DD7EE4006EE57D /* Debug */ = {
			isa = XCBuildConfiguration;
			buildSettings = {
				CODE_SIGN_STYLE = Automatic;
				INFOPLIST_FILE = Sources/AbstractFactory/Real/Info.plist;
				LD_RUNPATH_SEARCH_PATHS = "$(inherited) @executable_path/Frameworks @loader_path/Frameworks";
				PRODUCT_BUNDLE_IDENTIFIER = com.maxim.eremenko.AbstractFactoryReal;
				PRODUCT_NAME = "$(TARGET_NAME)";
				SWIFT_VERSION = 4.0;
				TARGETED_DEVICE_FAMILY = "1,2";
			};
			name = Debug;
		};
		919C89F720DD7EE4006EE57D /* Release */ = {
			isa = XCBuildConfiguration;
			buildSettings = {
				CODE_SIGN_STYLE = Automatic;
				INFOPLIST_FILE = Sources/AbstractFactory/Real/Info.plist;
				LD_RUNPATH_SEARCH_PATHS = "$(inherited) @executable_path/Frameworks @loader_path/Frameworks";
				PRODUCT_BUNDLE_IDENTIFIER = com.maxim.eremenko.AbstractFactoryReal;
				PRODUCT_NAME = "$(TARGET_NAME)";
				SWIFT_VERSION = 4.0;
				TARGETED_DEVICE_FAMILY = "1,2";
			};
			name = Release;
		};
		919C8A0B20DD7F3C006EE57D /* Debug */ = {
			isa = XCBuildConfiguration;
			buildSettings = {
				CODE_SIGN_STYLE = Automatic;
				INFOPLIST_FILE = Sources/AbstractFactory/Structure/Info.plist;
				LD_RUNPATH_SEARCH_PATHS = "$(inherited) @executable_path/Frameworks @loader_path/Frameworks";
				PRODUCT_BUNDLE_IDENTIFIER = com.maxim.eremenko.AbstractFactoryStructure;
				PRODUCT_NAME = "$(TARGET_NAME)";
				SWIFT_VERSION = 4.0;
				TARGETED_DEVICE_FAMILY = "1,2";
			};
			name = Debug;
		};
		919C8A0C20DD7F3C006EE57D /* Release */ = {
			isa = XCBuildConfiguration;
			buildSettings = {
				CODE_SIGN_STYLE = Automatic;
				INFOPLIST_FILE = Sources/AbstractFactory/Structure/Info.plist;
				LD_RUNPATH_SEARCH_PATHS = "$(inherited) @executable_path/Frameworks @loader_path/Frameworks";
				PRODUCT_BUNDLE_IDENTIFIER = com.maxim.eremenko.AbstractFactoryStructure;
				PRODUCT_NAME = "$(TARGET_NAME)";
				SWIFT_VERSION = 4.0;
				TARGETED_DEVICE_FAMILY = "1,2";
			};
			name = Release;
		};
		919C8A1920DD81D0006EE57D /* Debug */ = {
			isa = XCBuildConfiguration;
			buildSettings = {
				CODE_SIGN_STYLE = Automatic;
				INFOPLIST_FILE = Sources/Facade/Structure/Info.plist;
				LD_RUNPATH_SEARCH_PATHS = "$(inherited) @executable_path/Frameworks @loader_path/Frameworks";
				PRODUCT_BUNDLE_IDENTIFIER = com.maxim.eremenko.FacadeStructure;
				PRODUCT_NAME = "$(TARGET_NAME)";
				SWIFT_VERSION = 4.0;
				TARGETED_DEVICE_FAMILY = "1,2";
			};
			name = Debug;
		};
		919C8A1A20DD81D0006EE57D /* Release */ = {
			isa = XCBuildConfiguration;
			buildSettings = {
				CODE_SIGN_STYLE = Automatic;
				INFOPLIST_FILE = Sources/Facade/Structure/Info.plist;
				LD_RUNPATH_SEARCH_PATHS = "$(inherited) @executable_path/Frameworks @loader_path/Frameworks";
				PRODUCT_BUNDLE_IDENTIFIER = com.maxim.eremenko.FacadeStructure;
				PRODUCT_NAME = "$(TARGET_NAME)";
				SWIFT_VERSION = 4.0;
				TARGETED_DEVICE_FAMILY = "1,2";
			};
			name = Release;
		};
		919C8A2620DD8261006EE57D /* Debug */ = {
			isa = XCBuildConfiguration;
			buildSettings = {
				CODE_SIGN_STYLE = Automatic;
				INFOPLIST_FILE = Sources/Facade/Real/Info.plist;
				LD_RUNPATH_SEARCH_PATHS = "$(inherited) @executable_path/Frameworks @loader_path/Frameworks";
				PRODUCT_BUNDLE_IDENTIFIER = com.maxim.eremenko.FacadeReal;
				PRODUCT_NAME = "$(TARGET_NAME)";
				SWIFT_VERSION = 4.0;
				TARGETED_DEVICE_FAMILY = "1,2";
			};
			name = Debug;
		};
		919C8A2720DD8261006EE57D /* Release */ = {
			isa = XCBuildConfiguration;
			buildSettings = {
				CODE_SIGN_STYLE = Automatic;
				INFOPLIST_FILE = Sources/Facade/Real/Info.plist;
				LD_RUNPATH_SEARCH_PATHS = "$(inherited) @executable_path/Frameworks @loader_path/Frameworks";
				PRODUCT_BUNDLE_IDENTIFIER = com.maxim.eremenko.FacadeReal;
				PRODUCT_NAME = "$(TARGET_NAME)";
				SWIFT_VERSION = 4.0;
				TARGETED_DEVICE_FAMILY = "1,2";
			};
			name = Release;
		};
		919C8A3F20DD82F0006EE57D /* Debug */ = {
			isa = XCBuildConfiguration;
			buildSettings = {
				CODE_SIGN_STYLE = Automatic;
				INFOPLIST_FILE = Sources/Bridge/Structure/Info.plist;
				LD_RUNPATH_SEARCH_PATHS = "$(inherited) @executable_path/Frameworks @loader_path/Frameworks";
				PRODUCT_BUNDLE_IDENTIFIER = com.maxim.eremenko.BridgeStructure;
				PRODUCT_NAME = "$(TARGET_NAME)";
				SWIFT_VERSION = 4.0;
				TARGETED_DEVICE_FAMILY = "1,2";
			};
			name = Debug;
		};
		919C8A4020DD82F0006EE57D /* Release */ = {
			isa = XCBuildConfiguration;
			buildSettings = {
				CODE_SIGN_STYLE = Automatic;
				INFOPLIST_FILE = Sources/Bridge/Structure/Info.plist;
				LD_RUNPATH_SEARCH_PATHS = "$(inherited) @executable_path/Frameworks @loader_path/Frameworks";
				PRODUCT_BUNDLE_IDENTIFIER = com.maxim.eremenko.BridgeStructure;
				PRODUCT_NAME = "$(TARGET_NAME)";
				SWIFT_VERSION = 4.0;
				TARGETED_DEVICE_FAMILY = "1,2";
			};
			name = Release;
		};
		919C8A4C20DD8393006EE57D /* Debug */ = {
			isa = XCBuildConfiguration;
			buildSettings = {
				CODE_SIGN_STYLE = Automatic;
				INFOPLIST_FILE = Sources/Bridge/Real/Info.plist;
				LD_RUNPATH_SEARCH_PATHS = "$(inherited) @executable_path/Frameworks @loader_path/Frameworks";
				PRODUCT_BUNDLE_IDENTIFIER = com.maxim.eremenko.BridgeReal;
				PRODUCT_NAME = "$(TARGET_NAME)";
				SWIFT_VERSION = 4.0;
				TARGETED_DEVICE_FAMILY = "1,2";
			};
			name = Debug;
		};
		919C8A4D20DD8393006EE57D /* Release */ = {
			isa = XCBuildConfiguration;
			buildSettings = {
				CODE_SIGN_STYLE = Automatic;
				INFOPLIST_FILE = Sources/Bridge/Real/Info.plist;
				LD_RUNPATH_SEARCH_PATHS = "$(inherited) @executable_path/Frameworks @loader_path/Frameworks";
				PRODUCT_BUNDLE_IDENTIFIER = com.maxim.eremenko.BridgeReal;
				PRODUCT_NAME = "$(TARGET_NAME)";
				SWIFT_VERSION = 4.0;
				TARGETED_DEVICE_FAMILY = "1,2";
			};
			name = Release;
		};
		919C8A6520DD849B006EE57D /* Debug */ = {
			isa = XCBuildConfiguration;
			buildSettings = {
				CODE_SIGN_STYLE = Automatic;
				INFOPLIST_FILE = Sources/Adapter/Structure/Info.plist;
				LD_RUNPATH_SEARCH_PATHS = "$(inherited) @executable_path/Frameworks @loader_path/Frameworks";
				PRODUCT_BUNDLE_IDENTIFIER = com.maxim.eremenko.AdapterStructure;
				PRODUCT_NAME = "$(TARGET_NAME)";
				SWIFT_VERSION = 4.0;
				TARGETED_DEVICE_FAMILY = "1,2";
			};
			name = Debug;
		};
		919C8A6620DD849B006EE57D /* Release */ = {
			isa = XCBuildConfiguration;
			buildSettings = {
				CODE_SIGN_STYLE = Automatic;
				INFOPLIST_FILE = Sources/Adapter/Structure/Info.plist;
				LD_RUNPATH_SEARCH_PATHS = "$(inherited) @executable_path/Frameworks @loader_path/Frameworks";
				PRODUCT_BUNDLE_IDENTIFIER = com.maxim.eremenko.AdapterStructure;
				PRODUCT_NAME = "$(TARGET_NAME)";
				SWIFT_VERSION = 4.0;
				TARGETED_DEVICE_FAMILY = "1,2";
			};
			name = Release;
		};
		919C8A7220DD858C006EE57D /* Debug */ = {
			isa = XCBuildConfiguration;
			buildSettings = {
				CODE_SIGN_STYLE = Automatic;
				INFOPLIST_FILE = Sources/Adapter/Real/Info.plist;
				LD_RUNPATH_SEARCH_PATHS = "$(inherited) @executable_path/Frameworks @loader_path/Frameworks";
				PRODUCT_BUNDLE_IDENTIFIER = com.maxim.eremenko.AdapterReal;
				PRODUCT_NAME = "$(TARGET_NAME)";
				SWIFT_VERSION = 4.0;
				TARGETED_DEVICE_FAMILY = "1,2";
			};
			name = Debug;
		};
		919C8A7320DD858C006EE57D /* Release */ = {
			isa = XCBuildConfiguration;
			buildSettings = {
				CODE_SIGN_STYLE = Automatic;
				INFOPLIST_FILE = Sources/Adapter/Real/Info.plist;
				LD_RUNPATH_SEARCH_PATHS = "$(inherited) @executable_path/Frameworks @loader_path/Frameworks";
				PRODUCT_BUNDLE_IDENTIFIER = com.maxim.eremenko.AdapterReal;
				PRODUCT_NAME = "$(TARGET_NAME)";
				SWIFT_VERSION = 4.0;
				TARGETED_DEVICE_FAMILY = "1,2";
			};
			name = Release;
		};
		919C8A8020DD8688006EE57D /* Debug */ = {
			isa = XCBuildConfiguration;
			buildSettings = {
				CODE_SIGN_STYLE = Automatic;
				INFOPLIST_FILE = Sources/Builder/Structure/Info.plist;
				LD_RUNPATH_SEARCH_PATHS = "$(inherited) @executable_path/Frameworks @loader_path/Frameworks";
				PRODUCT_BUNDLE_IDENTIFIER = com.maxim.eremenko.BuilderStructure;
				PRODUCT_NAME = "$(TARGET_NAME)";
				SWIFT_VERSION = 4.0;
				TARGETED_DEVICE_FAMILY = "1,2";
			};
			name = Debug;
		};
		919C8A8120DD8688006EE57D /* Release */ = {
			isa = XCBuildConfiguration;
			buildSettings = {
				CODE_SIGN_STYLE = Automatic;
				INFOPLIST_FILE = Sources/Builder/Structure/Info.plist;
				LD_RUNPATH_SEARCH_PATHS = "$(inherited) @executable_path/Frameworks @loader_path/Frameworks";
				PRODUCT_BUNDLE_IDENTIFIER = com.maxim.eremenko.BuilderStructure;
				PRODUCT_NAME = "$(TARGET_NAME)";
				SWIFT_VERSION = 4.0;
				TARGETED_DEVICE_FAMILY = "1,2";
			};
			name = Release;
		};
		919C8A8D20DD86DC006EE57D /* Debug */ = {
			isa = XCBuildConfiguration;
			buildSettings = {
				CODE_SIGN_STYLE = Automatic;
				INFOPLIST_FILE = Sources/Builder/Real/Info.plist;
				LD_RUNPATH_SEARCH_PATHS = "$(inherited) @executable_path/Frameworks @loader_path/Frameworks";
				PRODUCT_BUNDLE_IDENTIFIER = com.maxim.eremenko.BuilderReal;
				PRODUCT_NAME = "$(TARGET_NAME)";
				SWIFT_VERSION = 4.0;
				TARGETED_DEVICE_FAMILY = "1,2";
			};
			name = Debug;
		};
		919C8A8E20DD86DC006EE57D /* Release */ = {
			isa = XCBuildConfiguration;
			buildSettings = {
				CODE_SIGN_STYLE = Automatic;
				INFOPLIST_FILE = Sources/Builder/Real/Info.plist;
				LD_RUNPATH_SEARCH_PATHS = "$(inherited) @executable_path/Frameworks @loader_path/Frameworks";
				PRODUCT_BUNDLE_IDENTIFIER = com.maxim.eremenko.BuilderReal;
				PRODUCT_NAME = "$(TARGET_NAME)";
				SWIFT_VERSION = 4.0;
				TARGETED_DEVICE_FAMILY = "1,2";
			};
			name = Release;
		};
		919C8AA820DD878E006EE57D /* Debug */ = {
			isa = XCBuildConfiguration;
			buildSettings = {
				CODE_SIGN_STYLE = Automatic;
				INFOPLIST_FILE = Sources/Composite/Structure/Info.plist;
				LD_RUNPATH_SEARCH_PATHS = "$(inherited) @executable_path/Frameworks @loader_path/Frameworks";
				PRODUCT_BUNDLE_IDENTIFIER = com.maxim.eremenko.CompositeStructure;
				PRODUCT_NAME = "$(TARGET_NAME)";
				SWIFT_VERSION = 4.0;
				TARGETED_DEVICE_FAMILY = "1,2";
			};
			name = Debug;
		};
		919C8AA920DD878E006EE57D /* Release */ = {
			isa = XCBuildConfiguration;
			buildSettings = {
				CODE_SIGN_STYLE = Automatic;
				INFOPLIST_FILE = Sources/Composite/Structure/Info.plist;
				LD_RUNPATH_SEARCH_PATHS = "$(inherited) @executable_path/Frameworks @loader_path/Frameworks";
				PRODUCT_BUNDLE_IDENTIFIER = com.maxim.eremenko.CompositeStructure;
				PRODUCT_NAME = "$(TARGET_NAME)";
				SWIFT_VERSION = 4.0;
				TARGETED_DEVICE_FAMILY = "1,2";
			};
			name = Release;
		};
/* End XCBuildConfiguration section */

/* Begin XCConfigurationList section */
		9139FA732088D85C00229150 /* Build configuration list for PBXProject "RefactoringGuru.Patterns" */ = {
			isa = XCConfigurationList;
			buildConfigurations = (
				9139FA932088D85F00229150 /* Debug */,
				9139FA942088D85F00229150 /* Release */,
			);
			defaultConfigurationIsVisible = 0;
			defaultConfigurationName = Release;
		};
		9139FA982088D85F00229150 /* Build configuration list for PBXNativeTarget "RefactoringGuru.Patterns" */ = {
			isa = XCConfigurationList;
			buildConfigurations = (
				9139FA992088D85F00229150 /* Debug */,
				9139FA9A2088D85F00229150 /* Release */,
			);
			defaultConfigurationIsVisible = 0;
			defaultConfigurationName = Release;
		};
		919C89F820DD7EE4006EE57D /* Build configuration list for PBXNativeTarget "AbstractFactoryReal" */ = {
			isa = XCConfigurationList;
			buildConfigurations = (
				919C89F620DD7EE4006EE57D /* Debug */,
				919C89F720DD7EE4006EE57D /* Release */,
			);
			defaultConfigurationIsVisible = 0;
			defaultConfigurationName = Release;
		};
		919C8A0A20DD7F3C006EE57D /* Build configuration list for PBXNativeTarget "AbstractFactoryStructure" */ = {
			isa = XCConfigurationList;
			buildConfigurations = (
				919C8A0B20DD7F3C006EE57D /* Debug */,
				919C8A0C20DD7F3C006EE57D /* Release */,
			);
			defaultConfigurationIsVisible = 0;
			defaultConfigurationName = Release;
		};
		919C8A1820DD81D0006EE57D /* Build configuration list for PBXNativeTarget "FacadeStructure" */ = {
			isa = XCConfigurationList;
			buildConfigurations = (
				919C8A1920DD81D0006EE57D /* Debug */,
				919C8A1A20DD81D0006EE57D /* Release */,
			);
			defaultConfigurationIsVisible = 0;
			defaultConfigurationName = Release;
		};
		919C8A2520DD8261006EE57D /* Build configuration list for PBXNativeTarget "FacadeReal" */ = {
			isa = XCConfigurationList;
			buildConfigurations = (
				919C8A2620DD8261006EE57D /* Debug */,
				919C8A2720DD8261006EE57D /* Release */,
			);
			defaultConfigurationIsVisible = 0;
			defaultConfigurationName = Release;
		};
		919C8A3E20DD82F0006EE57D /* Build configuration list for PBXNativeTarget "BridgeStructure" */ = {
			isa = XCConfigurationList;
			buildConfigurations = (
				919C8A3F20DD82F0006EE57D /* Debug */,
				919C8A4020DD82F0006EE57D /* Release */,
			);
			defaultConfigurationIsVisible = 0;
			defaultConfigurationName = Release;
		};
		919C8A4B20DD8393006EE57D /* Build configuration list for PBXNativeTarget "BridgeReal" */ = {
			isa = XCConfigurationList;
			buildConfigurations = (
				919C8A4C20DD8393006EE57D /* Debug */,
				919C8A4D20DD8393006EE57D /* Release */,
			);
			defaultConfigurationIsVisible = 0;
			defaultConfigurationName = Release;
		};
		919C8A6420DD849B006EE57D /* Build configuration list for PBXNativeTarget "AdapterStructure" */ = {
			isa = XCConfigurationList;
			buildConfigurations = (
				919C8A6520DD849B006EE57D /* Debug */,
				919C8A6620DD849B006EE57D /* Release */,
			);
			defaultConfigurationIsVisible = 0;
			defaultConfigurationName = Release;
		};
		919C8A7120DD858C006EE57D /* Build configuration list for PBXNativeTarget "AdapterReal" */ = {
			isa = XCConfigurationList;
			buildConfigurations = (
				919C8A7220DD858C006EE57D /* Debug */,
				919C8A7320DD858C006EE57D /* Release */,
			);
			defaultConfigurationIsVisible = 0;
			defaultConfigurationName = Release;
		};
		919C8A7F20DD8688006EE57D /* Build configuration list for PBXNativeTarget "BuilderStructure" */ = {
			isa = XCConfigurationList;
			buildConfigurations = (
				919C8A8020DD8688006EE57D /* Debug */,
				919C8A8120DD8688006EE57D /* Release */,
			);
			defaultConfigurationIsVisible = 0;
			defaultConfigurationName = Release;
		};
		919C8A8C20DD86DC006EE57D /* Build configuration list for PBXNativeTarget "BuilderReal" */ = {
			isa = XCConfigurationList;
			buildConfigurations = (
				919C8A8D20DD86DC006EE57D /* Debug */,
				919C8A8E20DD86DC006EE57D /* Release */,
			);
			defaultConfigurationIsVisible = 0;
			defaultConfigurationName = Release;
		};
		919C8AA720DD878E006EE57D /* Build configuration list for PBXNativeTarget "CompositeStructure" */ = {
			isa = XCConfigurationList;
			buildConfigurations = (
				919C8AA820DD878E006EE57D /* Debug */,
				919C8AA920DD878E006EE57D /* Release */,
			);
			defaultConfigurationIsVisible = 0;
			defaultConfigurationName = Release;
		};
/* End XCConfigurationList section */
	};
	rootObject = 9139FA702088D85C00229150 /* Project object */;
}
